// !$*UTF8*$!
{
	archiveVersion = 1;
	classes = {
	};
	objectVersion = 55;
	objects = {

/* Begin PBXBuildFile section */
		04284B082BF4890B0078B939 /* SettingViewController.swift in Sources */ = {isa = PBXBuildFile; fileRef = 04284B072BF4890B0078B939 /* SettingViewController.swift */; };
		07350E832BF4A8A6005DD945 /* SettingTableViewCell.swift in Sources */ = {isa = PBXBuildFile; fileRef = 07350E812BF4A8A6005DD945 /* SettingTableViewCell.swift */; };
		07350E842BF4A8A6005DD945 /* SettingTableViewCell.xib in Resources */ = {isa = PBXBuildFile; fileRef = 07350E822BF4A8A6005DD945 /* SettingTableViewCell.xib */; };
		079F29CD2BF4BA61006EE9A1 /* PrivacyPolicyViewController.swift in Sources */ = {isa = PBXBuildFile; fileRef = 079F29CC2BF4BA61006EE9A1 /* PrivacyPolicyViewController.swift */; };
		3201A2692B38A605003DB928 /* CalendarViewController.swift in Sources */ = {isa = PBXBuildFile; fileRef = 3201A2682B38A605003DB928 /* CalendarViewController.swift */; };
		3201A26E2B38A78F003DB928 /* CalendarTableViewCell.swift in Sources */ = {isa = PBXBuildFile; fileRef = 3201A26D2B38A78F003DB928 /* CalendarTableViewCell.swift */; };
		3201A2702B38B023003DB928 /* CalendarViewModel.swift in Sources */ = {isa = PBXBuildFile; fileRef = 3201A26F2B38B023003DB928 /* CalendarViewModel.swift */; };
		3201A2722B38BAE1003DB928 /* CalendarTableViewCell.xib in Resources */ = {isa = PBXBuildFile; fileRef = 3201A2712B38BAE1003DB928 /* CalendarTableViewCell.xib */; };
		3201A2782B394D1D003DB928 /* CustomEKEvent.swift in Sources */ = {isa = PBXBuildFile; fileRef = 3201A2772B394D1D003DB928 /* CustomEKEvent.swift */; };
		321B0ABA2B00BD7100E4300D /* VideoCompressor.swift in Sources */ = {isa = PBXBuildFile; fileRef = 321B0AB92B00BD7100E4300D /* VideoCompressor.swift */; };
		321B0ABC2B00C1E500E4300D /* CompressQualitySelectionViewController.swift in Sources */ = {isa = PBXBuildFile; fileRef = 321B0ABB2B00C1E500E4300D /* CompressQualitySelectionViewController.swift */; };
		32231B5F2B04B65A009AE1E0 /* SecretSpaceViewController.swift in Sources */ = {isa = PBXBuildFile; fileRef = 32231B5E2B04B65A009AE1E0 /* SecretSpaceViewController.swift */; };
		32231B612B04B946009AE1E0 /* SecretSpaceModel.swift in Sources */ = {isa = PBXBuildFile; fileRef = 32231B602B04B946009AE1E0 /* SecretSpaceModel.swift */; };
		32231B632B04C5C9009AE1E0 /* SecretAlbumViewController.swift in Sources */ = {isa = PBXBuildFile; fileRef = 32231B622B04C5C9009AE1E0 /* SecretAlbumViewController.swift */; };
		323A25E22B84A62E006AD2FB /* OrganizeContactViewModel.swift in Sources */ = {isa = PBXBuildFile; fileRef = 323A25E12B84A62E006AD2FB /* OrganizeContactViewModel.swift */; };
		323A25E52B84E69E006AD2FB /* ContactView.xib in Resources */ = {isa = PBXBuildFile; fileRef = 323A25E42B84E69E006AD2FB /* ContactView.xib */; };
		323A25E72B84E8E4006AD2FB /* ContactView.swift in Sources */ = {isa = PBXBuildFile; fileRef = 323A25E62B84E8E4006AD2FB /* ContactView.swift */; };
		323A25E92B84E94E006AD2FB /* DuplicateContactsViewController.swift in Sources */ = {isa = PBXBuildFile; fileRef = 323A25E82B84E94E006AD2FB /* DuplicateContactsViewController.swift */; };
		323A25EC2B84E9E5006AD2FB /* DuplicateContactTableViewCell.swift in Sources */ = {isa = PBXBuildFile; fileRef = 323A25EA2B84E9E5006AD2FB /* DuplicateContactTableViewCell.swift */; };
		323A25ED2B84E9E5006AD2FB /* DuplicateContactTableViewCell.xib in Resources */ = {isa = PBXBuildFile; fileRef = 323A25EB2B84E9E5006AD2FB /* DuplicateContactTableViewCell.xib */; };
		323A25EF2B850174006AD2FB /* DuplicateContactsViewModel.swift in Sources */ = {isa = PBXBuildFile; fileRef = 323A25EE2B850173006AD2FB /* DuplicateContactsViewModel.swift */; };
		324943452B680C700035FE64 /* CircularProgressView.swift in Sources */ = {isa = PBXBuildFile; fileRef = 324943442B680C700035FE64 /* CircularProgressView.swift */; };
		324A76B72AFB20F000EE5AD5 /* VideoCompressorViewController.swift in Sources */ = {isa = PBXBuildFile; fileRef = 324A76B62AFB20F000EE5AD5 /* VideoCompressorViewController.swift */; };
		324A76BA2AFB229A00EE5AD5 /* VideoCompressViewModel.swift in Sources */ = {isa = PBXBuildFile; fileRef = 324A76B92AFB229900EE5AD5 /* VideoCompressViewModel.swift */; };
		324A76BC2AFB243F00EE5AD5 /* Extension.swift in Sources */ = {isa = PBXBuildFile; fileRef = 324A76BB2AFB243F00EE5AD5 /* Extension.swift */; };
		324A76BE2AFB28E500EE5AD5 /* CompressVideoModel.swift in Sources */ = {isa = PBXBuildFile; fileRef = 324A76BD2AFB28E500EE5AD5 /* CompressVideoModel.swift */; };
		324AA8F72B34069D001DAF2E /* CoreDataManager.swift in Sources */ = {isa = PBXBuildFile; fileRef = 324AA8F62B34069D001DAF2E /* CoreDataManager.swift */; };
		32603A972B3A962100154775 /* ReminderTableViewCell.swift in Sources */ = {isa = PBXBuildFile; fileRef = 32603A952B3A962100154775 /* ReminderTableViewCell.swift */; };
		32603A982B3A962100154775 /* ReminderTableViewCell.xib in Resources */ = {isa = PBXBuildFile; fileRef = 32603A962B3A962100154775 /* ReminderTableViewCell.xib */; };
		326709522B374ECC003515D4 /* HomeViewModel.swift in Sources */ = {isa = PBXBuildFile; fileRef = 326709512B374ECC003515D4 /* HomeViewModel.swift */; };
		326709542B375D11003515D4 /* DeviceInfoManager.swift in Sources */ = {isa = PBXBuildFile; fileRef = 326709532B375D11003515D4 /* DeviceInfoManager.swift */; };
		32682CAE2B36D12C00B9B7BD /* IconView.xib in Resources */ = {isa = PBXBuildFile; fileRef = 32682CAD2B36D12C00B9B7BD /* IconView.xib */; };
		32682CB02B36D17800B9B7BD /* IconView.swift in Sources */ = {isa = PBXBuildFile; fileRef = 32682CAF2B36D17800B9B7BD /* IconView.swift */; };
		32682CB22B36D7CA00B9B7BD /* HomeViewController.swift in Sources */ = {isa = PBXBuildFile; fileRef = 32682CB12B36D7CA00B9B7BD /* HomeViewController.swift */; };
		326BF4BA2B9833A9003D8427 /* IncompleteContactViewController.swift in Sources */ = {isa = PBXBuildFile; fileRef = 326BF4B92B9833A9003D8427 /* IncompleteContactViewController.swift */; };
		326BF4BC2B9835B0003D8427 /* IncompleteContactViewModel.swift in Sources */ = {isa = PBXBuildFile; fileRef = 326BF4BB2B9835B0003D8427 /* IncompleteContactViewModel.swift */; };
		326BF4BE2B9B14F6003D8427 /* ImagePreviewViewController.swift in Sources */ = {isa = PBXBuildFile; fileRef = 326BF4BD2B9B14F6003D8427 /* ImagePreviewViewController.swift */; };
		327474C32B7AB8420034A587 /* EventsHandler.swift in Sources */ = {isa = PBXBuildFile; fileRef = 327474C22B7AB8420034A587 /* EventsHandler.swift */; };
		327C25BE2B794F8C00EA0E36 /* GoogleService-Info.plist in Resources */ = {isa = PBXBuildFile; fileRef = 327C25BD2B794F8C00EA0E36 /* GoogleService-Info.plist */; };
		327C25C12B79509100EA0E36 /* FirebaseAnalytics in Frameworks */ = {isa = PBXBuildFile; productRef = 327C25C02B79509100EA0E36 /* FirebaseAnalytics */; };
		327C25C32B79509100EA0E36 /* FirebaseAnalyticsOnDeviceConversion in Frameworks */ = {isa = PBXBuildFile; productRef = 327C25C22B79509100EA0E36 /* FirebaseAnalyticsOnDeviceConversion */; };
		327C25C52B79509100EA0E36 /* FirebaseAnalyticsSwift in Frameworks */ = {isa = PBXBuildFile; productRef = 327C25C42B79509100EA0E36 /* FirebaseAnalyticsSwift */; };
		327C25C72B79509100EA0E36 /* FirebaseAnalyticsWithoutAdIdSupport in Frameworks */ = {isa = PBXBuildFile; productRef = 327C25C62B79509100EA0E36 /* FirebaseAnalyticsWithoutAdIdSupport */; };
		327C25C92B79509100EA0E36 /* FirebaseAppCheck in Frameworks */ = {isa = PBXBuildFile; productRef = 327C25C82B79509100EA0E36 /* FirebaseAppCheck */; };
		327C25CB2B79509100EA0E36 /* FirebaseAppDistribution-Beta in Frameworks */ = {isa = PBXBuildFile; productRef = 327C25CA2B79509100EA0E36 /* FirebaseAppDistribution-Beta */; };
		327C25CD2B79509100EA0E36 /* FirebaseAuth in Frameworks */ = {isa = PBXBuildFile; productRef = 327C25CC2B79509100EA0E36 /* FirebaseAuth */; };
		327C25CF2B79509100EA0E36 /* FirebaseAuthCombine-Community in Frameworks */ = {isa = PBXBuildFile; productRef = 327C25CE2B79509100EA0E36 /* FirebaseAuthCombine-Community */; };
		327C25D12B79509100EA0E36 /* FirebaseCrashlytics in Frameworks */ = {isa = PBXBuildFile; productRef = 327C25D02B79509100EA0E36 /* FirebaseCrashlytics */; };
		327C25D32B79509100EA0E36 /* FirebaseDatabase in Frameworks */ = {isa = PBXBuildFile; productRef = 327C25D22B79509100EA0E36 /* FirebaseDatabase */; };
		327C25D52B79509100EA0E36 /* FirebaseDatabaseSwift in Frameworks */ = {isa = PBXBuildFile; productRef = 327C25D42B79509100EA0E36 /* FirebaseDatabaseSwift */; };
		327C25D72B79509100EA0E36 /* FirebaseDynamicLinks in Frameworks */ = {isa = PBXBuildFile; productRef = 327C25D62B79509100EA0E36 /* FirebaseDynamicLinks */; };
		327C25D92B79509100EA0E36 /* FirebaseFirestore in Frameworks */ = {isa = PBXBuildFile; productRef = 327C25D82B79509100EA0E36 /* FirebaseFirestore */; };
		327C25DB2B79509100EA0E36 /* FirebaseFirestoreCombine-Community in Frameworks */ = {isa = PBXBuildFile; productRef = 327C25DA2B79509100EA0E36 /* FirebaseFirestoreCombine-Community */; };
		327C25DD2B79509100EA0E36 /* FirebaseFirestoreSwift in Frameworks */ = {isa = PBXBuildFile; productRef = 327C25DC2B79509100EA0E36 /* FirebaseFirestoreSwift */; };
		327C25DF2B79509100EA0E36 /* FirebaseFunctions in Frameworks */ = {isa = PBXBuildFile; productRef = 327C25DE2B79509100EA0E36 /* FirebaseFunctions */; };
		327C25E12B79509100EA0E36 /* FirebaseFunctionsCombine-Community in Frameworks */ = {isa = PBXBuildFile; productRef = 327C25E02B79509100EA0E36 /* FirebaseFunctionsCombine-Community */; };
		327C25E32B79509100EA0E36 /* FirebaseInAppMessaging-Beta in Frameworks */ = {isa = PBXBuildFile; productRef = 327C25E22B79509100EA0E36 /* FirebaseInAppMessaging-Beta */; };
		327C25E52B79509100EA0E36 /* FirebaseInAppMessagingSwift-Beta in Frameworks */ = {isa = PBXBuildFile; productRef = 327C25E42B79509100EA0E36 /* FirebaseInAppMessagingSwift-Beta */; };
		327C25E72B79509100EA0E36 /* FirebaseInstallations in Frameworks */ = {isa = PBXBuildFile; productRef = 327C25E62B79509100EA0E36 /* FirebaseInstallations */; };
		327C25E92B79509100EA0E36 /* FirebaseMLModelDownloader in Frameworks */ = {isa = PBXBuildFile; productRef = 327C25E82B79509100EA0E36 /* FirebaseMLModelDownloader */; };
		327C25EB2B79509100EA0E36 /* FirebaseMessaging in Frameworks */ = {isa = PBXBuildFile; productRef = 327C25EA2B79509100EA0E36 /* FirebaseMessaging */; };
		327C25ED2B79509100EA0E36 /* FirebasePerformance in Frameworks */ = {isa = PBXBuildFile; productRef = 327C25EC2B79509100EA0E36 /* FirebasePerformance */; };
		327C25EF2B79509100EA0E36 /* FirebaseRemoteConfig in Frameworks */ = {isa = PBXBuildFile; productRef = 327C25EE2B79509100EA0E36 /* FirebaseRemoteConfig */; };
		327C25F12B79509100EA0E36 /* FirebaseRemoteConfigSwift in Frameworks */ = {isa = PBXBuildFile; productRef = 327C25F02B79509100EA0E36 /* FirebaseRemoteConfigSwift */; };
		327C25F32B79509100EA0E36 /* FirebaseStorage in Frameworks */ = {isa = PBXBuildFile; productRef = 327C25F22B79509100EA0E36 /* FirebaseStorage */; };
		327C25F52B79509100EA0E36 /* FirebaseStorageCombine-Community in Frameworks */ = {isa = PBXBuildFile; productRef = 327C25F42B79509100EA0E36 /* FirebaseStorageCombine-Community */; };
		328A5D562B841A2C005B041A /* OrganizeContactsViewController.swift in Sources */ = {isa = PBXBuildFile; fileRef = 328A5D552B841A2C005B041A /* OrganizeContactsViewController.swift */; };
		328BFECB2B823F100007C1AE /* LaunchViewController.swift in Sources */ = {isa = PBXBuildFile; fileRef = 328BFECA2B823F100007C1AE /* LaunchViewController.swift */; };
		328BFECD2B83324C0007C1AE /* LoaderViewController.swift in Sources */ = {isa = PBXBuildFile; fileRef = 328BFECC2B83324C0007C1AE /* LoaderViewController.swift */; };
		328D897A2B6B8708005E95A3 /* ComingSoonViewController.swift in Sources */ = {isa = PBXBuildFile; fileRef = 328D89792B6B8708005E95A3 /* ComingSoonViewController.swift */; };
		32A2D08B2B3C0FD700C27BA0 /* GalleryManager.swift in Sources */ = {isa = PBXBuildFile; fileRef = 32A2D08A2B3C0FD700C27BA0 /* GalleryManager.swift */; };
		32A2D08F2B3D33EC00C27BA0 /* DBAsset+CoreDataClass.swift in Sources */ = {isa = PBXBuildFile; fileRef = 32A2D08D2B3D33EC00C27BA0 /* DBAsset+CoreDataClass.swift */; };
		32A2D0902B3D33EC00C27BA0 /* DBAsset+CoreDataProperties.swift in Sources */ = {isa = PBXBuildFile; fileRef = 32A2D08E2B3D33EC00C27BA0 /* DBAsset+CoreDataProperties.swift */; };
		32B3C1F72B497355000B0727 /* MediaModel.swift in Sources */ = {isa = PBXBuildFile; fileRef = 32B3C1F62B497355000B0727 /* MediaModel.swift */; };
		32B3C1F92B4974F4000B0727 /* MediaViewModel.swift in Sources */ = {isa = PBXBuildFile; fileRef = 32B3C1F82B4974F4000B0727 /* MediaViewModel.swift */; };
		32B6C5AE2B01357600A691AE /* CompressQualitySelectionViewModel.swift in Sources */ = {isa = PBXBuildFile; fileRef = 32B6C5AD2B01357600A691AE /* CompressQualitySelectionViewModel.swift */; };
		32BD2A762B483A270039E85E /* PhotoCollectionViewCell.swift in Sources */ = {isa = PBXBuildFile; fileRef = 32BD2A742B483A270039E85E /* PhotoCollectionViewCell.swift */; };
		32BD2A772B483A270039E85E /* PhotoCollectionViewCell.xib in Resources */ = {isa = PBXBuildFile; fileRef = 32BD2A752B483A270039E85E /* PhotoCollectionViewCell.xib */; };
		32BD2A7B2B483C770039E85E /* BaseViewController.swift in Sources */ = {isa = PBXBuildFile; fileRef = 32BD2A7A2B483C770039E85E /* BaseViewController.swift */; };
		32BD2A7D2B483D010039E85E /* BaseViewModel.swift in Sources */ = {isa = PBXBuildFile; fileRef = 32BD2A7C2B483D010039E85E /* BaseViewModel.swift */; };
		32BD2A822B493E1A0039E85E /* MediaViewController.swift in Sources */ = {isa = PBXBuildFile; fileRef = 32BD2A812B493E1A0039E85E /* MediaViewController.swift */; };
		32BD2A852B493E2F0039E85E /* MediaCollectionViewCell.swift in Sources */ = {isa = PBXBuildFile; fileRef = 32BD2A832B493E2F0039E85E /* MediaCollectionViewCell.swift */; };
		32BD2A862B493E2F0039E85E /* MediaCollectionViewCell.xib in Resources */ = {isa = PBXBuildFile; fileRef = 32BD2A842B493E2F0039E85E /* MediaCollectionViewCell.xib */; };
		32BF2C8F2AF9468900045343 /* FutureHomeViewController.swift in Sources */ = {isa = PBXBuildFile; fileRef = 32BF2C8E2AF9468900045343 /* FutureHomeViewController.swift */; };
		32BF2C922AF947DA00045343 /* FutureHomeTableViewCell.swift in Sources */ = {isa = PBXBuildFile; fileRef = 32BF2C902AF947DA00045343 /* FutureHomeTableViewCell.swift */; };
		32BF2C932AF947DA00045343 /* FutureHomeTableViewCell.xib in Resources */ = {isa = PBXBuildFile; fileRef = 32BF2C912AF947DA00045343 /* FutureHomeTableViewCell.xib */; };
		32BF2C962AF94E3700045343 /* FutureHomeModel.swift in Sources */ = {isa = PBXBuildFile; fileRef = 32BF2C952AF94E3700045343 /* FutureHomeModel.swift */; };
		32BF2C982AF94E4F00045343 /* FutureHomeViewModel.swift in Sources */ = {isa = PBXBuildFile; fileRef = 32BF2C972AF94E4F00045343 /* FutureHomeViewModel.swift */; };
		32D336CA2AFCBFCA006C504E /* CompressCollectionViewCell.swift in Sources */ = {isa = PBXBuildFile; fileRef = 32D336C82AFCBFCA006C504E /* CompressCollectionViewCell.swift */; };
		32D336CB2AFCBFCA006C504E /* CompressCollectionViewCell.xib in Resources */ = {isa = PBXBuildFile; fileRef = 32D336C92AFCBFCA006C504E /* CompressCollectionViewCell.xib */; };
		32D336CD2AFE0494006C504E /* CompressVideosHeaderView.swift in Sources */ = {isa = PBXBuildFile; fileRef = 32D336CC2AFE0494006C504E /* CompressVideosHeaderView.swift */; };
		32D336CF2AFE152B006C504E /* GridCollectionViewFlowLayout.swift in Sources */ = {isa = PBXBuildFile; fileRef = 32D336CE2AFE152B006C504E /* GridCollectionViewFlowLayout.swift */; };
		32D3FC152B57A60E0000A082 /* BaseHeaderCollectionReusableView.swift in Sources */ = {isa = PBXBuildFile; fileRef = 32D3FC132B57A60E0000A082 /* BaseHeaderCollectionReusableView.swift */; };
		32D3FC162B57A60E0000A082 /* BaseHeaderCollectionReusableView.xib in Resources */ = {isa = PBXBuildFile; fileRef = 32D3FC142B57A60E0000A082 /* BaseHeaderCollectionReusableView.xib */; };
		32E2E0D72AF80039009CA92E /* AppDelegate.swift in Sources */ = {isa = PBXBuildFile; fileRef = 32E2E0D62AF80039009CA92E /* AppDelegate.swift */; };
		32E2E0D92AF80039009CA92E /* SceneDelegate.swift in Sources */ = {isa = PBXBuildFile; fileRef = 32E2E0D82AF80039009CA92E /* SceneDelegate.swift */; };
		32E2E0DE2AF80039009CA92E /* Main.storyboard in Resources */ = {isa = PBXBuildFile; fileRef = 32E2E0DC2AF80039009CA92E /* Main.storyboard */; };
		32E2E0E12AF80039009CA92E /* CleanerApp.xcdatamodeld in Sources */ = {isa = PBXBuildFile; fileRef = 32E2E0DF2AF80039009CA92E /* CleanerApp.xcdatamodeld */; };
		32E2E0E32AF8003A009CA92E /* Assets.xcassets in Resources */ = {isa = PBXBuildFile; fileRef = 32E2E0E22AF8003A009CA92E /* Assets.xcassets */; };
		32E2E0E62AF8003A009CA92E /* LaunchScreen.storyboard in Resources */ = {isa = PBXBuildFile; fileRef = 32E2E0E42AF8003A009CA92E /* LaunchScreen.storyboard */; };
		32ED57AF2B661D6900AED057 /* VerticalMediaCollectionViewCell.swift in Sources */ = {isa = PBXBuildFile; fileRef = 32ED57AD2B661D6900AED057 /* VerticalMediaCollectionViewCell.swift */; };
		32ED57B02B661D6900AED057 /* VerticalMediaCollectionViewCell.xib in Resources */ = {isa = PBXBuildFile; fileRef = 32ED57AE2B661D6900AED057 /* VerticalMediaCollectionViewCell.xib */; };
		32ED57D52B66835100AED057 /* MediaHeaderView.swift in Sources */ = {isa = PBXBuildFile; fileRef = 32ED57D32B66835100AED057 /* MediaHeaderView.swift */; };
		32ED57D62B66835100AED057 /* MediaHeaderView.xib in Resources */ = {isa = PBXBuildFile; fileRef = 32ED57D42B66835100AED057 /* MediaHeaderView.xib */; };
/* End PBXBuildFile section */

/* Begin PBXFileReference section */
		04284B072BF4890B0078B939 /* SettingViewController.swift */ = {isa = PBXFileReference; lastKnownFileType = sourcecode.swift; path = SettingViewController.swift; sourceTree = "<group>"; };
		07350E812BF4A8A6005DD945 /* SettingTableViewCell.swift */ = {isa = PBXFileReference; lastKnownFileType = sourcecode.swift; path = SettingTableViewCell.swift; sourceTree = "<group>"; };
		07350E822BF4A8A6005DD945 /* SettingTableViewCell.xib */ = {isa = PBXFileReference; lastKnownFileType = file.xib; path = SettingTableViewCell.xib; sourceTree = "<group>"; };
		079F29CC2BF4BA61006EE9A1 /* PrivacyPolicyViewController.swift */ = {isa = PBXFileReference; lastKnownFileType = sourcecode.swift; path = PrivacyPolicyViewController.swift; sourceTree = "<group>"; };
		3201A2682B38A605003DB928 /* CalendarViewController.swift */ = {isa = PBXFileReference; lastKnownFileType = sourcecode.swift; path = CalendarViewController.swift; sourceTree = "<group>"; };
		3201A26D2B38A78F003DB928 /* CalendarTableViewCell.swift */ = {isa = PBXFileReference; lastKnownFileType = sourcecode.swift; path = CalendarTableViewCell.swift; sourceTree = "<group>"; };
		3201A26F2B38B023003DB928 /* CalendarViewModel.swift */ = {isa = PBXFileReference; lastKnownFileType = sourcecode.swift; path = CalendarViewModel.swift; sourceTree = "<group>"; };
		3201A2712B38BAE1003DB928 /* CalendarTableViewCell.xib */ = {isa = PBXFileReference; lastKnownFileType = file.xib; path = CalendarTableViewCell.xib; sourceTree = "<group>"; };
		3201A2772B394D1D003DB928 /* CustomEKEvent.swift */ = {isa = PBXFileReference; lastKnownFileType = sourcecode.swift; path = CustomEKEvent.swift; sourceTree = "<group>"; };
		321B0AB92B00BD7100E4300D /* VideoCompressor.swift */ = {isa = PBXFileReference; lastKnownFileType = sourcecode.swift; path = VideoCompressor.swift; sourceTree = "<group>"; };
		321B0ABB2B00C1E500E4300D /* CompressQualitySelectionViewController.swift */ = {isa = PBXFileReference; lastKnownFileType = sourcecode.swift; path = CompressQualitySelectionViewController.swift; sourceTree = "<group>"; };
		32231B5E2B04B65A009AE1E0 /* SecretSpaceViewController.swift */ = {isa = PBXFileReference; lastKnownFileType = sourcecode.swift; path = SecretSpaceViewController.swift; sourceTree = "<group>"; };
		32231B602B04B946009AE1E0 /* SecretSpaceModel.swift */ = {isa = PBXFileReference; lastKnownFileType = sourcecode.swift; path = SecretSpaceModel.swift; sourceTree = "<group>"; };
		32231B622B04C5C9009AE1E0 /* SecretAlbumViewController.swift */ = {isa = PBXFileReference; lastKnownFileType = sourcecode.swift; path = SecretAlbumViewController.swift; sourceTree = "<group>"; };
		323A25E12B84A62E006AD2FB /* OrganizeContactViewModel.swift */ = {isa = PBXFileReference; lastKnownFileType = sourcecode.swift; path = OrganizeContactViewModel.swift; sourceTree = "<group>"; };
		323A25E42B84E69E006AD2FB /* ContactView.xib */ = {isa = PBXFileReference; lastKnownFileType = file.xib; path = ContactView.xib; sourceTree = "<group>"; };
		323A25E62B84E8E4006AD2FB /* ContactView.swift */ = {isa = PBXFileReference; lastKnownFileType = sourcecode.swift; path = ContactView.swift; sourceTree = "<group>"; };
		323A25E82B84E94E006AD2FB /* DuplicateContactsViewController.swift */ = {isa = PBXFileReference; lastKnownFileType = sourcecode.swift; path = DuplicateContactsViewController.swift; sourceTree = "<group>"; };
		323A25EA2B84E9E5006AD2FB /* DuplicateContactTableViewCell.swift */ = {isa = PBXFileReference; lastKnownFileType = sourcecode.swift; path = DuplicateContactTableViewCell.swift; sourceTree = "<group>"; };
		323A25EB2B84E9E5006AD2FB /* DuplicateContactTableViewCell.xib */ = {isa = PBXFileReference; lastKnownFileType = file.xib; path = DuplicateContactTableViewCell.xib; sourceTree = "<group>"; };
		323A25EE2B850173006AD2FB /* DuplicateContactsViewModel.swift */ = {isa = PBXFileReference; lastKnownFileType = sourcecode.swift; path = DuplicateContactsViewModel.swift; sourceTree = "<group>"; };
		324943442B680C700035FE64 /* CircularProgressView.swift */ = {isa = PBXFileReference; lastKnownFileType = sourcecode.swift; path = CircularProgressView.swift; sourceTree = "<group>"; };
		324A76B62AFB20F000EE5AD5 /* VideoCompressorViewController.swift */ = {isa = PBXFileReference; lastKnownFileType = sourcecode.swift; path = VideoCompressorViewController.swift; sourceTree = "<group>"; };
		324A76B92AFB229900EE5AD5 /* VideoCompressViewModel.swift */ = {isa = PBXFileReference; lastKnownFileType = sourcecode.swift; path = VideoCompressViewModel.swift; sourceTree = "<group>"; };
		324A76BB2AFB243F00EE5AD5 /* Extension.swift */ = {isa = PBXFileReference; lastKnownFileType = sourcecode.swift; path = Extension.swift; sourceTree = "<group>"; };
		324A76BD2AFB28E500EE5AD5 /* CompressVideoModel.swift */ = {isa = PBXFileReference; lastKnownFileType = sourcecode.swift; path = CompressVideoModel.swift; sourceTree = "<group>"; };
		324AA8F62B34069D001DAF2E /* CoreDataManager.swift */ = {isa = PBXFileReference; lastKnownFileType = sourcecode.swift; path = CoreDataManager.swift; sourceTree = "<group>"; };
		32603A952B3A962100154775 /* ReminderTableViewCell.swift */ = {isa = PBXFileReference; lastKnownFileType = sourcecode.swift; path = ReminderTableViewCell.swift; sourceTree = "<group>"; };
		32603A962B3A962100154775 /* ReminderTableViewCell.xib */ = {isa = PBXFileReference; lastKnownFileType = file.xib; path = ReminderTableViewCell.xib; sourceTree = "<group>"; };
		326709512B374ECC003515D4 /* HomeViewModel.swift */ = {isa = PBXFileReference; lastKnownFileType = sourcecode.swift; path = HomeViewModel.swift; sourceTree = "<group>"; };
		326709532B375D11003515D4 /* DeviceInfoManager.swift */ = {isa = PBXFileReference; lastKnownFileType = sourcecode.swift; path = DeviceInfoManager.swift; sourceTree = "<group>"; };
		32682CAD2B36D12C00B9B7BD /* IconView.xib */ = {isa = PBXFileReference; lastKnownFileType = file.xib; path = IconView.xib; sourceTree = "<group>"; };
		32682CAF2B36D17800B9B7BD /* IconView.swift */ = {isa = PBXFileReference; lastKnownFileType = sourcecode.swift; path = IconView.swift; sourceTree = "<group>"; };
		32682CB12B36D7CA00B9B7BD /* HomeViewController.swift */ = {isa = PBXFileReference; lastKnownFileType = sourcecode.swift; path = HomeViewController.swift; sourceTree = "<group>"; };
		326BF4B92B9833A9003D8427 /* IncompleteContactViewController.swift */ = {isa = PBXFileReference; lastKnownFileType = sourcecode.swift; path = IncompleteContactViewController.swift; sourceTree = "<group>"; };
		326BF4BB2B9835B0003D8427 /* IncompleteContactViewModel.swift */ = {isa = PBXFileReference; lastKnownFileType = sourcecode.swift; path = IncompleteContactViewModel.swift; sourceTree = "<group>"; };
		326BF4BD2B9B14F6003D8427 /* ImagePreviewViewController.swift */ = {isa = PBXFileReference; lastKnownFileType = sourcecode.swift; path = ImagePreviewViewController.swift; sourceTree = "<group>"; };
		327474C22B7AB8420034A587 /* EventsHandler.swift */ = {isa = PBXFileReference; lastKnownFileType = sourcecode.swift; path = EventsHandler.swift; sourceTree = "<group>"; };
		327C25BD2B794F8C00EA0E36 /* GoogleService-Info.plist */ = {isa = PBXFileReference; fileEncoding = 4; lastKnownFileType = text.plist.xml; path = "GoogleService-Info.plist"; sourceTree = "<group>"; };
		328A5D552B841A2C005B041A /* OrganizeContactsViewController.swift */ = {isa = PBXFileReference; lastKnownFileType = sourcecode.swift; path = OrganizeContactsViewController.swift; sourceTree = "<group>"; };
		328BFECA2B823F100007C1AE /* LaunchViewController.swift */ = {isa = PBXFileReference; lastKnownFileType = sourcecode.swift; path = LaunchViewController.swift; sourceTree = "<group>"; };
		328BFECC2B83324C0007C1AE /* LoaderViewController.swift */ = {isa = PBXFileReference; lastKnownFileType = sourcecode.swift; path = LoaderViewController.swift; sourceTree = "<group>"; };
		328D89792B6B8708005E95A3 /* ComingSoonViewController.swift */ = {isa = PBXFileReference; lastKnownFileType = sourcecode.swift; path = ComingSoonViewController.swift; sourceTree = "<group>"; };
		32A2D08A2B3C0FD700C27BA0 /* GalleryManager.swift */ = {isa = PBXFileReference; lastKnownFileType = sourcecode.swift; path = GalleryManager.swift; sourceTree = "<group>"; };
		32A2D08D2B3D33EC00C27BA0 /* DBAsset+CoreDataClass.swift */ = {isa = PBXFileReference; lastKnownFileType = sourcecode.swift; path = "DBAsset+CoreDataClass.swift"; sourceTree = SOURCE_ROOT; };
		32A2D08E2B3D33EC00C27BA0 /* DBAsset+CoreDataProperties.swift */ = {isa = PBXFileReference; lastKnownFileType = sourcecode.swift; path = "DBAsset+CoreDataProperties.swift"; sourceTree = SOURCE_ROOT; };
		32B3C1F62B497355000B0727 /* MediaModel.swift */ = {isa = PBXFileReference; lastKnownFileType = sourcecode.swift; path = MediaModel.swift; sourceTree = "<group>"; };
		32B3C1F82B4974F4000B0727 /* MediaViewModel.swift */ = {isa = PBXFileReference; lastKnownFileType = sourcecode.swift; path = MediaViewModel.swift; sourceTree = "<group>"; };
		32B6C5AD2B01357600A691AE /* CompressQualitySelectionViewModel.swift */ = {isa = PBXFileReference; lastKnownFileType = sourcecode.swift; path = CompressQualitySelectionViewModel.swift; sourceTree = "<group>"; };
		32BD2A742B483A270039E85E /* PhotoCollectionViewCell.swift */ = {isa = PBXFileReference; lastKnownFileType = sourcecode.swift; path = PhotoCollectionViewCell.swift; sourceTree = "<group>"; };
		32BD2A752B483A270039E85E /* PhotoCollectionViewCell.xib */ = {isa = PBXFileReference; lastKnownFileType = file.xib; path = PhotoCollectionViewCell.xib; sourceTree = "<group>"; };
		32BD2A7A2B483C770039E85E /* BaseViewController.swift */ = {isa = PBXFileReference; lastKnownFileType = sourcecode.swift; path = BaseViewController.swift; sourceTree = "<group>"; };
		32BD2A7C2B483D010039E85E /* BaseViewModel.swift */ = {isa = PBXFileReference; lastKnownFileType = sourcecode.swift; path = BaseViewModel.swift; sourceTree = "<group>"; };
		32BD2A812B493E1A0039E85E /* MediaViewController.swift */ = {isa = PBXFileReference; lastKnownFileType = sourcecode.swift; path = MediaViewController.swift; sourceTree = "<group>"; };
		32BD2A832B493E2F0039E85E /* MediaCollectionViewCell.swift */ = {isa = PBXFileReference; lastKnownFileType = sourcecode.swift; path = MediaCollectionViewCell.swift; sourceTree = "<group>"; };
		32BD2A842B493E2F0039E85E /* MediaCollectionViewCell.xib */ = {isa = PBXFileReference; lastKnownFileType = file.xib; path = MediaCollectionViewCell.xib; sourceTree = "<group>"; };
		32BF2C8E2AF9468900045343 /* FutureHomeViewController.swift */ = {isa = PBXFileReference; lastKnownFileType = sourcecode.swift; path = FutureHomeViewController.swift; sourceTree = "<group>"; };
		32BF2C902AF947DA00045343 /* FutureHomeTableViewCell.swift */ = {isa = PBXFileReference; lastKnownFileType = sourcecode.swift; path = FutureHomeTableViewCell.swift; sourceTree = "<group>"; };
		32BF2C912AF947DA00045343 /* FutureHomeTableViewCell.xib */ = {isa = PBXFileReference; lastKnownFileType = file.xib; path = FutureHomeTableViewCell.xib; sourceTree = "<group>"; };
		32BF2C952AF94E3700045343 /* FutureHomeModel.swift */ = {isa = PBXFileReference; lastKnownFileType = sourcecode.swift; path = FutureHomeModel.swift; sourceTree = "<group>"; };
		32BF2C972AF94E4F00045343 /* FutureHomeViewModel.swift */ = {isa = PBXFileReference; lastKnownFileType = sourcecode.swift; path = FutureHomeViewModel.swift; sourceTree = "<group>"; };
		32D336C82AFCBFCA006C504E /* CompressCollectionViewCell.swift */ = {isa = PBXFileReference; lastKnownFileType = sourcecode.swift; path = CompressCollectionViewCell.swift; sourceTree = "<group>"; };
		32D336C92AFCBFCA006C504E /* CompressCollectionViewCell.xib */ = {isa = PBXFileReference; lastKnownFileType = file.xib; path = CompressCollectionViewCell.xib; sourceTree = "<group>"; };
		32D336CC2AFE0494006C504E /* CompressVideosHeaderView.swift */ = {isa = PBXFileReference; lastKnownFileType = sourcecode.swift; path = CompressVideosHeaderView.swift; sourceTree = "<group>"; };
		32D336CE2AFE152B006C504E /* GridCollectionViewFlowLayout.swift */ = {isa = PBXFileReference; lastKnownFileType = sourcecode.swift; path = GridCollectionViewFlowLayout.swift; sourceTree = "<group>"; };
		32D3FC132B57A60E0000A082 /* BaseHeaderCollectionReusableView.swift */ = {isa = PBXFileReference; lastKnownFileType = sourcecode.swift; path = BaseHeaderCollectionReusableView.swift; sourceTree = "<group>"; };
		32D3FC142B57A60E0000A082 /* BaseHeaderCollectionReusableView.xib */ = {isa = PBXFileReference; lastKnownFileType = file.xib; path = BaseHeaderCollectionReusableView.xib; sourceTree = "<group>"; };
		32E2E0D32AF80039009CA92E /* CleanerApp.app */ = {isa = PBXFileReference; explicitFileType = wrapper.application; includeInIndex = 0; path = CleanerApp.app; sourceTree = BUILT_PRODUCTS_DIR; };
		32E2E0D62AF80039009CA92E /* AppDelegate.swift */ = {isa = PBXFileReference; lastKnownFileType = sourcecode.swift; path = AppDelegate.swift; sourceTree = "<group>"; };
		32E2E0D82AF80039009CA92E /* SceneDelegate.swift */ = {isa = PBXFileReference; lastKnownFileType = sourcecode.swift; path = SceneDelegate.swift; sourceTree = "<group>"; };
		32E2E0DD2AF80039009CA92E /* Base */ = {isa = PBXFileReference; lastKnownFileType = file.storyboard; name = Base; path = Base.lproj/Main.storyboard; sourceTree = "<group>"; };
		32E2E0E02AF80039009CA92E /* CleanerApp.xcdatamodel */ = {isa = PBXFileReference; lastKnownFileType = wrapper.xcdatamodel; path = CleanerApp.xcdatamodel; sourceTree = "<group>"; };
		32E2E0E22AF8003A009CA92E /* Assets.xcassets */ = {isa = PBXFileReference; lastKnownFileType = folder.assetcatalog; path = Assets.xcassets; sourceTree = "<group>"; };
		32E2E0E52AF8003A009CA92E /* Base */ = {isa = PBXFileReference; lastKnownFileType = file.storyboard; name = Base; path = Base.lproj/LaunchScreen.storyboard; sourceTree = "<group>"; };
		32E2E0E72AF8003A009CA92E /* Info.plist */ = {isa = PBXFileReference; lastKnownFileType = text.plist.xml; path = Info.plist; sourceTree = "<group>"; };
		32ED57AD2B661D6900AED057 /* VerticalMediaCollectionViewCell.swift */ = {isa = PBXFileReference; lastKnownFileType = sourcecode.swift; path = VerticalMediaCollectionViewCell.swift; sourceTree = "<group>"; };
		32ED57AE2B661D6900AED057 /* VerticalMediaCollectionViewCell.xib */ = {isa = PBXFileReference; lastKnownFileType = file.xib; path = VerticalMediaCollectionViewCell.xib; sourceTree = "<group>"; };
		32ED57D32B66835100AED057 /* MediaHeaderView.swift */ = {isa = PBXFileReference; lastKnownFileType = sourcecode.swift; path = MediaHeaderView.swift; sourceTree = "<group>"; };
		32ED57D42B66835100AED057 /* MediaHeaderView.xib */ = {isa = PBXFileReference; lastKnownFileType = file.xib; path = MediaHeaderView.xib; sourceTree = "<group>"; };
/* End PBXFileReference section */

/* Begin PBXFrameworksBuildPhase section */
		32E2E0D02AF80039009CA92E /* Frameworks */ = {
			isa = PBXFrameworksBuildPhase;
			buildActionMask = 2147483647;
			files = (
				327C25D32B79509100EA0E36 /* FirebaseDatabase in Frameworks */,
				327C25E12B79509100EA0E36 /* FirebaseFunctionsCombine-Community in Frameworks */,
				327C25D92B79509100EA0E36 /* FirebaseFirestore in Frameworks */,
				327C25C52B79509100EA0E36 /* FirebaseAnalyticsSwift in Frameworks */,
				327C25C12B79509100EA0E36 /* FirebaseAnalytics in Frameworks */,
				327C25C32B79509100EA0E36 /* FirebaseAnalyticsOnDeviceConversion in Frameworks */,
				327C25E92B79509100EA0E36 /* FirebaseMLModelDownloader in Frameworks */,
				327C25DD2B79509100EA0E36 /* FirebaseFirestoreSwift in Frameworks */,
				327C25C92B79509100EA0E36 /* FirebaseAppCheck in Frameworks */,
				327C25C72B79509100EA0E36 /* FirebaseAnalyticsWithoutAdIdSupport in Frameworks */,
				327C25CD2B79509100EA0E36 /* FirebaseAuth in Frameworks */,
				327C25D12B79509100EA0E36 /* FirebaseCrashlytics in Frameworks */,
				327C25F12B79509100EA0E36 /* FirebaseRemoteConfigSwift in Frameworks */,
				327C25E32B79509100EA0E36 /* FirebaseInAppMessaging-Beta in Frameworks */,
				327C25D52B79509100EA0E36 /* FirebaseDatabaseSwift in Frameworks */,
				327C25DF2B79509100EA0E36 /* FirebaseFunctions in Frameworks */,
				327C25F52B79509100EA0E36 /* FirebaseStorageCombine-Community in Frameworks */,
				327C25EF2B79509100EA0E36 /* FirebaseRemoteConfig in Frameworks */,
				327C25CB2B79509100EA0E36 /* FirebaseAppDistribution-Beta in Frameworks */,
				327C25CF2B79509100EA0E36 /* FirebaseAuthCombine-Community in Frameworks */,
				327C25ED2B79509100EA0E36 /* FirebasePerformance in Frameworks */,
				327C25E52B79509100EA0E36 /* FirebaseInAppMessagingSwift-Beta in Frameworks */,
				327C25F32B79509100EA0E36 /* FirebaseStorage in Frameworks */,
				327C25D72B79509100EA0E36 /* FirebaseDynamicLinks in Frameworks */,
				327C25DB2B79509100EA0E36 /* FirebaseFirestoreCombine-Community in Frameworks */,
				327C25EB2B79509100EA0E36 /* FirebaseMessaging in Frameworks */,
				327C25E72B79509100EA0E36 /* FirebaseInstallations in Frameworks */,
			);
			runOnlyForDeploymentPostprocessing = 0;
		};
/* End PBXFrameworksBuildPhase section */

/* Begin PBXGroup section */
		04284B092BF489190078B939 /* Setting Screen */ = {
			isa = PBXGroup;
			children = (
				04284B072BF4890B0078B939 /* SettingViewController.swift */,
				07350E812BF4A8A6005DD945 /* SettingTableViewCell.swift */,
				07350E822BF4A8A6005DD945 /* SettingTableViewCell.xib */,
				079F29CB2BF4B904006EE9A1 /* PrivacyPolicyViewController */,
			);
			path = "Setting Screen";
			sourceTree = "<group>";
		};
		079F29CB2BF4B904006EE9A1 /* PrivacyPolicyViewController */ = {
			isa = PBXGroup;
			children = (
				079F29CC2BF4BA61006EE9A1 /* PrivacyPolicyViewController.swift */,
			);
			path = PrivacyPolicyViewController;
			sourceTree = "<group>";
		};
		3201A26A2B38A739003DB928 /* Calender Screen */ = {
			isa = PBXGroup;
			children = (
				3201A2682B38A605003DB928 /* CalendarViewController.swift */,
				3201A2772B394D1D003DB928 /* CustomEKEvent.swift */,
				3201A26F2B38B023003DB928 /* CalendarViewModel.swift */,
				32603A952B3A962100154775 /* ReminderTableViewCell.swift */,
				32603A962B3A962100154775 /* ReminderTableViewCell.xib */,
				3201A26D2B38A78F003DB928 /* CalendarTableViewCell.swift */,
				3201A2712B38BAE1003DB928 /* CalendarTableViewCell.xib */,
			);
			path = "Calender Screen";
			sourceTree = "<group>";
		};
		32231B5B2B04B30A009AE1E0 /* Secret Space */ = {
			isa = PBXGroup;
			children = (
				32231B5E2B04B65A009AE1E0 /* SecretSpaceViewController.swift */,
				32231B622B04C5C9009AE1E0 /* SecretAlbumViewController.swift */,
				32231B602B04B946009AE1E0 /* SecretSpaceModel.swift */,
			);
			path = "Secret Space";
			sourceTree = "<group>";
		};
		323A25E32B84B725006AD2FB /* OrganizeContactScreen */ = {
			isa = PBXGroup;
			children = (
				323A25E12B84A62E006AD2FB /* OrganizeContactViewModel.swift */,
				328A5D552B841A2C005B041A /* OrganizeContactsViewController.swift */,
				326BF4B82B983363003D8427 /* Incomplete Contact Screen */,
				326BF4B72B983321003D8427 /* Duplicate Screen */,
				323A25E42B84E69E006AD2FB /* ContactView.xib */,
				323A25E62B84E8E4006AD2FB /* ContactView.swift */,
			);
			path = OrganizeContactScreen;
			sourceTree = "<group>";
		};
		324A76B82AFB225200EE5AD5 /* Video Compress Screen */ = {
			isa = PBXGroup;
			children = (
				32B6C5AA2B01351800A691AE /* Video Compress  */,
				32B6C5AC2B01355900A691AE /* Compress Quality Selection */,
				321B0AB92B00BD7100E4300D /* VideoCompressor.swift */,
				32B6C5AB2B01353C00A691AE /* Compress CollectionView Cell */,
				324A76BD2AFB28E500EE5AD5 /* CompressVideoModel.swift */,
			);
			path = "Video Compress Screen";
			sourceTree = "<group>";
		};
		32682CB32B36D7D300B9B7BD /* Home Cleaner Screen */ = {
			isa = PBXGroup;
			children = (
				326709532B375D11003515D4 /* DeviceInfoManager.swift */,
				32682CB12B36D7CA00B9B7BD /* HomeViewController.swift */,
				326709512B374ECC003515D4 /* HomeViewModel.swift */,
			);
			path = "Home Cleaner Screen";
			sourceTree = "<group>";
		};
		326BF4B72B983321003D8427 /* Duplicate Screen */ = {
			isa = PBXGroup;
			children = (
				323A25E82B84E94E006AD2FB /* DuplicateContactsViewController.swift */,
				323A25EE2B850173006AD2FB /* DuplicateContactsViewModel.swift */,
				323A25EA2B84E9E5006AD2FB /* DuplicateContactTableViewCell.swift */,
				323A25EB2B84E9E5006AD2FB /* DuplicateContactTableViewCell.xib */,
			);
			path = "Duplicate Screen";
			sourceTree = "<group>";
		};
		326BF4B82B983363003D8427 /* Incomplete Contact Screen */ = {
			isa = PBXGroup;
			children = (
				326BF4B92B9833A9003D8427 /* IncompleteContactViewController.swift */,
				326BF4BB2B9835B0003D8427 /* IncompleteContactViewModel.swift */,
			);
			path = "Incomplete Contact Screen";
			sourceTree = "<group>";
		};
		32A2D08C2B3D339600C27BA0 /* Storage */ = {
			isa = PBXGroup;
			children = (
				32A2D08D2B3D33EC00C27BA0 /* DBAsset+CoreDataClass.swift */,
				32A2D08E2B3D33EC00C27BA0 /* DBAsset+CoreDataProperties.swift */,
				324AA8F62B34069D001DAF2E /* CoreDataManager.swift */,
			);
			path = Storage;
			sourceTree = "<group>";
		};
		32B3C1F52B496DFE000B0727 /* Common Views */ = {
			isa = PBXGroup;
			children = (
				32682CAD2B36D12C00B9B7BD /* IconView.xib */,
				32682CAF2B36D17800B9B7BD /* IconView.swift */,
				324943442B680C700035FE64 /* CircularProgressView.swift */,
			);
			path = "Common Views";
			sourceTree = "<group>";
		};
		32B6C5AA2B01351800A691AE /* Video Compress  */ = {
			isa = PBXGroup;
			children = (
				324A76B62AFB20F000EE5AD5 /* VideoCompressorViewController.swift */,
				324A76B92AFB229900EE5AD5 /* VideoCompressViewModel.swift */,
			);
			path = "Video Compress ";
			sourceTree = "<group>";
		};
		32B6C5AB2B01353C00A691AE /* Compress CollectionView Cell */ = {
			isa = PBXGroup;
			children = (
				32D336C82AFCBFCA006C504E /* CompressCollectionViewCell.swift */,
				32D336C92AFCBFCA006C504E /* CompressCollectionViewCell.xib */,
				32D336CC2AFE0494006C504E /* CompressVideosHeaderView.swift */,
			);
			path = "Compress CollectionView Cell";
			sourceTree = "<group>";
		};
		32B6C5AC2B01355900A691AE /* Compress Quality Selection */ = {
			isa = PBXGroup;
			children = (
				321B0ABB2B00C1E500E4300D /* CompressQualitySelectionViewController.swift */,
				32B6C5AD2B01357600A691AE /* CompressQualitySelectionViewModel.swift */,
			);
			path = "Compress Quality Selection";
			sourceTree = "<group>";
		};
		32BD2A732B483A040039E85E /* CommonCells */ = {
			isa = PBXGroup;
			children = (
				32BD2A742B483A270039E85E /* PhotoCollectionViewCell.swift */,
				32D3FC132B57A60E0000A082 /* BaseHeaderCollectionReusableView.swift */,
				32D3FC142B57A60E0000A082 /* BaseHeaderCollectionReusableView.xib */,
				32BD2A752B483A270039E85E /* PhotoCollectionViewCell.xib */,
			);
			path = CommonCells;
			sourceTree = "<group>";
		};
		32BD2A792B483B6E0039E85E /* BaseScreen */ = {
			isa = PBXGroup;
			children = (
				32BD2A7A2B483C770039E85E /* BaseViewController.swift */,
				326BF4BD2B9B14F6003D8427 /* ImagePreviewViewController.swift */,
				32BD2A7C2B483D010039E85E /* BaseViewModel.swift */,
			);
			path = BaseScreen;
			sourceTree = "<group>";
		};
		32BD2A802B493E020039E85E /* Media Screen */ = {
			isa = PBXGroup;
			children = (
				32BD2A812B493E1A0039E85E /* MediaViewController.swift */,
				32B3C1F62B497355000B0727 /* MediaModel.swift */,
				32B3C1F82B4974F4000B0727 /* MediaViewModel.swift */,
				32ED57D32B66835100AED057 /* MediaHeaderView.swift */,
				32ED57D42B66835100AED057 /* MediaHeaderView.xib */,
				32ED57AD2B661D6900AED057 /* VerticalMediaCollectionViewCell.swift */,
				32ED57AE2B661D6900AED057 /* VerticalMediaCollectionViewCell.xib */,
				32BD2A832B493E2F0039E85E /* MediaCollectionViewCell.swift */,
				32BD2A842B493E2F0039E85E /* MediaCollectionViewCell.xib */,
			);
			path = "Media Screen";
			sourceTree = "<group>";
		};
		32BF2C942AF94E1A00045343 /* Future Home Screen */ = {
			isa = PBXGroup;
			children = (
				32BF2C8E2AF9468900045343 /* FutureHomeViewController.swift */,
				32BF2C902AF947DA00045343 /* FutureHomeTableViewCell.swift */,
				32BF2C952AF94E3700045343 /* FutureHomeModel.swift */,
				32BF2C912AF947DA00045343 /* FutureHomeTableViewCell.xib */,
				32BF2C972AF94E4F00045343 /* FutureHomeViewModel.swift */,
				328BFECC2B83324C0007C1AE /* LoaderViewController.swift */,
			);
			path = "Future Home Screen";
			sourceTree = "<group>";
		};
		32E2E0CA2AF80039009CA92E = {
			isa = PBXGroup;
			children = (
				32E2E0D52AF80039009CA92E /* CleanerApp */,
				32E2E0D42AF80039009CA92E /* Products */,
			);
			sourceTree = "<group>";
		};
		32E2E0D42AF80039009CA92E /* Products */ = {
			isa = PBXGroup;
			children = (
				32E2E0D32AF80039009CA92E /* CleanerApp.app */,
			);
			name = Products;
			sourceTree = "<group>";
		};
		32E2E0D52AF80039009CA92E /* CleanerApp */ = {
			isa = PBXGroup;
			children = (
				32E2E0D62AF80039009CA92E /* AppDelegate.swift */,
				32E2E0D82AF80039009CA92E /* SceneDelegate.swift */,
				324A76BB2AFB243F00EE5AD5 /* Extension.swift */,
				327474C22B7AB8420034A587 /* EventsHandler.swift */,
				32A2D08A2B3C0FD700C27BA0 /* GalleryManager.swift */,
				32D336CE2AFE152B006C504E /* GridCollectionViewFlowLayout.swift */,
				328D89792B6B8708005E95A3 /* ComingSoonViewController.swift */,
				323A25E32B84B725006AD2FB /* OrganizeContactScreen */,
				32A2D08C2B3D339600C27BA0 /* Storage */,
				32BD2A792B483B6E0039E85E /* BaseScreen */,
				32BD2A732B483A040039E85E /* CommonCells */,
				32BD2A802B493E020039E85E /* Media Screen */,
				32682CB32B36D7D300B9B7BD /* Home Cleaner Screen */,
				324A76B82AFB225200EE5AD5 /* Video Compress Screen */,
				32231B5B2B04B30A009AE1E0 /* Secret Space */,
				3201A26A2B38A739003DB928 /* Calender Screen */,
				32B3C1F52B496DFE000B0727 /* Common Views */,
				32BF2C942AF94E1A00045343 /* Future Home Screen */,
				04284B092BF489190078B939 /* Setting Screen */,
				32E2E0DC2AF80039009CA92E /* Main.storyboard */,
				32E2E0E22AF8003A009CA92E /* Assets.xcassets */,
				32E2E0E42AF8003A009CA92E /* LaunchScreen.storyboard */,
				328BFECA2B823F100007C1AE /* LaunchViewController.swift */,
				32E2E0E72AF8003A009CA92E /* Info.plist */,
				327C25BD2B794F8C00EA0E36 /* GoogleService-Info.plist */,
				32E2E0DF2AF80039009CA92E /* CleanerApp.xcdatamodeld */,
			);
			path = CleanerApp;
			sourceTree = "<group>";
		};
/* End PBXGroup section */

/* Begin PBXNativeTarget section */
		32E2E0D22AF80039009CA92E /* CleanerApp */ = {
			isa = PBXNativeTarget;
			buildConfigurationList = 32E2E0EA2AF8003A009CA92E /* Build configuration list for PBXNativeTarget "CleanerApp" */;
			buildPhases = (
				32E2E0CF2AF80039009CA92E /* Sources */,
				32E2E0D02AF80039009CA92E /* Frameworks */,
				32E2E0D12AF80039009CA92E /* Resources */,
				327C25F62B79532400EA0E36 /* ShellScript */,
			);
			buildRules = (
			);
			dependencies = (
			);
			name = CleanerApp;
			packageProductDependencies = (
				327C25C02B79509100EA0E36 /* FirebaseAnalytics */,
				327C25C22B79509100EA0E36 /* FirebaseAnalyticsOnDeviceConversion */,
				327C25C42B79509100EA0E36 /* FirebaseAnalyticsSwift */,
				327C25C62B79509100EA0E36 /* FirebaseAnalyticsWithoutAdIdSupport */,
				327C25C82B79509100EA0E36 /* FirebaseAppCheck */,
				327C25CA2B79509100EA0E36 /* FirebaseAppDistribution-Beta */,
				327C25CC2B79509100EA0E36 /* FirebaseAuth */,
				327C25CE2B79509100EA0E36 /* FirebaseAuthCombine-Community */,
				327C25D02B79509100EA0E36 /* FirebaseCrashlytics */,
				327C25D22B79509100EA0E36 /* FirebaseDatabase */,
				327C25D42B79509100EA0E36 /* FirebaseDatabaseSwift */,
				327C25D62B79509100EA0E36 /* FirebaseDynamicLinks */,
				327C25D82B79509100EA0E36 /* FirebaseFirestore */,
				327C25DA2B79509100EA0E36 /* FirebaseFirestoreCombine-Community */,
				327C25DC2B79509100EA0E36 /* FirebaseFirestoreSwift */,
				327C25DE2B79509100EA0E36 /* FirebaseFunctions */,
				327C25E02B79509100EA0E36 /* FirebaseFunctionsCombine-Community */,
				327C25E22B79509100EA0E36 /* FirebaseInAppMessaging-Beta */,
				327C25E42B79509100EA0E36 /* FirebaseInAppMessagingSwift-Beta */,
				327C25E62B79509100EA0E36 /* FirebaseInstallations */,
				327C25E82B79509100EA0E36 /* FirebaseMLModelDownloader */,
				327C25EA2B79509100EA0E36 /* FirebaseMessaging */,
				327C25EC2B79509100EA0E36 /* FirebasePerformance */,
				327C25EE2B79509100EA0E36 /* FirebaseRemoteConfig */,
				327C25F02B79509100EA0E36 /* FirebaseRemoteConfigSwift */,
				327C25F22B79509100EA0E36 /* FirebaseStorage */,
				327C25F42B79509100EA0E36 /* FirebaseStorageCombine-Community */,
			);
			productName = CleanerApp;
			productReference = 32E2E0D32AF80039009CA92E /* CleanerApp.app */;
			productType = "com.apple.product-type.application";
		};
/* End PBXNativeTarget section */

/* Begin PBXProject section */
		32E2E0CB2AF80039009CA92E /* Project object */ = {
			isa = PBXProject;
			attributes = {
				BuildIndependentTargetsInParallel = 1;
				LastSwiftUpdateCheck = 1500;
				LastUpgradeCheck = 1500;
				TargetAttributes = {
					32E2E0D22AF80039009CA92E = {
						CreatedOnToolsVersion = 15.0;
					};
				};
			};
			buildConfigurationList = 32E2E0CE2AF80039009CA92E /* Build configuration list for PBXProject "CleanerApp" */;
			compatibilityVersion = "Xcode 13.0";
			developmentRegion = en;
			hasScannedForEncodings = 0;
			knownRegions = (
				en,
				Base,
			);
			mainGroup = 32E2E0CA2AF80039009CA92E;
			packageReferences = (
				327C25BF2B79509100EA0E36 /* XCRemoteSwiftPackageReference "firebase-ios-sdk" */,
			);
			productRefGroup = 32E2E0D42AF80039009CA92E /* Products */;
			projectDirPath = "";
			projectRoot = "";
			targets = (
				32E2E0D22AF80039009CA92E /* CleanerApp */,
			);
		};
/* End PBXProject section */

/* Begin PBXResourcesBuildPhase section */
		32E2E0D12AF80039009CA92E /* Resources */ = {
			isa = PBXResourcesBuildPhase;
			buildActionMask = 2147483647;
			files = (
				32D3FC162B57A60E0000A082 /* BaseHeaderCollectionReusableView.xib in Resources */,
				32ED57B02B661D6900AED057 /* VerticalMediaCollectionViewCell.xib in Resources */,
				32E2E0E62AF8003A009CA92E /* LaunchScreen.storyboard in Resources */,
				32BD2A862B493E2F0039E85E /* MediaCollectionViewCell.xib in Resources */,
				323A25ED2B84E9E5006AD2FB /* DuplicateContactTableViewCell.xib in Resources */,
				07350E842BF4A8A6005DD945 /* SettingTableViewCell.xib in Resources */,
				32682CAE2B36D12C00B9B7BD /* IconView.xib in Resources */,
				323A25E52B84E69E006AD2FB /* ContactView.xib in Resources */,
				32E2E0E32AF8003A009CA92E /* Assets.xcassets in Resources */,
				32ED57D62B66835100AED057 /* MediaHeaderView.xib in Resources */,
				32BD2A772B483A270039E85E /* PhotoCollectionViewCell.xib in Resources */,
				32603A982B3A962100154775 /* ReminderTableViewCell.xib in Resources */,
				32BF2C932AF947DA00045343 /* FutureHomeTableViewCell.xib in Resources */,
				3201A2722B38BAE1003DB928 /* CalendarTableViewCell.xib in Resources */,
				32E2E0DE2AF80039009CA92E /* Main.storyboard in Resources */,
				32D336CB2AFCBFCA006C504E /* CompressCollectionViewCell.xib in Resources */,
				327C25BE2B794F8C00EA0E36 /* GoogleService-Info.plist in Resources */,
			);
			runOnlyForDeploymentPostprocessing = 0;
		};
/* End PBXResourcesBuildPhase section */

/* Begin PBXShellScriptBuildPhase section */
		327C25F62B79532400EA0E36 /* ShellScript */ = {
			isa = PBXShellScriptBuildPhase;
			buildActionMask = 2147483647;
			files = (
			);
			inputFileListPaths = (
			);
			inputPaths = (
				"${DWARF_DSYM_FOLDER_PATH}/${DWARF_DSYM_FILE_NAME}",
				"${DWARF_DSYM_FOLDER_PATH}/${DWARF_DSYM_FILE_NAME}/Contents/Resources/DWARF/${PRODUCT_NAME}",
				"${DWARF_DSYM_FOLDER_PATH}/${DWARF_DSYM_FILE_NAME}/Contents/Info.plist",
				"$(TARGET_BUILD_DIR)/$(UNLOCALIZED_RESOURCES_FOLDER_PATH)/GoogleService-Info.plist",
				"$(TARGET_BUILD_DIR)/$(EXECUTABLE_PATH)",
			);
			outputFileListPaths = (
			);
			outputPaths = (
			);
			runOnlyForDeploymentPostprocessing = 0;
			shellPath = /bin/sh;
			shellScript = "# Type a script or drag a script file from your workspace to insert its path.\n\"${BUILD_DIR%/Build/*}/SourcePackages/checkouts/firebase-ios-sdk/Crashlytics/run\"\n";
		};
/* End PBXShellScriptBuildPhase section */

/* Begin PBXSourcesBuildPhase section */
		32E2E0CF2AF80039009CA92E /* Sources */ = {
			isa = PBXSourcesBuildPhase;
			buildActionMask = 2147483647;
			files = (
				32E2E0D72AF80039009CA92E /* AppDelegate.swift in Sources */,
				321B0ABC2B00C1E500E4300D /* CompressQualitySelectionViewController.swift in Sources */,
				3201A2692B38A605003DB928 /* CalendarViewController.swift in Sources */,
				324A76BE2AFB28E500EE5AD5 /* CompressVideoModel.swift in Sources */,
				328D897A2B6B8708005E95A3 /* ComingSoonViewController.swift in Sources */,
				32D336CA2AFCBFCA006C504E /* CompressCollectionViewCell.swift in Sources */,
				32BD2A7D2B483D010039E85E /* BaseViewModel.swift in Sources */,
				32BD2A7B2B483C770039E85E /* BaseViewController.swift in Sources */,
				3201A2782B394D1D003DB928 /* CustomEKEvent.swift in Sources */,
				32231B612B04B946009AE1E0 /* SecretSpaceModel.swift in Sources */,
				323A25E72B84E8E4006AD2FB /* ContactView.swift in Sources */,
				32682CB02B36D17800B9B7BD /* IconView.swift in Sources */,
				324A76B72AFB20F000EE5AD5 /* VideoCompressorViewController.swift in Sources */,
				323A25EC2B84E9E5006AD2FB /* DuplicateContactTableViewCell.swift in Sources */,
				326709542B375D11003515D4 /* DeviceInfoManager.swift in Sources */,
				32BF2C922AF947DA00045343 /* FutureHomeTableViewCell.swift in Sources */,
				32BF2C982AF94E4F00045343 /* FutureHomeViewModel.swift in Sources */,
				32B6C5AE2B01357600A691AE /* CompressQualitySelectionViewModel.swift in Sources */,
				32682CB22B36D7CA00B9B7BD /* HomeViewController.swift in Sources */,
				32BD2A852B493E2F0039E85E /* MediaCollectionViewCell.swift in Sources */,
				32A2D08B2B3C0FD700C27BA0 /* GalleryManager.swift in Sources */,
				328A5D562B841A2C005B041A /* OrganizeContactsViewController.swift in Sources */,
				326BF4BC2B9835B0003D8427 /* IncompleteContactViewModel.swift in Sources */,
				327474C32B7AB8420034A587 /* EventsHandler.swift in Sources */,
				32D336CF2AFE152B006C504E /* GridCollectionViewFlowLayout.swift in Sources */,
				324AA8F72B34069D001DAF2E /* CoreDataManager.swift in Sources */,
				324A76BA2AFB229A00EE5AD5 /* VideoCompressViewModel.swift in Sources */,
				079F29CD2BF4BA61006EE9A1 /* PrivacyPolicyViewController.swift in Sources */,
				326BF4BA2B9833A9003D8427 /* IncompleteContactViewController.swift in Sources */,
				321B0ABA2B00BD7100E4300D /* VideoCompressor.swift in Sources */,
				324A76BC2AFB243F00EE5AD5 /* Extension.swift in Sources */,
				32603A972B3A962100154775 /* ReminderTableViewCell.swift in Sources */,
				32BD2A762B483A270039E85E /* PhotoCollectionViewCell.swift in Sources */,
				32E2E0E12AF80039009CA92E /* CleanerApp.xcdatamodeld in Sources */,
				32D336CD2AFE0494006C504E /* CompressVideosHeaderView.swift in Sources */,
				32ED57AF2B661D6900AED057 /* VerticalMediaCollectionViewCell.swift in Sources */,
				32B3C1F72B497355000B0727 /* MediaModel.swift in Sources */,
				32ED57D52B66835100AED057 /* MediaHeaderView.swift in Sources */,
				324943452B680C700035FE64 /* CircularProgressView.swift in Sources */,
				07350E832BF4A8A6005DD945 /* SettingTableViewCell.swift in Sources */,
				3201A2702B38B023003DB928 /* CalendarViewModel.swift in Sources */,
				32A2D0902B3D33EC00C27BA0 /* DBAsset+CoreDataProperties.swift in Sources */,
				323A25E92B84E94E006AD2FB /* DuplicateContactsViewController.swift in Sources */,
				32E2E0D92AF80039009CA92E /* SceneDelegate.swift in Sources */,
				32A2D08F2B3D33EC00C27BA0 /* DBAsset+CoreDataClass.swift in Sources */,
				32231B632B04C5C9009AE1E0 /* SecretAlbumViewController.swift in Sources */,
				32BF2C962AF94E3700045343 /* FutureHomeModel.swift in Sources */,
				32D3FC152B57A60E0000A082 /* BaseHeaderCollectionReusableView.swift in Sources */,
				32BF2C8F2AF9468900045343 /* FutureHomeViewController.swift in Sources */,
				328BFECB2B823F100007C1AE /* LaunchViewController.swift in Sources */,
				32231B5F2B04B65A009AE1E0 /* SecretSpaceViewController.swift in Sources */,
				328BFECD2B83324C0007C1AE /* LoaderViewController.swift in Sources */,
				323A25EF2B850174006AD2FB /* DuplicateContactsViewModel.swift in Sources */,
				326709522B374ECC003515D4 /* HomeViewModel.swift in Sources */,
				3201A26E2B38A78F003DB928 /* CalendarTableViewCell.swift in Sources */,
				32BD2A822B493E1A0039E85E /* MediaViewController.swift in Sources */,
				32B3C1F92B4974F4000B0727 /* MediaViewModel.swift in Sources */,
				326BF4BE2B9B14F6003D8427 /* ImagePreviewViewController.swift in Sources */,
				323A25E22B84A62E006AD2FB /* OrganizeContactViewModel.swift in Sources */,
				04284B082BF4890B0078B939 /* SettingViewController.swift in Sources */,
			);
			runOnlyForDeploymentPostprocessing = 0;
		};
/* End PBXSourcesBuildPhase section */

/* Begin PBXVariantGroup section */
		32E2E0DC2AF80039009CA92E /* Main.storyboard */ = {
			isa = PBXVariantGroup;
			children = (
				32E2E0DD2AF80039009CA92E /* Base */,
			);
			name = Main.storyboard;
			sourceTree = "<group>";
		};
		32E2E0E42AF8003A009CA92E /* LaunchScreen.storyboard */ = {
			isa = PBXVariantGroup;
			children = (
				32E2E0E52AF8003A009CA92E /* Base */,
			);
			name = LaunchScreen.storyboard;
			sourceTree = "<group>";
		};
/* End PBXVariantGroup section */

/* Begin XCBuildConfiguration section */
		32E2E0E82AF8003A009CA92E /* Debug */ = {
			isa = XCBuildConfiguration;
			buildSettings = {
				ALWAYS_SEARCH_USER_PATHS = NO;
				ASSETCATALOG_COMPILER_GENERATE_SWIFT_ASSET_SYMBOL_EXTENSIONS = YES;
				CLANG_ANALYZER_NONNULL = YES;
				CLANG_ANALYZER_NUMBER_OBJECT_CONVERSION = YES_AGGRESSIVE;
				CLANG_CXX_LANGUAGE_STANDARD = "gnu++20";
				CLANG_ENABLE_MODULES = YES;
				CLANG_ENABLE_OBJC_ARC = YES;
				CLANG_ENABLE_OBJC_WEAK = YES;
				CLANG_WARN_BLOCK_CAPTURE_AUTORELEASING = YES;
				CLANG_WARN_BOOL_CONVERSION = YES;
				CLANG_WARN_COMMA = YES;
				CLANG_WARN_CONSTANT_CONVERSION = YES;
				CLANG_WARN_DEPRECATED_OBJC_IMPLEMENTATIONS = YES;
				CLANG_WARN_DIRECT_OBJC_ISA_USAGE = YES_ERROR;
				CLANG_WARN_DOCUMENTATION_COMMENTS = YES;
				CLANG_WARN_EMPTY_BODY = YES;
				CLANG_WARN_ENUM_CONVERSION = YES;
				CLANG_WARN_INFINITE_RECURSION = YES;
				CLANG_WARN_INT_CONVERSION = YES;
				CLANG_WARN_NON_LITERAL_NULL_CONVERSION = YES;
				CLANG_WARN_OBJC_IMPLICIT_RETAIN_SELF = YES;
				CLANG_WARN_OBJC_LITERAL_CONVERSION = YES;
				CLANG_WARN_OBJC_ROOT_CLASS = YES_ERROR;
				CLANG_WARN_QUOTED_INCLUDE_IN_FRAMEWORK_HEADER = YES;
				CLANG_WARN_RANGE_LOOP_ANALYSIS = YES;
				CLANG_WARN_STRICT_PROTOTYPES = YES;
				CLANG_WARN_SUSPICIOUS_MOVE = YES;
				CLANG_WARN_UNGUARDED_AVAILABILITY = YES_AGGRESSIVE;
				CLANG_WARN_UNREACHABLE_CODE = YES;
				CLANG_WARN__DUPLICATE_METHOD_MATCH = YES;
				COPY_PHASE_STRIP = NO;
				DEBUG_INFORMATION_FORMAT = dwarf;
				ENABLE_STRICT_OBJC_MSGSEND = YES;
				ENABLE_TESTABILITY = YES;
				ENABLE_USER_SCRIPT_SANDBOXING = YES;
				GCC_C_LANGUAGE_STANDARD = gnu17;
				GCC_DYNAMIC_NO_PIC = NO;
				GCC_NO_COMMON_BLOCKS = YES;
				GCC_OPTIMIZATION_LEVEL = 0;
				GCC_PREPROCESSOR_DEFINITIONS = (
					"DEBUG=1",
					"$(inherited)",
				);
				GCC_WARN_64_TO_32_BIT_CONVERSION = YES;
				GCC_WARN_ABOUT_RETURN_TYPE = YES_ERROR;
				GCC_WARN_UNDECLARED_SELECTOR = YES;
				GCC_WARN_UNINITIALIZED_AUTOS = YES_AGGRESSIVE;
				GCC_WARN_UNUSED_FUNCTION = YES;
				GCC_WARN_UNUSED_VARIABLE = YES;
				IPHONEOS_DEPLOYMENT_TARGET = 16.0;
				LOCALIZATION_PREFERS_STRING_CATALOGS = YES;
				MTL_ENABLE_DEBUG_INFO = INCLUDE_SOURCE;
				MTL_FAST_MATH = YES;
				ONLY_ACTIVE_ARCH = YES;
				SDKROOT = iphoneos;
				SWIFT_ACTIVE_COMPILATION_CONDITIONS = "DEBUG $(inherited)";
				SWIFT_OPTIMIZATION_LEVEL = "-Onone";
			};
			name = Debug;
		};
		32E2E0E92AF8003A009CA92E /* Release */ = {
			isa = XCBuildConfiguration;
			buildSettings = {
				ALWAYS_SEARCH_USER_PATHS = NO;
				ASSETCATALOG_COMPILER_GENERATE_SWIFT_ASSET_SYMBOL_EXTENSIONS = YES;
				CLANG_ANALYZER_NONNULL = YES;
				CLANG_ANALYZER_NUMBER_OBJECT_CONVERSION = YES_AGGRESSIVE;
				CLANG_CXX_LANGUAGE_STANDARD = "gnu++20";
				CLANG_ENABLE_MODULES = YES;
				CLANG_ENABLE_OBJC_ARC = YES;
				CLANG_ENABLE_OBJC_WEAK = YES;
				CLANG_WARN_BLOCK_CAPTURE_AUTORELEASING = YES;
				CLANG_WARN_BOOL_CONVERSION = YES;
				CLANG_WARN_COMMA = YES;
				CLANG_WARN_CONSTANT_CONVERSION = YES;
				CLANG_WARN_DEPRECATED_OBJC_IMPLEMENTATIONS = YES;
				CLANG_WARN_DIRECT_OBJC_ISA_USAGE = YES_ERROR;
				CLANG_WARN_DOCUMENTATION_COMMENTS = YES;
				CLANG_WARN_EMPTY_BODY = YES;
				CLANG_WARN_ENUM_CONVERSION = YES;
				CLANG_WARN_INFINITE_RECURSION = YES;
				CLANG_WARN_INT_CONVERSION = YES;
				CLANG_WARN_NON_LITERAL_NULL_CONVERSION = YES;
				CLANG_WARN_OBJC_IMPLICIT_RETAIN_SELF = YES;
				CLANG_WARN_OBJC_LITERAL_CONVERSION = YES;
				CLANG_WARN_OBJC_ROOT_CLASS = YES_ERROR;
				CLANG_WARN_QUOTED_INCLUDE_IN_FRAMEWORK_HEADER = YES;
				CLANG_WARN_RANGE_LOOP_ANALYSIS = YES;
				CLANG_WARN_STRICT_PROTOTYPES = YES;
				CLANG_WARN_SUSPICIOUS_MOVE = YES;
				CLANG_WARN_UNGUARDED_AVAILABILITY = YES_AGGRESSIVE;
				CLANG_WARN_UNREACHABLE_CODE = YES;
				CLANG_WARN__DUPLICATE_METHOD_MATCH = YES;
				COPY_PHASE_STRIP = NO;
				DEBUG_INFORMATION_FORMAT = "dwarf-with-dsym";
				ENABLE_NS_ASSERTIONS = NO;
				ENABLE_STRICT_OBJC_MSGSEND = YES;
				ENABLE_USER_SCRIPT_SANDBOXING = YES;
				GCC_C_LANGUAGE_STANDARD = gnu17;
				GCC_NO_COMMON_BLOCKS = YES;
				GCC_WARN_64_TO_32_BIT_CONVERSION = YES;
				GCC_WARN_ABOUT_RETURN_TYPE = YES_ERROR;
				GCC_WARN_UNDECLARED_SELECTOR = YES;
				GCC_WARN_UNINITIALIZED_AUTOS = YES_AGGRESSIVE;
				GCC_WARN_UNUSED_FUNCTION = YES;
				GCC_WARN_UNUSED_VARIABLE = YES;
				IPHONEOS_DEPLOYMENT_TARGET = 16.0;
				LOCALIZATION_PREFERS_STRING_CATALOGS = YES;
				MTL_ENABLE_DEBUG_INFO = NO;
				MTL_FAST_MATH = YES;
				SDKROOT = iphoneos;
				SWIFT_COMPILATION_MODE = wholemodule;
				VALIDATE_PRODUCT = YES;
			};
			name = Release;
		};
		32E2E0EB2AF8003A009CA92E /* Debug */ = {
			isa = XCBuildConfiguration;
			buildSettings = {
				ASSETCATALOG_COMPILER_APPICON_NAME = AppIcon;
				ASSETCATALOG_COMPILER_GLOBAL_ACCENT_COLOR_NAME = AccentColor;
				CODE_SIGN_IDENTITY = "Apple Development";
				CODE_SIGN_STYLE = Automatic;
				CURRENT_PROJECT_VERSION = 1;
				DEBUG_INFORMATION_FORMAT = "dwarf-with-dsym";
				DEVELOPMENT_TEAM = F638V29VVL;
				GENERATE_INFOPLIST_FILE = YES;
				INFOPLIST_FILE = CleanerApp/Info.plist;
				INFOPLIST_KEY_CFBundleDisplayName = "Space Cleaner";
				INFOPLIST_KEY_LSApplicationCategoryType = "public.app-category.utilities";
				INFOPLIST_KEY_NSCalendarsUsageDescription = "We need access to your calendar to fetch events.";
				INFOPLIST_KEY_NSCameraUsageDescription = "App need to use the camera";
				INFOPLIST_KEY_NSContactsUsageDescription = "Space cleaner needs access to your contacts to find and merge duplicate contacts.";
				INFOPLIST_KEY_NSMicrophoneUsageDescription = "App need to use microphone";
				INFOPLIST_KEY_NSPhotoLibraryUsageDescription = "Access is needed to search for similar and duplicate photos. Your photos will NOT be stored or used on any of our servers and will not be shared with third parties.";
				INFOPLIST_KEY_NSRemindersUsageDescription = "Access is needed to search for old reminder events and remove them.";
				INFOPLIST_KEY_UIApplicationSupportsIndirectInputEvents = YES;
				INFOPLIST_KEY_UILaunchStoryboardName = LaunchScreen;
				INFOPLIST_KEY_UIMainStoryboardFile = Main;
				INFOPLIST_KEY_UISupportedInterfaceOrientations = UIInterfaceOrientationPortrait;
				IPHONEOS_DEPLOYMENT_TARGET = 15.0;
				LD_RUNPATH_SEARCH_PATHS = (
					"$(inherited)",
					"@executable_path/Frameworks",
				);
				MARKETING_VERSION = 1.0.3;
				PRODUCT_BUNDLE_IDENTIFIER = mac.CleanerApp;
				PRODUCT_NAME = "$(TARGET_NAME)";
				PROVISIONING_PROFILE_SPECIFIER = "";
				SUPPORTED_PLATFORMS = "iphoneos iphonesimulator";
				SUPPORTS_MACCATALYST = NO;
				SUPPORTS_MAC_DESIGNED_FOR_IPHONE_IPAD = NO;
				SUPPORTS_XR_DESIGNED_FOR_IPHONE_IPAD = NO;
				SWIFT_EMIT_LOC_STRINGS = YES;
				SWIFT_VERSION = 5.0;
				TARGETED_DEVICE_FAMILY = 1;
			};
			name = Debug;
		};
		32E2E0EC2AF8003A009CA92E /* Release */ = {
			isa = XCBuildConfiguration;
			buildSettings = {
				ASSETCATALOG_COMPILER_APPICON_NAME = AppIcon;
				ASSETCATALOG_COMPILER_GLOBAL_ACCENT_COLOR_NAME = AccentColor;
				CODE_SIGN_IDENTITY = "Apple Development";
				CODE_SIGN_STYLE = Automatic;
				CURRENT_PROJECT_VERSION = 1;
				DEVELOPMENT_TEAM = F638V29VVL;
				GENERATE_INFOPLIST_FILE = YES;
				INFOPLIST_FILE = CleanerApp/Info.plist;
				INFOPLIST_KEY_CFBundleDisplayName = "Space Cleaner";
				INFOPLIST_KEY_LSApplicationCategoryType = "public.app-category.utilities";
				INFOPLIST_KEY_NSCalendarsUsageDescription = "We need access to your calendar to fetch events.";
				INFOPLIST_KEY_NSCameraUsageDescription = "App need to use the camera";
				INFOPLIST_KEY_NSContactsUsageDescription = "Space cleaner needs access to your contacts to find and merge duplicate contacts.";
				INFOPLIST_KEY_NSMicrophoneUsageDescription = "App need to use microphone";
				INFOPLIST_KEY_NSPhotoLibraryUsageDescription = "Access is needed to search for similar and duplicate photos. Your photos will NOT be stored or used on any of our servers and will not be shared with third parties.";
				INFOPLIST_KEY_NSRemindersUsageDescription = "Access is needed to search for old reminder events and remove them.";
				INFOPLIST_KEY_UIApplicationSupportsIndirectInputEvents = YES;
				INFOPLIST_KEY_UILaunchStoryboardName = LaunchScreen;
				INFOPLIST_KEY_UIMainStoryboardFile = Main;
				INFOPLIST_KEY_UISupportedInterfaceOrientations = UIInterfaceOrientationPortrait;
				IPHONEOS_DEPLOYMENT_TARGET = 15.0;
				LD_RUNPATH_SEARCH_PATHS = (
					"$(inherited)",
					"@executable_path/Frameworks",
				);
				MARKETING_VERSION = 1.0.3;
				PRODUCT_BUNDLE_IDENTIFIER = mac.CleanerApp;
				PRODUCT_NAME = "$(TARGET_NAME)";
				PROVISIONING_PROFILE_SPECIFIER = "";
				SUPPORTED_PLATFORMS = "iphoneos iphonesimulator";
				SUPPORTS_MACCATALYST = NO;
				SUPPORTS_MAC_DESIGNED_FOR_IPHONE_IPAD = NO;
				SUPPORTS_XR_DESIGNED_FOR_IPHONE_IPAD = NO;
				SWIFT_EMIT_LOC_STRINGS = YES;
				SWIFT_VERSION = 5.0;
				TARGETED_DEVICE_FAMILY = 1;
			};
			name = Release;
		};
/* End XCBuildConfiguration section */

/* Begin XCConfigurationList section */
		32E2E0CE2AF80039009CA92E /* Build configuration list for PBXProject "CleanerApp" */ = {
			isa = XCConfigurationList;
			buildConfigurations = (
				32E2E0E82AF8003A009CA92E /* Debug */,
				32E2E0E92AF8003A009CA92E /* Release */,
			);
			defaultConfigurationIsVisible = 0;
			defaultConfigurationName = Release;
		};
		32E2E0EA2AF8003A009CA92E /* Build configuration list for PBXNativeTarget "CleanerApp" */ = {
			isa = XCConfigurationList;
			buildConfigurations = (
				32E2E0EB2AF8003A009CA92E /* Debug */,
				32E2E0EC2AF8003A009CA92E /* Release */,
			);
			defaultConfigurationIsVisible = 0;
			defaultConfigurationName = Release;
		};
/* End XCConfigurationList section */

/* Begin XCRemoteSwiftPackageReference section */
		327C25BF2B79509100EA0E36 /* XCRemoteSwiftPackageReference "firebase-ios-sdk" */ = {
			isa = XCRemoteSwiftPackageReference;
			repositoryURL = "https://github.com/firebase/firebase-ios-sdk";
			requirement = {
				kind = upToNextMajorVersion;
				minimumVersion = 10.21.0;
			};
		};
/* End XCRemoteSwiftPackageReference section */

/* Begin XCSwiftPackageProductDependency section */
		327C25C02B79509100EA0E36 /* FirebaseAnalytics */ = {
			isa = XCSwiftPackageProductDependency;
			package = 327C25BF2B79509100EA0E36 /* XCRemoteSwiftPackageReference "firebase-ios-sdk" */;
			productName = FirebaseAnalytics;
		};
		327C25C22B79509100EA0E36 /* FirebaseAnalyticsOnDeviceConversion */ = {
			isa = XCSwiftPackageProductDependency;
			package = 327C25BF2B79509100EA0E36 /* XCRemoteSwiftPackageReference "firebase-ios-sdk" */;
			productName = FirebaseAnalyticsOnDeviceConversion;
		};
		327C25C42B79509100EA0E36 /* FirebaseAnalyticsSwift */ = {
			isa = XCSwiftPackageProductDependency;
			package = 327C25BF2B79509100EA0E36 /* XCRemoteSwiftPackageReference "firebase-ios-sdk" */;
			productName = FirebaseAnalyticsSwift;
		};
		327C25C62B79509100EA0E36 /* FirebaseAnalyticsWithoutAdIdSupport */ = {
			isa = XCSwiftPackageProductDependency;
			package = 327C25BF2B79509100EA0E36 /* XCRemoteSwiftPackageReference "firebase-ios-sdk" */;
			productName = FirebaseAnalyticsWithoutAdIdSupport;
		};
		327C25C82B79509100EA0E36 /* FirebaseAppCheck */ = {
			isa = XCSwiftPackageProductDependency;
			package = 327C25BF2B79509100EA0E36 /* XCRemoteSwiftPackageReference "firebase-ios-sdk" */;
			productName = FirebaseAppCheck;
		};
		327C25CA2B79509100EA0E36 /* FirebaseAppDistribution-Beta */ = {
			isa = XCSwiftPackageProductDependency;
			package = 327C25BF2B79509100EA0E36 /* XCRemoteSwiftPackageReference "firebase-ios-sdk" */;
			productName = "FirebaseAppDistribution-Beta";
		};
		327C25CC2B79509100EA0E36 /* FirebaseAuth */ = {
			isa = XCSwiftPackageProductDependency;
			package = 327C25BF2B79509100EA0E36 /* XCRemoteSwiftPackageReference "firebase-ios-sdk" */;
			productName = FirebaseAuth;
		};
		327C25CE2B79509100EA0E36 /* FirebaseAuthCombine-Community */ = {
			isa = XCSwiftPackageProductDependency;
			package = 327C25BF2B79509100EA0E36 /* XCRemoteSwiftPackageReference "firebase-ios-sdk" */;
			productName = "FirebaseAuthCombine-Community";
		};
		327C25D02B79509100EA0E36 /* FirebaseCrashlytics */ = {
			isa = XCSwiftPackageProductDependency;
			package = 327C25BF2B79509100EA0E36 /* XCRemoteSwiftPackageReference "firebase-ios-sdk" */;
			productName = FirebaseCrashlytics;
		};
		327C25D22B79509100EA0E36 /* FirebaseDatabase */ = {
			isa = XCSwiftPackageProductDependency;
			package = 327C25BF2B79509100EA0E36 /* XCRemoteSwiftPackageReference "firebase-ios-sdk" */;
			productName = FirebaseDatabase;
		};
		327C25D42B79509100EA0E36 /* FirebaseDatabaseSwift */ = {
			isa = XCSwiftPackageProductDependency;
			package = 327C25BF2B79509100EA0E36 /* XCRemoteSwiftPackageReference "firebase-ios-sdk" */;
			productName = FirebaseDatabaseSwift;
		};
		327C25D62B79509100EA0E36 /* FirebaseDynamicLinks */ = {
			isa = XCSwiftPackageProductDependency;
			package = 327C25BF2B79509100EA0E36 /* XCRemoteSwiftPackageReference "firebase-ios-sdk" */;
			productName = FirebaseDynamicLinks;
		};
		327C25D82B79509100EA0E36 /* FirebaseFirestore */ = {
			isa = XCSwiftPackageProductDependency;
			package = 327C25BF2B79509100EA0E36 /* XCRemoteSwiftPackageReference "firebase-ios-sdk" */;
			productName = FirebaseFirestore;
		};
		327C25DA2B79509100EA0E36 /* FirebaseFirestoreCombine-Community */ = {
			isa = XCSwiftPackageProductDependency;
			package = 327C25BF2B79509100EA0E36 /* XCRemoteSwiftPackageReference "firebase-ios-sdk" */;
			productName = "FirebaseFirestoreCombine-Community";
		};
		327C25DC2B79509100EA0E36 /* FirebaseFirestoreSwift */ = {
			isa = XCSwiftPackageProductDependency;
			package = 327C25BF2B79509100EA0E36 /* XCRemoteSwiftPackageReference "firebase-ios-sdk" */;
			productName = FirebaseFirestoreSwift;
		};
		327C25DE2B79509100EA0E36 /* FirebaseFunctions */ = {
			isa = XCSwiftPackageProductDependency;
			package = 327C25BF2B79509100EA0E36 /* XCRemoteSwiftPackageReference "firebase-ios-sdk" */;
			productName = FirebaseFunctions;
		};
		327C25E02B79509100EA0E36 /* FirebaseFunctionsCombine-Community */ = {
			isa = XCSwiftPackageProductDependency;
			package = 327C25BF2B79509100EA0E36 /* XCRemoteSwiftPackageReference "firebase-ios-sdk" */;
			productName = "FirebaseFunctionsCombine-Community";
		};
		327C25E22B79509100EA0E36 /* FirebaseInAppMessaging-Beta */ = {
			isa = XCSwiftPackageProductDependency;
			package = 327C25BF2B79509100EA0E36 /* XCRemoteSwiftPackageReference "firebase-ios-sdk" */;
			productName = "FirebaseInAppMessaging-Beta";
		};
		327C25E42B79509100EA0E36 /* FirebaseInAppMessagingSwift-Beta */ = {
			isa = XCSwiftPackageProductDependency;
			package = 327C25BF2B79509100EA0E36 /* XCRemoteSwiftPackageReference "firebase-ios-sdk" */;
			productName = "FirebaseInAppMessagingSwift-Beta";
		};
		327C25E62B79509100EA0E36 /* FirebaseInstallations */ = {
			isa = XCSwiftPackageProductDependency;
			package = 327C25BF2B79509100EA0E36 /* XCRemoteSwiftPackageReference "firebase-ios-sdk" */;
			productName = FirebaseInstallations;
		};
		327C25E82B79509100EA0E36 /* FirebaseMLModelDownloader */ = {
			isa = XCSwiftPackageProductDependency;
			package = 327C25BF2B79509100EA0E36 /* XCRemoteSwiftPackageReference "firebase-ios-sdk" */;
			productName = FirebaseMLModelDownloader;
		};
		327C25EA2B79509100EA0E36 /* FirebaseMessaging */ = {
			isa = XCSwiftPackageProductDependency;
			package = 327C25BF2B79509100EA0E36 /* XCRemoteSwiftPackageReference "firebase-ios-sdk" */;
			productName = FirebaseMessaging;
		};
		327C25EC2B79509100EA0E36 /* FirebasePerformance */ = {
			isa = XCSwiftPackageProductDependency;
			package = 327C25BF2B79509100EA0E36 /* XCRemoteSwiftPackageReference "firebase-ios-sdk" */;
			productName = FirebasePerformance;
		};
		327C25EE2B79509100EA0E36 /* FirebaseRemoteConfig */ = {
			isa = XCSwiftPackageProductDependency;
			package = 327C25BF2B79509100EA0E36 /* XCRemoteSwiftPackageReference "firebase-ios-sdk" */;
			productName = FirebaseRemoteConfig;
		};
		327C25F02B79509100EA0E36 /* FirebaseRemoteConfigSwift */ = {
			isa = XCSwiftPackageProductDependency;
			package = 327C25BF2B79509100EA0E36 /* XCRemoteSwiftPackageReference "firebase-ios-sdk" */;
			productName = FirebaseRemoteConfigSwift;
		};
		327C25F22B79509100EA0E36 /* FirebaseStorage */ = {
			isa = XCSwiftPackageProductDependency;
			package = 327C25BF2B79509100EA0E36 /* XCRemoteSwiftPackageReference "firebase-ios-sdk" */;
			productName = FirebaseStorage;
		};
		327C25F42B79509100EA0E36 /* FirebaseStorageCombine-Community */ = {
			isa = XCSwiftPackageProductDependency;
			package = 327C25BF2B79509100EA0E36 /* XCRemoteSwiftPackageReference "firebase-ios-sdk" */;
			productName = "FirebaseStorageCombine-Community";
		};
/* End XCSwiftPackageProductDependency section */

/* Begin XCVersionGroup section */
		32E2E0DF2AF80039009CA92E /* CleanerApp.xcdatamodeld */ = {
			isa = XCVersionGroup;
			children = (
				32E2E0E02AF80039009CA92E /* CleanerApp.xcdatamodel */,
			);
			currentVersion = 32E2E0E02AF80039009CA92E /* CleanerApp.xcdatamodel */;
			path = CleanerApp.xcdatamodeld;
			sourceTree = "<group>";
			versionGroupType = wrapper.xcdatamodel;
		};
/* End XCVersionGroup section */
	};
	rootObject = 32E2E0CB2AF80039009CA92E /* Project object */;
}
