// !$*UTF8*$!
{
	archiveVersion = 1;
	classes = {
	};
	objectVersion = 60;
	objects = {

/* Begin PBXBuildFile section */
		321B0ABA2B00BD7100E4300D /* VideoCompressor.swift in Sources */ = {isa = PBXBuildFile; fileRef = 321B0AB92B00BD7100E4300D /* VideoCompressor.swift */; };
		321B0ABC2B00C1E500E4300D /* CompressQualitySelectionViewController.swift in Sources */ = {isa = PBXBuildFile; fileRef = 321B0ABB2B00C1E500E4300D /* CompressQualitySelectionViewController.swift */; };
		321B0ABE2B00C2EF00E4300D /* VideoCompress.storyboard in Resources */ = {isa = PBXBuildFile; fileRef = 321B0ABD2B00C2EF00E4300D /* VideoCompress.storyboard */; };
		321B0AC02B00C49400E4300D /* GlobalStructs,EnumsAndClasses.swift in Sources */ = {isa = PBXBuildFile; fileRef = 321B0ABF2B00C49400E4300D /* GlobalStructs,EnumsAndClasses.swift */; };
		32231B5D2B04B3DB009AE1E0 /* SecretSpace.storyboard in Resources */ = {isa = PBXBuildFile; fileRef = 32231B5C2B04B3DB009AE1E0 /* SecretSpace.storyboard */; };
		32231B5F2B04B65A009AE1E0 /* SecretSpaceViewController.swift in Sources */ = {isa = PBXBuildFile; fileRef = 32231B5E2B04B65A009AE1E0 /* SecretSpaceViewController.swift */; };
		32231B612B04B946009AE1E0 /* SecretSpaceModel.swift in Sources */ = {isa = PBXBuildFile; fileRef = 32231B602B04B946009AE1E0 /* SecretSpaceModel.swift */; };
		32231B632B04C5C9009AE1E0 /* SecretAlbumViewController.swift in Sources */ = {isa = PBXBuildFile; fileRef = 32231B622B04C5C9009AE1E0 /* SecretAlbumViewController.swift */; };
		324A76B72AFB20F000EE5AD5 /* VideoCompressorViewController.swift in Sources */ = {isa = PBXBuildFile; fileRef = 324A76B62AFB20F000EE5AD5 /* VideoCompressorViewController.swift */; };
		324A76BA2AFB229A00EE5AD5 /* VideoCompressViewModel.swift in Sources */ = {isa = PBXBuildFile; fileRef = 324A76B92AFB229900EE5AD5 /* VideoCompressViewModel.swift */; };
		324A76BC2AFB243F00EE5AD5 /* Extension.swift in Sources */ = {isa = PBXBuildFile; fileRef = 324A76BB2AFB243F00EE5AD5 /* Extension.swift */; };
		324A76BE2AFB28E500EE5AD5 /* CompressVideoModel.swift in Sources */ = {isa = PBXBuildFile; fileRef = 324A76BD2AFB28E500EE5AD5 /* CompressVideoModel.swift */; };
		32B6C5AE2B01357600A691AE /* CompressQualitySelectionViewModel.swift in Sources */ = {isa = PBXBuildFile; fileRef = 32B6C5AD2B01357600A691AE /* CompressQualitySelectionViewModel.swift */; };
		32BF2C8F2AF9468900045343 /* HomeViewController.swift in Sources */ = {isa = PBXBuildFile; fileRef = 32BF2C8E2AF9468900045343 /* HomeViewController.swift */; };
		32BF2C922AF947DA00045343 /* HomeTableViewCell.swift in Sources */ = {isa = PBXBuildFile; fileRef = 32BF2C902AF947DA00045343 /* HomeTableViewCell.swift */; };
		32BF2C932AF947DA00045343 /* HomeTableViewCell.xib in Resources */ = {isa = PBXBuildFile; fileRef = 32BF2C912AF947DA00045343 /* HomeTableViewCell.xib */; };
		32BF2C962AF94E3700045343 /* HomeModel.swift in Sources */ = {isa = PBXBuildFile; fileRef = 32BF2C952AF94E3700045343 /* HomeModel.swift */; };
		32BF2C982AF94E4F00045343 /* HomeViewModel.swift in Sources */ = {isa = PBXBuildFile; fileRef = 32BF2C972AF94E4F00045343 /* HomeViewModel.swift */; };
		32D336CA2AFCBFCA006C504E /* CompressCollectionViewCell.swift in Sources */ = {isa = PBXBuildFile; fileRef = 32D336C82AFCBFCA006C504E /* CompressCollectionViewCell.swift */; };
		32D336CB2AFCBFCA006C504E /* CompressCollectionViewCell.xib in Resources */ = {isa = PBXBuildFile; fileRef = 32D336C92AFCBFCA006C504E /* CompressCollectionViewCell.xib */; };
		32D336CD2AFE0494006C504E /* CompressVideosHeaderView.swift in Sources */ = {isa = PBXBuildFile; fileRef = 32D336CC2AFE0494006C504E /* CompressVideosHeaderView.swift */; };
		32D336CF2AFE152B006C504E /* GridCollectionViewFlowLayout.swift in Sources */ = {isa = PBXBuildFile; fileRef = 32D336CE2AFE152B006C504E /* GridCollectionViewFlowLayout.swift */; };
		32E2E0D72AF80039009CA92E /* AppDelegate.swift in Sources */ = {isa = PBXBuildFile; fileRef = 32E2E0D62AF80039009CA92E /* AppDelegate.swift */; };
		32E2E0D92AF80039009CA92E /* SceneDelegate.swift in Sources */ = {isa = PBXBuildFile; fileRef = 32E2E0D82AF80039009CA92E /* SceneDelegate.swift */; };
		32E2E0DE2AF80039009CA92E /* Main.storyboard in Resources */ = {isa = PBXBuildFile; fileRef = 32E2E0DC2AF80039009CA92E /* Main.storyboard */; };
		32E2E0E12AF80039009CA92E /* CleanerApp.xcdatamodeld in Sources */ = {isa = PBXBuildFile; fileRef = 32E2E0DF2AF80039009CA92E /* CleanerApp.xcdatamodeld */; };
		32E2E0E32AF8003A009CA92E /* Assets.xcassets in Resources */ = {isa = PBXBuildFile; fileRef = 32E2E0E22AF8003A009CA92E /* Assets.xcassets */; };
		32E2E0E62AF8003A009CA92E /* LaunchScreen.storyboard in Resources */ = {isa = PBXBuildFile; fileRef = 32E2E0E42AF8003A009CA92E /* LaunchScreen.storyboard */; };
/* End PBXBuildFile section */

/* Begin PBXFileReference section */
		321B0AB92B00BD7100E4300D /* VideoCompressor.swift */ = {isa = PBXFileReference; lastKnownFileType = sourcecode.swift; path = VideoCompressor.swift; sourceTree = "<group>"; };
		321B0ABB2B00C1E500E4300D /* CompressQualitySelectionViewController.swift */ = {isa = PBXFileReference; lastKnownFileType = sourcecode.swift; path = CompressQualitySelectionViewController.swift; sourceTree = "<group>"; };
		321B0ABD2B00C2EF00E4300D /* VideoCompress.storyboard */ = {isa = PBXFileReference; lastKnownFileType = file.storyboard; path = VideoCompress.storyboard; sourceTree = "<group>"; };
		321B0ABF2B00C49400E4300D /* GlobalStructs,EnumsAndClasses.swift */ = {isa = PBXFileReference; lastKnownFileType = sourcecode.swift; path = "GlobalStructs,EnumsAndClasses.swift"; sourceTree = "<group>"; };
		32231B5C2B04B3DB009AE1E0 /* SecretSpace.storyboard */ = {isa = PBXFileReference; lastKnownFileType = file.storyboard; path = SecretSpace.storyboard; sourceTree = "<group>"; };
		32231B5E2B04B65A009AE1E0 /* SecretSpaceViewController.swift */ = {isa = PBXFileReference; lastKnownFileType = sourcecode.swift; path = SecretSpaceViewController.swift; sourceTree = "<group>"; };
		32231B602B04B946009AE1E0 /* SecretSpaceModel.swift */ = {isa = PBXFileReference; lastKnownFileType = sourcecode.swift; path = SecretSpaceModel.swift; sourceTree = "<group>"; };
		32231B622B04C5C9009AE1E0 /* SecretAlbumViewController.swift */ = {isa = PBXFileReference; lastKnownFileType = sourcecode.swift; path = SecretAlbumViewController.swift; sourceTree = "<group>"; };
		324A76B62AFB20F000EE5AD5 /* VideoCompressorViewController.swift */ = {isa = PBXFileReference; lastKnownFileType = sourcecode.swift; path = VideoCompressorViewController.swift; sourceTree = "<group>"; };
		324A76B92AFB229900EE5AD5 /* VideoCompressViewModel.swift */ = {isa = PBXFileReference; lastKnownFileType = sourcecode.swift; path = VideoCompressViewModel.swift; sourceTree = "<group>"; };
		324A76BB2AFB243F00EE5AD5 /* Extension.swift */ = {isa = PBXFileReference; lastKnownFileType = sourcecode.swift; path = Extension.swift; sourceTree = "<group>"; };
		324A76BD2AFB28E500EE5AD5 /* CompressVideoModel.swift */ = {isa = PBXFileReference; lastKnownFileType = sourcecode.swift; path = CompressVideoModel.swift; sourceTree = "<group>"; };
		32B6C5AD2B01357600A691AE /* CompressQualitySelectionViewModel.swift */ = {isa = PBXFileReference; lastKnownFileType = sourcecode.swift; path = CompressQualitySelectionViewModel.swift; sourceTree = "<group>"; };
		32BF2C8E2AF9468900045343 /* HomeViewController.swift */ = {isa = PBXFileReference; lastKnownFileType = sourcecode.swift; path = HomeViewController.swift; sourceTree = "<group>"; };
		32BF2C902AF947DA00045343 /* HomeTableViewCell.swift */ = {isa = PBXFileReference; lastKnownFileType = sourcecode.swift; path = HomeTableViewCell.swift; sourceTree = "<group>"; };
		32BF2C912AF947DA00045343 /* HomeTableViewCell.xib */ = {isa = PBXFileReference; lastKnownFileType = file.xib; path = HomeTableViewCell.xib; sourceTree = "<group>"; };
		32BF2C952AF94E3700045343 /* HomeModel.swift */ = {isa = PBXFileReference; lastKnownFileType = sourcecode.swift; path = HomeModel.swift; sourceTree = "<group>"; };
		32BF2C972AF94E4F00045343 /* HomeViewModel.swift */ = {isa = PBXFileReference; lastKnownFileType = sourcecode.swift; path = HomeViewModel.swift; sourceTree = "<group>"; };
		32D336C82AFCBFCA006C504E /* CompressCollectionViewCell.swift */ = {isa = PBXFileReference; lastKnownFileType = sourcecode.swift; path = CompressCollectionViewCell.swift; sourceTree = "<group>"; };
		32D336C92AFCBFCA006C504E /* CompressCollectionViewCell.xib */ = {isa = PBXFileReference; lastKnownFileType = file.xib; path = CompressCollectionViewCell.xib; sourceTree = "<group>"; };
		32D336CC2AFE0494006C504E /* CompressVideosHeaderView.swift */ = {isa = PBXFileReference; lastKnownFileType = sourcecode.swift; path = CompressVideosHeaderView.swift; sourceTree = "<group>"; };
		32D336CE2AFE152B006C504E /* GridCollectionViewFlowLayout.swift */ = {isa = PBXFileReference; lastKnownFileType = sourcecode.swift; path = GridCollectionViewFlowLayout.swift; sourceTree = "<group>"; };
		32E2E0D32AF80039009CA92E /* CleanerApp.app */ = {isa = PBXFileReference; explicitFileType = wrapper.application; includeInIndex = 0; path = CleanerApp.app; sourceTree = BUILT_PRODUCTS_DIR; };
		32E2E0D62AF80039009CA92E /* AppDelegate.swift */ = {isa = PBXFileReference; lastKnownFileType = sourcecode.swift; path = AppDelegate.swift; sourceTree = "<group>"; };
		32E2E0D82AF80039009CA92E /* SceneDelegate.swift */ = {isa = PBXFileReference; lastKnownFileType = sourcecode.swift; path = SceneDelegate.swift; sourceTree = "<group>"; };
		32E2E0DD2AF80039009CA92E /* Base */ = {isa = PBXFileReference; lastKnownFileType = file.storyboard; name = Base; path = Base.lproj/Main.storyboard; sourceTree = "<group>"; };
		32E2E0E02AF80039009CA92E /* CleanerApp.xcdatamodel */ = {isa = PBXFileReference; lastKnownFileType = wrapper.xcdatamodel; path = CleanerApp.xcdatamodel; sourceTree = "<group>"; };
		32E2E0E22AF8003A009CA92E /* Assets.xcassets */ = {isa = PBXFileReference; lastKnownFileType = folder.assetcatalog; path = Assets.xcassets; sourceTree = "<group>"; };
		32E2E0E52AF8003A009CA92E /* Base */ = {isa = PBXFileReference; lastKnownFileType = file.storyboard; name = Base; path = Base.lproj/LaunchScreen.storyboard; sourceTree = "<group>"; };
		32E2E0E72AF8003A009CA92E /* Info.plist */ = {isa = PBXFileReference; lastKnownFileType = text.plist.xml; path = Info.plist; sourceTree = "<group>"; };
/* End PBXFileReference section */

/* Begin PBXFrameworksBuildPhase section */
		32E2E0D02AF80039009CA92E /* Frameworks */ = {
			isa = PBXFrameworksBuildPhase;
			buildActionMask = 2147483647;
			files = (
			);
			runOnlyForDeploymentPostprocessing = 0;
		};
/* End PBXFrameworksBuildPhase section */

/* Begin PBXGroup section */
		32231B5B2B04B30A009AE1E0 /* Secret Space */ = {
			isa = PBXGroup;
			children = (
				32231B5C2B04B3DB009AE1E0 /* SecretSpace.storyboard */,
				32231B5E2B04B65A009AE1E0 /* SecretSpaceViewController.swift */,
				32231B622B04C5C9009AE1E0 /* SecretAlbumViewController.swift */,
				32231B602B04B946009AE1E0 /* SecretSpaceModel.swift */,
			);
			path = "Secret Space";
			sourceTree = "<group>";
		};
		324A76B82AFB225200EE5AD5 /* Video Compress Screen */ = {
			isa = PBXGroup;
			children = (
				32B6C5AA2B01351800A691AE /* Video Compress  */,
				321B0ABD2B00C2EF00E4300D /* VideoCompress.storyboard */,
				32B6C5AC2B01355900A691AE /* Compress Quality Selection */,
				321B0AB92B00BD7100E4300D /* VideoCompressor.swift */,
				32B6C5AB2B01353C00A691AE /* Compress CollectionView Cell */,
				324A76BD2AFB28E500EE5AD5 /* CompressVideoModel.swift */,
			);
			path = "Video Compress Screen";
			sourceTree = "<group>";
		};
		32B6C5AA2B01351800A691AE /* Video Compress  */ = {
			isa = PBXGroup;
			children = (
				324A76B62AFB20F000EE5AD5 /* VideoCompressorViewController.swift */,
				324A76B92AFB229900EE5AD5 /* VideoCompressViewModel.swift */,
			);
			path = "Video Compress ";
			sourceTree = "<group>";
		};
		32B6C5AB2B01353C00A691AE /* Compress CollectionView Cell */ = {
			isa = PBXGroup;
			children = (
				32D336C82AFCBFCA006C504E /* CompressCollectionViewCell.swift */,
				32D336C92AFCBFCA006C504E /* CompressCollectionViewCell.xib */,
				32D336CC2AFE0494006C504E /* CompressVideosHeaderView.swift */,
			);
			path = "Compress CollectionView Cell";
			sourceTree = "<group>";
		};
		32B6C5AC2B01355900A691AE /* Compress Quality Selection */ = {
			isa = PBXGroup;
			children = (
				321B0ABB2B00C1E500E4300D /* CompressQualitySelectionViewController.swift */,
				32B6C5AD2B01357600A691AE /* CompressQualitySelectionViewModel.swift */,
			);
			path = "Compress Quality Selection";
			sourceTree = "<group>";
		};
		32BF2C942AF94E1A00045343 /* Home Screen */ = {
			isa = PBXGroup;
			children = (
				32BF2C8E2AF9468900045343 /* HomeViewController.swift */,
				32BF2C902AF947DA00045343 /* HomeTableViewCell.swift */,
				32BF2C952AF94E3700045343 /* HomeModel.swift */,
				32BF2C912AF947DA00045343 /* HomeTableViewCell.xib */,
				32BF2C972AF94E4F00045343 /* HomeViewModel.swift */,
			);
			path = "Home Screen";
			sourceTree = "<group>";
		};
		32E2E0CA2AF80039009CA92E = {
			isa = PBXGroup;
			children = (
				32E2E0D52AF80039009CA92E /* CleanerApp */,
				32E2E0D42AF80039009CA92E /* Products */,
			);
			sourceTree = "<group>";
		};
		32E2E0D42AF80039009CA92E /* Products */ = {
			isa = PBXGroup;
			children = (
				32E2E0D32AF80039009CA92E /* CleanerApp.app */,
			);
			name = Products;
			sourceTree = "<group>";
		};
		32E2E0D52AF80039009CA92E /* CleanerApp */ = {
			isa = PBXGroup;
			children = (
				32E2E0D62AF80039009CA92E /* AppDelegate.swift */,
				32E2E0D82AF80039009CA92E /* SceneDelegate.swift */,
				324A76BB2AFB243F00EE5AD5 /* Extension.swift */,
				321B0ABF2B00C49400E4300D /* GlobalStructs,EnumsAndClasses.swift */,
				32D336CE2AFE152B006C504E /* GridCollectionViewFlowLayout.swift */,
				324A76B82AFB225200EE5AD5 /* Video Compress Screen */,
				32231B5B2B04B30A009AE1E0 /* Secret Space */,
				32BF2C942AF94E1A00045343 /* Home Screen */,
				32E2E0DC2AF80039009CA92E /* Main.storyboard */,
				32E2E0E22AF8003A009CA92E /* Assets.xcassets */,
				32E2E0E42AF8003A009CA92E /* LaunchScreen.storyboard */,
				32E2E0E72AF8003A009CA92E /* Info.plist */,
				32E2E0DF2AF80039009CA92E /* CleanerApp.xcdatamodeld */,
			);
			path = CleanerApp;
			sourceTree = "<group>";
		};
/* End PBXGroup section */

/* Begin PBXNativeTarget section */
		32E2E0D22AF80039009CA92E /* CleanerApp */ = {
			isa = PBXNativeTarget;
			buildConfigurationList = 32E2E0EA2AF8003A009CA92E /* Build configuration list for PBXNativeTarget "CleanerApp" */;
			buildPhases = (
				32E2E0CF2AF80039009CA92E /* Sources */,
				32E2E0D02AF80039009CA92E /* Frameworks */,
				32E2E0D12AF80039009CA92E /* Resources */,
			);
			buildRules = (
			);
			dependencies = (
			);
			name = CleanerApp;
			productName = CleanerApp;
			productReference = 32E2E0D32AF80039009CA92E /* CleanerApp.app */;
			productType = "com.apple.product-type.application";
		};
/* End PBXNativeTarget section */

/* Begin PBXProject section */
		32E2E0CB2AF80039009CA92E /* Project object */ = {
			isa = PBXProject;
			attributes = {
				BuildIndependentTargetsInParallel = 1;
				LastSwiftUpdateCheck = 1500;
				LastUpgradeCheck = 1500;
				TargetAttributes = {
					32E2E0D22AF80039009CA92E = {
						CreatedOnToolsVersion = 15.0;
					};
				};
			};
			buildConfigurationList = 32E2E0CE2AF80039009CA92E /* Build configuration list for PBXProject "CleanerApp" */;
			compatibilityVersion = "Xcode 15.0";
			developmentRegion = en;
			hasScannedForEncodings = 0;
			knownRegions = (
				en,
				Base,
			);
			mainGroup = 32E2E0CA2AF80039009CA92E;
			productRefGroup = 32E2E0D42AF80039009CA92E /* Products */;
			projectDirPath = "";
			projectRoot = "";
			targets = (
				32E2E0D22AF80039009CA92E /* CleanerApp */,
			);
		};
/* End PBXProject section */

/* Begin PBXResourcesBuildPhase section */
		32E2E0D12AF80039009CA92E /* Resources */ = {
			isa = PBXResourcesBuildPhase;
			buildActionMask = 2147483647;
			files = (
				321B0ABE2B00C2EF00E4300D /* VideoCompress.storyboard in Resources */,
				32E2E0E62AF8003A009CA92E /* LaunchScreen.storyboard in Resources */,
				32E2E0E32AF8003A009CA92E /* Assets.xcassets in Resources */,
				32BF2C932AF947DA00045343 /* HomeTableViewCell.xib in Resources */,
				32E2E0DE2AF80039009CA92E /* Main.storyboard in Resources */,
				32231B5D2B04B3DB009AE1E0 /* SecretSpace.storyboard in Resources */,
				32D336CB2AFCBFCA006C504E /* CompressCollectionViewCell.xib in Resources */,
			);
			runOnlyForDeploymentPostprocessing = 0;
		};
/* End PBXResourcesBuildPhase section */

/* Begin PBXSourcesBuildPhase section */
		32E2E0CF2AF80039009CA92E /* Sources */ = {
			isa = PBXSourcesBuildPhase;
			buildActionMask = 2147483647;
			files = (
				32E2E0D72AF80039009CA92E /* AppDelegate.swift in Sources */,
				321B0ABC2B00C1E500E4300D /* CompressQualitySelectionViewController.swift in Sources */,
				324A76BE2AFB28E500EE5AD5 /* CompressVideoModel.swift in Sources */,
				32D336CA2AFCBFCA006C504E /* CompressCollectionViewCell.swift in Sources */,
				32231B612B04B946009AE1E0 /* SecretSpaceModel.swift in Sources */,
				324A76B72AFB20F000EE5AD5 /* VideoCompressorViewController.swift in Sources */,
				32BF2C922AF947DA00045343 /* HomeTableViewCell.swift in Sources */,
				32BF2C982AF94E4F00045343 /* HomeViewModel.swift in Sources */,
				32B6C5AE2B01357600A691AE /* CompressQualitySelectionViewModel.swift in Sources */,
				32D336CF2AFE152B006C504E /* GridCollectionViewFlowLayout.swift in Sources */,
				324A76BA2AFB229A00EE5AD5 /* VideoCompressViewModel.swift in Sources */,
				321B0ABA2B00BD7100E4300D /* VideoCompressor.swift in Sources */,
				324A76BC2AFB243F00EE5AD5 /* Extension.swift in Sources */,
				32E2E0E12AF80039009CA92E /* CleanerApp.xcdatamodeld in Sources */,
				32D336CD2AFE0494006C504E /* CompressVideosHeaderView.swift in Sources */,
				32E2E0D92AF80039009CA92E /* SceneDelegate.swift in Sources */,
				32231B632B04C5C9009AE1E0 /* SecretAlbumViewController.swift in Sources */,
				321B0AC02B00C49400E4300D /* GlobalStructs,EnumsAndClasses.swift in Sources */,
				32BF2C962AF94E3700045343 /* HomeModel.swift in Sources */,
				32BF2C8F2AF9468900045343 /* HomeViewController.swift in Sources */,
				32231B5F2B04B65A009AE1E0 /* SecretSpaceViewController.swift in Sources */,
			);
			runOnlyForDeploymentPostprocessing = 0;
		};
/* End PBXSourcesBuildPhase section */

/* Begin PBXVariantGroup section */
		32E2E0DC2AF80039009CA92E /* Main.storyboard */ = {
			isa = PBXVariantGroup;
			children = (
				32E2E0DD2AF80039009CA92E /* Base */,
			);
			name = Main.storyboard;
			sourceTree = "<group>";
		};
		32E2E0E42AF8003A009CA92E /* LaunchScreen.storyboard */ = {
			isa = PBXVariantGroup;
			children = (
				32E2E0E52AF8003A009CA92E /* Base */,
			);
			name = LaunchScreen.storyboard;
			sourceTree = "<group>";
		};
/* End PBXVariantGroup section */

/* Begin XCBuildConfiguration section */
		32E2E0E82AF8003A009CA92E /* Debug */ = {
			isa = XCBuildConfiguration;
			buildSettings = {
				ALWAYS_SEARCH_USER_PATHS = NO;
				ASSETCATALOG_COMPILER_GENERATE_SWIFT_ASSET_SYMBOL_EXTENSIONS = YES;
				CLANG_ANALYZER_NONNULL = YES;
				CLANG_ANALYZER_NUMBER_OBJECT_CONVERSION = YES_AGGRESSIVE;
				CLANG_CXX_LANGUAGE_STANDARD = "gnu++20";
				CLANG_ENABLE_MODULES = YES;
				CLANG_ENABLE_OBJC_ARC = YES;
				CLANG_ENABLE_OBJC_WEAK = YES;
				CLANG_WARN_BLOCK_CAPTURE_AUTORELEASING = YES;
				CLANG_WARN_BOOL_CONVERSION = YES;
				CLANG_WARN_COMMA = YES;
				CLANG_WARN_CONSTANT_CONVERSION = YES;
				CLANG_WARN_DEPRECATED_OBJC_IMPLEMENTATIONS = YES;
				CLANG_WARN_DIRECT_OBJC_ISA_USAGE = YES_ERROR;
				CLANG_WARN_DOCUMENTATION_COMMENTS = YES;
				CLANG_WARN_EMPTY_BODY = YES;
				CLANG_WARN_ENUM_CONVERSION = YES;
				CLANG_WARN_INFINITE_RECURSION = YES;
				CLANG_WARN_INT_CONVERSION = YES;
				CLANG_WARN_NON_LITERAL_NULL_CONVERSION = YES;
				CLANG_WARN_OBJC_IMPLICIT_RETAIN_SELF = YES;
				CLANG_WARN_OBJC_LITERAL_CONVERSION = YES;
				CLANG_WARN_OBJC_ROOT_CLASS = YES_ERROR;
				CLANG_WARN_QUOTED_INCLUDE_IN_FRAMEWORK_HEADER = YES;
				CLANG_WARN_RANGE_LOOP_ANALYSIS = YES;
				CLANG_WARN_STRICT_PROTOTYPES = YES;
				CLANG_WARN_SUSPICIOUS_MOVE = YES;
				CLANG_WARN_UNGUARDED_AVAILABILITY = YES_AGGRESSIVE;
				CLANG_WARN_UNREACHABLE_CODE = YES;
				CLANG_WARN__DUPLICATE_METHOD_MATCH = YES;
				COPY_PHASE_STRIP = NO;
				DEBUG_INFORMATION_FORMAT = dwarf;
				ENABLE_STRICT_OBJC_MSGSEND = YES;
				ENABLE_TESTABILITY = YES;
				ENABLE_USER_SCRIPT_SANDBOXING = YES;
				GCC_C_LANGUAGE_STANDARD = gnu17;
				GCC_DYNAMIC_NO_PIC = NO;
				GCC_NO_COMMON_BLOCKS = YES;
				GCC_OPTIMIZATION_LEVEL = 0;
				GCC_PREPROCESSOR_DEFINITIONS = (
					"DEBUG=1",
					"$(inherited)",
				);
				GCC_WARN_64_TO_32_BIT_CONVERSION = YES;
				GCC_WARN_ABOUT_RETURN_TYPE = YES_ERROR;
				GCC_WARN_UNDECLARED_SELECTOR = YES;
				GCC_WARN_UNINITIALIZED_AUTOS = YES_AGGRESSIVE;
				GCC_WARN_UNUSED_FUNCTION = YES;
				GCC_WARN_UNUSED_VARIABLE = YES;
				IPHONEOS_DEPLOYMENT_TARGET = 16.0;
				LOCALIZATION_PREFERS_STRING_CATALOGS = YES;
				MTL_ENABLE_DEBUG_INFO = INCLUDE_SOURCE;
				MTL_FAST_MATH = YES;
				ONLY_ACTIVE_ARCH = YES;
				SDKROOT = iphoneos;
				SWIFT_ACTIVE_COMPILATION_CONDITIONS = "DEBUG $(inherited)";
				SWIFT_OPTIMIZATION_LEVEL = "-Onone";
			};
			name = Debug;
		};
		32E2E0E92AF8003A009CA92E /* Release */ = {
			isa = XCBuildConfiguration;
			buildSettings = {
				ALWAYS_SEARCH_USER_PATHS = NO;
				ASSETCATALOG_COMPILER_GENERATE_SWIFT_ASSET_SYMBOL_EXTENSIONS = YES;
				CLANG_ANALYZER_NONNULL = YES;
				CLANG_ANALYZER_NUMBER_OBJECT_CONVERSION = YES_AGGRESSIVE;
				CLANG_CXX_LANGUAGE_STANDARD = "gnu++20";
				CLANG_ENABLE_MODULES = YES;
				CLANG_ENABLE_OBJC_ARC = YES;
				CLANG_ENABLE_OBJC_WEAK = YES;
				CLANG_WARN_BLOCK_CAPTURE_AUTORELEASING = YES;
				CLANG_WARN_BOOL_CONVERSION = YES;
				CLANG_WARN_COMMA = YES;
				CLANG_WARN_CONSTANT_CONVERSION = YES;
				CLANG_WARN_DEPRECATED_OBJC_IMPLEMENTATIONS = YES;
				CLANG_WARN_DIRECT_OBJC_ISA_USAGE = YES_ERROR;
				CLANG_WARN_DOCUMENTATION_COMMENTS = YES;
				CLANG_WARN_EMPTY_BODY = YES;
				CLANG_WARN_ENUM_CONVERSION = YES;
				CLANG_WARN_INFINITE_RECURSION = YES;
				CLANG_WARN_INT_CONVERSION = YES;
				CLANG_WARN_NON_LITERAL_NULL_CONVERSION = YES;
				CLANG_WARN_OBJC_IMPLICIT_RETAIN_SELF = YES;
				CLANG_WARN_OBJC_LITERAL_CONVERSION = YES;
				CLANG_WARN_OBJC_ROOT_CLASS = YES_ERROR;
				CLANG_WARN_QUOTED_INCLUDE_IN_FRAMEWORK_HEADER = YES;
				CLANG_WARN_RANGE_LOOP_ANALYSIS = YES;
				CLANG_WARN_STRICT_PROTOTYPES = YES;
				CLANG_WARN_SUSPICIOUS_MOVE = YES;
				CLANG_WARN_UNGUARDED_AVAILABILITY = YES_AGGRESSIVE;
				CLANG_WARN_UNREACHABLE_CODE = YES;
				CLANG_WARN__DUPLICATE_METHOD_MATCH = YES;
				COPY_PHASE_STRIP = NO;
				DEBUG_INFORMATION_FORMAT = "dwarf-with-dsym";
				ENABLE_NS_ASSERTIONS = NO;
				ENABLE_STRICT_OBJC_MSGSEND = YES;
				ENABLE_USER_SCRIPT_SANDBOXING = YES;
				GCC_C_LANGUAGE_STANDARD = gnu17;
				GCC_NO_COMMON_BLOCKS = YES;
				GCC_WARN_64_TO_32_BIT_CONVERSION = YES;
				GCC_WARN_ABOUT_RETURN_TYPE = YES_ERROR;
				GCC_WARN_UNDECLARED_SELECTOR = YES;
				GCC_WARN_UNINITIALIZED_AUTOS = YES_AGGRESSIVE;
				GCC_WARN_UNUSED_FUNCTION = YES;
				GCC_WARN_UNUSED_VARIABLE = YES;
				IPHONEOS_DEPLOYMENT_TARGET = 16.0;
				LOCALIZATION_PREFERS_STRING_CATALOGS = YES;
				MTL_ENABLE_DEBUG_INFO = NO;
				MTL_FAST_MATH = YES;
				SDKROOT = iphoneos;
				SWIFT_COMPILATION_MODE = wholemodule;
				VALIDATE_PRODUCT = YES;
			};
			name = Release;
		};
		32E2E0EB2AF8003A009CA92E /* Debug */ = {
			isa = XCBuildConfiguration;
			buildSettings = {
				ASSETCATALOG_COMPILER_APPICON_NAME = AppIcon;
				ASSETCATALOG_COMPILER_GLOBAL_ACCENT_COLOR_NAME = AccentColor;
				CODE_SIGN_IDENTITY = "Apple Development";
				CODE_SIGN_STYLE = Automatic;
				CURRENT_PROJECT_VERSION = 1;
				DEVELOPMENT_TEAM = F638V29VVL;
				GENERATE_INFOPLIST_FILE = YES;
				INFOPLIST_FILE = CleanerApp/Info.plist;
				INFOPLIST_KEY_UIApplicationSupportsIndirectInputEvents = YES;
				INFOPLIST_KEY_UILaunchStoryboardName = LaunchScreen;
				INFOPLIST_KEY_UIMainStoryboardFile = Main;
				INFOPLIST_KEY_UISupportedInterfaceOrientations_iPad = "UIInterfaceOrientationPortrait UIInterfaceOrientationPortraitUpsideDown UIInterfaceOrientationLandscapeLeft UIInterfaceOrientationLandscapeRight";
				INFOPLIST_KEY_UISupportedInterfaceOrientations_iPhone = "UIInterfaceOrientationPortrait UIInterfaceOrientationLandscapeLeft UIInterfaceOrientationLandscapeRight";
				IPHONEOS_DEPLOYMENT_TARGET = 15.0;
				LD_RUNPATH_SEARCH_PATHS = (
					"$(inherited)",
					"@executable_path/Frameworks",
				);
				MARKETING_VERSION = 1.0;
				PRODUCT_BUNDLE_IDENTIFIER = mac.CleanerApp;
				PRODUCT_NAME = "$(TARGET_NAME)";
				PROVISIONING_PROFILE_SPECIFIER = "";
				SWIFT_EMIT_LOC_STRINGS = YES;
				SWIFT_VERSION = 5.0;
				TARGETED_DEVICE_FAMILY = "1,2";
			};
			name = Debug;
		};
		32E2E0EC2AF8003A009CA92E /* Release */ = {
			isa = XCBuildConfiguration;
			buildSettings = {
				ASSETCATALOG_COMPILER_APPICON_NAME = AppIcon;
				ASSETCATALOG_COMPILER_GLOBAL_ACCENT_COLOR_NAME = AccentColor;
				CODE_SIGN_IDENTITY = "Apple Development";
				CODE_SIGN_STYLE = Automatic;
				CURRENT_PROJECT_VERSION = 1;
				DEVELOPMENT_TEAM = F638V29VVL;
				GENERATE_INFOPLIST_FILE = YES;
				INFOPLIST_FILE = CleanerApp/Info.plist;
				INFOPLIST_KEY_UIApplicationSupportsIndirectInputEvents = YES;
				INFOPLIST_KEY_UILaunchStoryboardName = LaunchScreen;
				INFOPLIST_KEY_UIMainStoryboardFile = Main;
				INFOPLIST_KEY_UISupportedInterfaceOrientations_iPad = "UIInterfaceOrientationPortrait UIInterfaceOrientationPortraitUpsideDown UIInterfaceOrientationLandscapeLeft UIInterfaceOrientationLandscapeRight";
				INFOPLIST_KEY_UISupportedInterfaceOrientations_iPhone = "UIInterfaceOrientationPortrait UIInterfaceOrientationLandscapeLeft UIInterfaceOrientationLandscapeRight";
				IPHONEOS_DEPLOYMENT_TARGET = 15.0;
				LD_RUNPATH_SEARCH_PATHS = (
					"$(inherited)",
					"@executable_path/Frameworks",
				);
				MARKETING_VERSION = 1.0;
				PRODUCT_BUNDLE_IDENTIFIER = mac.CleanerApp;
				PRODUCT_NAME = "$(TARGET_NAME)";
				PROVISIONING_PROFILE_SPECIFIER = "";
				SWIFT_EMIT_LOC_STRINGS = YES;
				SWIFT_VERSION = 5.0;
				TARGETED_DEVICE_FAMILY = "1,2";
			};
			name = Release;
		};
/* End XCBuildConfiguration section */

/* Begin XCConfigurationList section */
		32E2E0CE2AF80039009CA92E /* Build configuration list for PBXProject "CleanerApp" */ = {
			isa = XCConfigurationList;
			buildConfigurations = (
				32E2E0E82AF8003A009CA92E /* Debug */,
				32E2E0E92AF8003A009CA92E /* Release */,
			);
			defaultConfigurationIsVisible = 0;
			defaultConfigurationName = Release;
		};
		32E2E0EA2AF8003A009CA92E /* Build configuration list for PBXNativeTarget "CleanerApp" */ = {
			isa = XCConfigurationList;
			buildConfigurations = (
				32E2E0EB2AF8003A009CA92E /* Debug */,
				32E2E0EC2AF8003A009CA92E /* Release */,
			);
			defaultConfigurationIsVisible = 0;
			defaultConfigurationName = Release;
		};
/* End XCConfigurationList section */

/* Begin XCVersionGroup section */
		32E2E0DF2AF80039009CA92E /* CleanerApp.xcdatamodeld */ = {
			isa = XCVersionGroup;
			children = (
				32E2E0E02AF80039009CA92E /* CleanerApp.xcdatamodel */,
			);
			currentVersion = 32E2E0E02AF80039009CA92E /* CleanerApp.xcdatamodel */;
			path = CleanerApp.xcdatamodeld;
			sourceTree = "<group>";
			versionGroupType = wrapper.xcdatamodel;
		};
/* End XCVersionGroup section */
	};
	rootObject = 32E2E0CB2AF80039009CA92E /* Project object */;
}
