// !$*UTF8*$!
{
	archiveVersion = 1;
	classes = {
	};
	objectVersion = 70;
	objects = {

/* Begin PBXBuildFile section */
		010837943DB44673A4A2056A /* IncompleteContactsView.swift in Sources */ = {isa = PBXBuildFile; fileRef = EA9F54FA406C4FB6988452B5 /* IncompleteContactsView.swift */; };
		047A31BE2755493DB7AD4458 /* CalendarView.swift in Sources */ = {isa = PBXBuildFile; fileRef = D1E69117503A420F8409011C /* CalendarView.swift */; };
		0E9BF6A4CDE743AD9981A561 /* LaunchView.swift in Sources */ = {isa = PBXBuildFile; fileRef = 9A2CAF02463A47CC814E3939 /* LaunchView.swift */; };
		246C71CE2F084D0484B7F660 /* SecretAlbumView.swift in Sources */ = {isa = PBXBuildFile; fileRef = 2788693827F1404A960F0CFB /* SecretAlbumView.swift */; };
		24D48CDA2E465A4E0014CDCA /* UIDevice + Extension.swift in Sources */ = {isa = PBXBuildFile; fileRef = 24D48CD92E465A4E0014CDCA /* UIDevice + Extension.swift */; };
		2E9CB0EF54936C640A34C2FB /* CompressQualityView.swift in Sources */ = {isa = PBXBuildFile; fileRef = 28F0B7FE7D26280843C12733 /* CompressQualityView.swift */; };
		3201A2702B38B023003DB928 /* CalendarViewModel.swift in Sources */ = {isa = PBXBuildFile; fileRef = 3201A26F2B38B023003DB928 /* CalendarViewModel.swift */; };
		3201A2782B394D1D003DB928 /* CustomEKEventModel.swift in Sources */ = {isa = PBXBuildFile; fileRef = 3201A2772B394D1D003DB928 /* CustomEKEventModel.swift */; };
		321B0ABA2B00BD7100E4300D /* VideoCompressor.swift in Sources */ = {isa = PBXBuildFile; fileRef = 321B0AB92B00BD7100E4300D /* VideoCompressor.swift */; };
		32231B612B04B946009AE1E0 /* SecretSpaceModel.swift in Sources */ = {isa = PBXBuildFile; fileRef = 32231B602B04B946009AE1E0 /* SecretSpaceModel.swift */; };
		323A25E22B84A62E006AD2FB /* OrganizeContactViewModel.swift in Sources */ = {isa = PBXBuildFile; fileRef = 323A25E12B84A62E006AD2FB /* OrganizeContactViewModel.swift */; };
		323A25EF2B850174006AD2FB /* DuplicateContactsViewModel.swift in Sources */ = {isa = PBXBuildFile; fileRef = 323A25EE2B850173006AD2FB /* DuplicateContactsViewModel.swift */; };
		324943452B680C700035FE64 /* CircularProgressView.swift in Sources */ = {isa = PBXBuildFile; fileRef = 324943442B680C700035FE64 /* CircularProgressView.swift */; };
		324A76BA2AFB229A00EE5AD5 /* VideoCompressViewModel.swift in Sources */ = {isa = PBXBuildFile; fileRef = 324A76B92AFB229900EE5AD5 /* VideoCompressViewModel.swift */; };
		324A76BC2AFB243F00EE5AD5 /* Extension.swift in Sources */ = {isa = PBXBuildFile; fileRef = 324A76BB2AFB243F00EE5AD5 /* Extension.swift */; };
		324A76BE2AFB28E500EE5AD5 /* CompressVideoModel.swift in Sources */ = {isa = PBXBuildFile; fileRef = 324A76BD2AFB28E500EE5AD5 /* CompressVideoModel.swift */; };
		324AA8F72B34069D001DAF2E /* CoreDataManager.swift in Sources */ = {isa = PBXBuildFile; fileRef = 324AA8F62B34069D001DAF2E /* CoreDataManager.swift */; };
		326709522B374ECC003515D4 /* HomeViewModel.swift in Sources */ = {isa = PBXBuildFile; fileRef = 326709512B374ECC003515D4 /* HomeViewModel.swift */; };
		326709542B375D11003515D4 /* DeviceInfoManager.swift in Sources */ = {isa = PBXBuildFile; fileRef = 326709532B375D11003515D4 /* DeviceInfoManager.swift */; };
		32682CB02B36D17800B9B7BD /* IconView.swift in Sources */ = {isa = PBXBuildFile; fileRef = 32682CAF2B36D17800B9B7BD /* IconView.swift */; };
		326BF4BC2B9835B0003D8427 /* IncompleteContactViewModel.swift in Sources */ = {isa = PBXBuildFile; fileRef = 326BF4BB2B9835B0003D8427 /* IncompleteContactViewModel.swift */; };
		327474C32B7AB8420034A587 /* EventsHandler.swift in Sources */ = {isa = PBXBuildFile; fileRef = 327474C22B7AB8420034A587 /* EventsHandler.swift */; };
		327C25BE2B794F8C00EA0E36 /* GoogleService-Info.plist in Resources */ = {isa = PBXBuildFile; fileRef = 327C25BD2B794F8C00EA0E36 /* GoogleService-Info.plist */; };
		327C25C12B79509100EA0E36 /* FirebaseAnalytics in Frameworks */ = {isa = PBXBuildFile; productRef = 327C25C02B79509100EA0E36 /* FirebaseAnalytics */; };
		327C25C32B79509100EA0E36 /* FirebaseAnalyticsOnDeviceConversion in Frameworks */ = {isa = PBXBuildFile; productRef = 327C25C22B79509100EA0E36 /* FirebaseAnalyticsOnDeviceConversion */; };
		327C25C52B79509100EA0E36 /* FirebaseAnalyticsSwift in Frameworks */ = {isa = PBXBuildFile; productRef = 327C25C42B79509100EA0E36 /* FirebaseAnalyticsSwift */; };
		327C25C72B79509100EA0E36 /* FirebaseAnalyticsWithoutAdIdSupport in Frameworks */ = {isa = PBXBuildFile; productRef = 327C25C62B79509100EA0E36 /* FirebaseAnalyticsWithoutAdIdSupport */; };
		327C25C92B79509100EA0E36 /* FirebaseAppCheck in Frameworks */ = {isa = PBXBuildFile; productRef = 327C25C82B79509100EA0E36 /* FirebaseAppCheck */; };
		327C25CB2B79509100EA0E36 /* FirebaseAppDistribution-Beta in Frameworks */ = {isa = PBXBuildFile; productRef = 327C25CA2B79509100EA0E36 /* FirebaseAppDistribution-Beta */; };
		327C25CD2B79509100EA0E36 /* FirebaseAuth in Frameworks */ = {isa = PBXBuildFile; productRef = 327C25CC2B79509100EA0E36 /* FirebaseAuth */; };
		327C25CF2B79509100EA0E36 /* FirebaseAuthCombine-Community in Frameworks */ = {isa = PBXBuildFile; productRef = 327C25CE2B79509100EA0E36 /* FirebaseAuthCombine-Community */; };
		327C25D12B79509100EA0E36 /* FirebaseCrashlytics in Frameworks */ = {isa = PBXBuildFile; productRef = 327C25D02B79509100EA0E36 /* FirebaseCrashlytics */; };
		327C25D32B79509100EA0E36 /* FirebaseDatabase in Frameworks */ = {isa = PBXBuildFile; productRef = 327C25D22B79509100EA0E36 /* FirebaseDatabase */; };
		327C25D52B79509100EA0E36 /* FirebaseDatabaseSwift in Frameworks */ = {isa = PBXBuildFile; productRef = 327C25D42B79509100EA0E36 /* FirebaseDatabaseSwift */; };
		327C25D72B79509100EA0E36 /* FirebaseDynamicLinks in Frameworks */ = {isa = PBXBuildFile; productRef = 327C25D62B79509100EA0E36 /* FirebaseDynamicLinks */; };
		327C25D92B79509100EA0E36 /* FirebaseFirestore in Frameworks */ = {isa = PBXBuildFile; productRef = 327C25D82B79509100EA0E36 /* FirebaseFirestore */; };
		327C25DB2B79509100EA0E36 /* FirebaseFirestoreCombine-Community in Frameworks */ = {isa = PBXBuildFile; productRef = 327C25DA2B79509100EA0E36 /* FirebaseFirestoreCombine-Community */; };
		327C25DD2B79509100EA0E36 /* FirebaseFirestoreSwift in Frameworks */ = {isa = PBXBuildFile; productRef = 327C25DC2B79509100EA0E36 /* FirebaseFirestoreSwift */; };
		327C25DF2B79509100EA0E36 /* FirebaseFunctions in Frameworks */ = {isa = PBXBuildFile; productRef = 327C25DE2B79509100EA0E36 /* FirebaseFunctions */; };
		327C25E12B79509100EA0E36 /* FirebaseFunctionsCombine-Community in Frameworks */ = {isa = PBXBuildFile; productRef = 327C25E02B79509100EA0E36 /* FirebaseFunctionsCombine-Community */; };
		327C25E32B79509100EA0E36 /* FirebaseInAppMessaging-Beta in Frameworks */ = {isa = PBXBuildFile; productRef = 327C25E22B79509100EA0E36 /* FirebaseInAppMessaging-Beta */; };
		327C25E52B79509100EA0E36 /* FirebaseInAppMessagingSwift-Beta in Frameworks */ = {isa = PBXBuildFile; productRef = 327C25E42B79509100EA0E36 /* FirebaseInAppMessagingSwift-Beta */; };
		327C25E72B79509100EA0E36 /* FirebaseInstallations in Frameworks */ = {isa = PBXBuildFile; productRef = 327C25E62B79509100EA0E36 /* FirebaseInstallations */; };
		327C25E92B79509100EA0E36 /* FirebaseMLModelDownloader in Frameworks */ = {isa = PBXBuildFile; productRef = 327C25E82B79509100EA0E36 /* FirebaseMLModelDownloader */; };
		327C25EB2B79509100EA0E36 /* FirebaseMessaging in Frameworks */ = {isa = PBXBuildFile; productRef = 327C25EA2B79509100EA0E36 /* FirebaseMessaging */; };
		327C25ED2B79509100EA0E36 /* FirebasePerformance in Frameworks */ = {isa = PBXBuildFile; productRef = 327C25EC2B79509100EA0E36 /* FirebasePerformance */; };
		327C25EF2B79509100EA0E36 /* FirebaseRemoteConfig in Frameworks */ = {isa = PBXBuildFile; productRef = 327C25EE2B79509100EA0E36 /* FirebaseRemoteConfig */; };
		327C25F12B79509100EA0E36 /* FirebaseRemoteConfigSwift in Frameworks */ = {isa = PBXBuildFile; productRef = 327C25F02B79509100EA0E36 /* FirebaseRemoteConfigSwift */; };
		327C25F32B79509100EA0E36 /* FirebaseStorage in Frameworks */ = {isa = PBXBuildFile; productRef = 327C25F22B79509100EA0E36 /* FirebaseStorage */; };
		327C25F52B79509100EA0E36 /* FirebaseStorageCombine-Community in Frameworks */ = {isa = PBXBuildFile; productRef = 327C25F42B79509100EA0E36 /* FirebaseStorageCombine-Community */; };
		32A2D08B2B3C0FD700C27BA0 /* GalleryManager.swift in Sources */ = {isa = PBXBuildFile; fileRef = 32A2D08A2B3C0FD700C27BA0 /* GalleryManager.swift */; };
		32A2D08F2B3D33EC00C27BA0 /* DBAsset+CoreDataClass.swift in Sources */ = {isa = PBXBuildFile; fileRef = 32A2D08D2B3D33EC00C27BA0 /* DBAsset+CoreDataClass.swift */; };
		32A2D0902B3D33EC00C27BA0 /* DBAsset+CoreDataProperties.swift in Sources */ = {isa = PBXBuildFile; fileRef = 32A2D08E2B3D33EC00C27BA0 /* DBAsset+CoreDataProperties.swift */; };
		32B3C1F72B497355000B0727 /* MediaModel.swift in Sources */ = {isa = PBXBuildFile; fileRef = 32B3C1F62B497355000B0727 /* MediaModel.swift */; };
		32B3C1F92B4974F4000B0727 /* MediaViewModel.swift in Sources */ = {isa = PBXBuildFile; fileRef = 32B3C1F82B4974F4000B0727 /* MediaViewModel.swift */; };
		32B6C5AE2B01357600A691AE /* CompressQualitySelectionViewModel.swift in Sources */ = {isa = PBXBuildFile; fileRef = 32B6C5AD2B01357600A691AE /* CompressQualitySelectionViewModel.swift */; };
		32BD2A7D2B483D010039E85E /* BaseViewModel.swift in Sources */ = {isa = PBXBuildFile; fileRef = 32BD2A7C2B483D010039E85E /* BaseViewModel.swift */; };
		32BF2C962AF94E3700045343 /* FutureHomeModel.swift in Sources */ = {isa = PBXBuildFile; fileRef = 32BF2C952AF94E3700045343 /* FutureHomeModel.swift */; };
		32BF2C982AF94E4F00045343 /* FutureHomeViewModel.swift in Sources */ = {isa = PBXBuildFile; fileRef = 32BF2C972AF94E4F00045343 /* FutureHomeViewModel.swift */; };
		32D336CD2AFE0494006C504E /* CompressVideosHeaderView.swift in Sources */ = {isa = PBXBuildFile; fileRef = 32D336CC2AFE0494006C504E /* CompressVideosHeaderView.swift */; };
		32D336CF2AFE152B006C504E /* GridCollectionViewFlowLayout.swift in Sources */ = {isa = PBXBuildFile; fileRef = 32D336CE2AFE152B006C504E /* GridCollectionViewFlowLayout.swift */; };
		32E2E0D72AF80039009CA92E /* AppDelegate.swift in Sources */ = {isa = PBXBuildFile; fileRef = 32E2E0D62AF80039009CA92E /* AppDelegate.swift */; };
		32E2E0E12AF80039009CA92E /* CleanerApp.xcdatamodeld in Sources */ = {isa = PBXBuildFile; fileRef = 32E2E0DF2AF80039009CA92E /* CleanerApp.xcdatamodeld */; };
		32E2E0E32AF8003A009CA92E /* Assets.xcassets in Resources */ = {isa = PBXBuildFile; fileRef = 32E2E0E22AF8003A009CA92E /* Assets.xcassets */; };
		32E2E0E62AF8003A009CA92E /* LaunchScreen.storyboard in Resources */ = {isa = PBXBuildFile; fileRef = 32E2E0E42AF8003A009CA92E /* LaunchScreen.storyboard */; };
		35B127E23F754F088E08F741 /* AllContactsView.swift in Sources */ = {isa = PBXBuildFile; fileRef = 58B4408C593C4872A9E83AD3 /* AllContactsView.swift */; };
		3B6C8E5661984AFC83C082F3 /* DuplicateContactsView.swift in Sources */ = {isa = PBXBuildFile; fileRef = A5C7A9BA3F6A4D508E68F0F8 /* DuplicateContactsView.swift */; };
		43FE517B39B549E0977C5DC9 /* RootView.swift in Sources */ = {isa = PBXBuildFile; fileRef = A6448DF0DB854B8A9AE6DA87 /* RootView.swift */; };
		468A1B4BF2DC47E1B1B0B2BB /* ContactsHubView.swift in Sources */ = {isa = PBXBuildFile; fileRef = 938FE4A623834CE79D8FFEC4 /* ContactsHubView.swift */; };
		49809DE12C019E5B00373865 /* AllContactsVIewModel.swift in Sources */ = {isa = PBXBuildFile; fileRef = 49809DE02C019E5B00373865 /* AllContactsVIewModel.swift */; };
		49DB037E2C5661A600F0052E /* AlertToast in Frameworks */ = {isa = PBXBuildFile; productRef = 49DB037D2C5661A600F0052E /* AlertToast */; };
		49DB03862C567C3900F0052E /* Global.swift in Sources */ = {isa = PBXBuildFile; fileRef = 49DB03852C567C3900F0052E /* Global.swift */; };
		50297243B3501B3889A08C83 /* MediaHubView.swift in Sources */ = {isa = PBXBuildFile; fileRef = CD9DD6A26845F854618DF589 /* MediaHubView.swift */; };
		54E7F424B5672E67B5821F17 /* VideoCompressorView.swift in Sources */ = {isa = PBXBuildFile; fileRef = 83BC808027F872DB65208EEF /* VideoCompressorView.swift */; };
		774151C92F07EC7900E2E854 /* AppState.swift in Sources */ = {isa = PBXBuildFile; fileRef = 774151C42F07EC7900E2E854 /* AppState.swift */; };
		774151CA2F07EC7900E2E854 /* CleanerApp.swift in Sources */ = {isa = PBXBuildFile; fileRef = 774151C62F07EC7900E2E854 /* CleanerApp.swift */; };
		774151CB2F07EC7900E2E854 /* TabBarView.swift in Sources */ = {isa = PBXBuildFile; fileRef = 774151C72F07EC7900E2E854 /* TabBarView.swift */; };
		774151CC2F07EC7900E2E854 /* AppearanceManager.swift in Sources */ = {isa = PBXBuildFile; fileRef = 774151C32F07EC7900E2E854 /* AppearanceManager.swift */; };
		79ACBE738127784EB1A4F533 /* MediaGridView.swift in Sources */ = {isa = PBXBuildFile; fileRef = 8563D329FA02D7529B5EDD88 /* MediaGridView.swift */; };
		94DCCA2D9083E120DE04C86D /* PrivacyPolicyView.swift in Sources */ = {isa = PBXBuildFile; fileRef = E66EE681F21C607CD05E9B20 /* PrivacyPolicyView.swift */; };
		9F042F254F1248D7B73A5D8B /* SecretSpaceView.swift in Sources */ = {isa = PBXBuildFile; fileRef = 7DD70B3C769C4ED084BFBB15 /* SecretSpaceView.swift */; };
		B829524DDCB207A3506DDA43 /* HomeView.swift in Sources */ = {isa = PBXBuildFile; fileRef = F4E50AEA6F9641E866274EBC /* HomeView.swift */; };
		DA45C51D2CA9AF45003C884B /* FeatureRequestViewModel.swift in Sources */ = {isa = PBXBuildFile; fileRef = DA45C51C2CA9AF45003C884B /* FeatureRequestViewModel.swift */; };
		DA6FD9122C98EE43006B1BF4 /* SettingModel.swift in Sources */ = {isa = PBXBuildFile; fileRef = DA6FD9112C98EE43006B1BF4 /* SettingModel.swift */; };
		DA6FD9142C996C0A006B1BF4 /* SettingView.swift in Sources */ = {isa = PBXBuildFile; fileRef = DA6FD9132C996C0A006B1BF4 /* SettingView.swift */; };
		DA6FD9162C99953E006B1BF4 /* SettingViewModel.swift in Sources */ = {isa = PBXBuildFile; fileRef = DA6FD9152C99953E006B1BF4 /* SettingViewModel.swift */; };
		DA6FD9182C99C1E5006B1BF4 /* FeatureRequestView.swift in Sources */ = {isa = PBXBuildFile; fileRef = DA6FD9172C99C1E5006B1BF4 /* FeatureRequestView.swift */; };
		DA78270B2C9A7EAB004BCB66 /* FeatureRequestModel.swift in Sources */ = {isa = PBXBuildFile; fileRef = DA78270A2C9A7EAB004BCB66 /* FeatureRequestModel.swift */; };
		DA78270D2C9A8072004BCB66 /* AddFeatureView.swift in Sources */ = {isa = PBXBuildFile; fileRef = DA78270C2C9A8072004BCB66 /* AddFeatureView.swift */; };
		DA78270F2C9A987B004BCB66 /* AddFeatureViewModel.swift in Sources */ = {isa = PBXBuildFile; fileRef = DA78270E2C9A987B004BCB66 /* AddFeatureViewModel.swift */; };
/* End PBXBuildFile section */

/* Begin PBXFileReference section */
		24D48CD92E465A4E0014CDCA /* UIDevice + Extension.swift */ = {isa = PBXFileReference; lastKnownFileType = sourcecode.swift; path = "UIDevice + Extension.swift"; sourceTree = "<group>"; };
		2788693827F1404A960F0CFB /* SecretAlbumView.swift */ = {isa = PBXFileReference; lastKnownFileType = sourcecode.swift; path = SecretAlbumView.swift; sourceTree = "<group>"; };
		28F0B7FE7D26280843C12733 /* CompressQualityView.swift */ = {isa = PBXFileReference; lastKnownFileType = sourcecode.swift; path = CompressQualityView.swift; sourceTree = "<group>"; };
		3201A26F2B38B023003DB928 /* CalendarViewModel.swift */ = {isa = PBXFileReference; lastKnownFileType = sourcecode.swift; path = CalendarViewModel.swift; sourceTree = "<group>"; };
		3201A2772B394D1D003DB928 /* CustomEKEventModel.swift */ = {isa = PBXFileReference; lastKnownFileType = sourcecode.swift; path = CustomEKEventModel.swift; sourceTree = "<group>"; };
		321B0AB92B00BD7100E4300D /* VideoCompressor.swift */ = {isa = PBXFileReference; lastKnownFileType = sourcecode.swift; path = VideoCompressor.swift; sourceTree = "<group>"; };
		32231B602B04B946009AE1E0 /* SecretSpaceModel.swift */ = {isa = PBXFileReference; lastKnownFileType = sourcecode.swift; path = SecretSpaceModel.swift; sourceTree = "<group>"; };
		323A25E12B84A62E006AD2FB /* OrganizeContactViewModel.swift */ = {isa = PBXFileReference; lastKnownFileType = sourcecode.swift; path = OrganizeContactViewModel.swift; sourceTree = "<group>"; };
		323A25EE2B850173006AD2FB /* DuplicateContactsViewModel.swift */ = {isa = PBXFileReference; lastKnownFileType = sourcecode.swift; path = DuplicateContactsViewModel.swift; sourceTree = "<group>"; };
		324943442B680C700035FE64 /* CircularProgressView.swift */ = {isa = PBXFileReference; lastKnownFileType = sourcecode.swift; path = CircularProgressView.swift; sourceTree = "<group>"; };
		324A76B92AFB229900EE5AD5 /* VideoCompressViewModel.swift */ = {isa = PBXFileReference; lastKnownFileType = sourcecode.swift; path = VideoCompressViewModel.swift; sourceTree = "<group>"; };
		324A76BB2AFB243F00EE5AD5 /* Extension.swift */ = {isa = PBXFileReference; lastKnownFileType = sourcecode.swift; path = Extension.swift; sourceTree = "<group>"; };
		324A76BD2AFB28E500EE5AD5 /* CompressVideoModel.swift */ = {isa = PBXFileReference; lastKnownFileType = sourcecode.swift; path = CompressVideoModel.swift; sourceTree = "<group>"; };
		324AA8F62B34069D001DAF2E /* CoreDataManager.swift */ = {isa = PBXFileReference; lastKnownFileType = sourcecode.swift; path = CoreDataManager.swift; sourceTree = "<group>"; };
		326709512B374ECC003515D4 /* HomeViewModel.swift */ = {isa = PBXFileReference; lastKnownFileType = sourcecode.swift; path = HomeViewModel.swift; sourceTree = "<group>"; };
		326709532B375D11003515D4 /* DeviceInfoManager.swift */ = {isa = PBXFileReference; lastKnownFileType = sourcecode.swift; path = DeviceInfoManager.swift; sourceTree = "<group>"; };
		32682CAF2B36D17800B9B7BD /* IconView.swift */ = {isa = PBXFileReference; lastKnownFileType = sourcecode.swift; path = IconView.swift; sourceTree = "<group>"; };
		326BF4BB2B9835B0003D8427 /* IncompleteContactViewModel.swift */ = {isa = PBXFileReference; lastKnownFileType = sourcecode.swift; path = IncompleteContactViewModel.swift; sourceTree = "<group>"; };
		327474C22B7AB8420034A587 /* EventsHandler.swift */ = {isa = PBXFileReference; lastKnownFileType = sourcecode.swift; path = EventsHandler.swift; sourceTree = "<group>"; };
		327C25BD2B794F8C00EA0E36 /* GoogleService-Info.plist */ = {isa = PBXFileReference; fileEncoding = 4; lastKnownFileType = text.plist.xml; path = "GoogleService-Info.plist"; sourceTree = "<group>"; };
		32A2D08A2B3C0FD700C27BA0 /* GalleryManager.swift */ = {isa = PBXFileReference; lastKnownFileType = sourcecode.swift; path = GalleryManager.swift; sourceTree = "<group>"; };
		32A2D08D2B3D33EC00C27BA0 /* DBAsset+CoreDataClass.swift */ = {isa = PBXFileReference; lastKnownFileType = sourcecode.swift; path = "DBAsset+CoreDataClass.swift"; sourceTree = SOURCE_ROOT; };
		32A2D08E2B3D33EC00C27BA0 /* DBAsset+CoreDataProperties.swift */ = {isa = PBXFileReference; lastKnownFileType = sourcecode.swift; path = "DBAsset+CoreDataProperties.swift"; sourceTree = SOURCE_ROOT; };
		32B3C1F62B497355000B0727 /* MediaModel.swift */ = {isa = PBXFileReference; lastKnownFileType = sourcecode.swift; path = MediaModel.swift; sourceTree = "<group>"; };
		32B3C1F82B4974F4000B0727 /* MediaViewModel.swift */ = {isa = PBXFileReference; lastKnownFileType = sourcecode.swift; path = MediaViewModel.swift; sourceTree = "<group>"; };
		32B6C5AD2B01357600A691AE /* CompressQualitySelectionViewModel.swift */ = {isa = PBXFileReference; lastKnownFileType = sourcecode.swift; path = CompressQualitySelectionViewModel.swift; sourceTree = "<group>"; };
		32BD2A7C2B483D010039E85E /* BaseViewModel.swift */ = {isa = PBXFileReference; lastKnownFileType = sourcecode.swift; path = BaseViewModel.swift; sourceTree = "<group>"; };
		32BF2C952AF94E3700045343 /* FutureHomeModel.swift */ = {isa = PBXFileReference; lastKnownFileType = sourcecode.swift; path = FutureHomeModel.swift; sourceTree = "<group>"; };
		32BF2C972AF94E4F00045343 /* FutureHomeViewModel.swift */ = {isa = PBXFileReference; lastKnownFileType = sourcecode.swift; path = FutureHomeViewModel.swift; sourceTree = "<group>"; };
		32D336CC2AFE0494006C504E /* CompressVideosHeaderView.swift */ = {isa = PBXFileReference; lastKnownFileType = sourcecode.swift; path = CompressVideosHeaderView.swift; sourceTree = "<group>"; };
		32D336CE2AFE152B006C504E /* GridCollectionViewFlowLayout.swift */ = {isa = PBXFileReference; lastKnownFileType = sourcecode.swift; path = GridCollectionViewFlowLayout.swift; sourceTree = "<group>"; };
		32E2E0D32AF80039009CA92E /* CleanerApp.app */ = {isa = PBXFileReference; explicitFileType = wrapper.application; includeInIndex = 0; path = CleanerApp.app; sourceTree = BUILT_PRODUCTS_DIR; };
		32E2E0D62AF80039009CA92E /* AppDelegate.swift */ = {isa = PBXFileReference; lastKnownFileType = sourcecode.swift; path = AppDelegate.swift; sourceTree = "<group>"; };
		32E2E0E02AF80039009CA92E /* CleanerApp.xcdatamodel */ = {isa = PBXFileReference; lastKnownFileType = wrapper.xcdatamodel; path = CleanerApp.xcdatamodel; sourceTree = "<group>"; };
		32E2E0E22AF8003A009CA92E /* Assets.xcassets */ = {isa = PBXFileReference; lastKnownFileType = folder.assetcatalog; path = Assets.xcassets; sourceTree = "<group>"; };
		32E2E0E52AF8003A009CA92E /* Base */ = {isa = PBXFileReference; lastKnownFileType = file.storyboard; name = Base; path = Base.lproj/LaunchScreen.storyboard; sourceTree = "<group>"; };
		32E2E0E72AF8003A009CA92E /* Info.plist */ = {isa = PBXFileReference; lastKnownFileType = text.plist.xml; path = Info.plist; sourceTree = "<group>"; };
		49809DE02C019E5B00373865 /* AllContactsVIewModel.swift */ = {isa = PBXFileReference; lastKnownFileType = sourcecode.swift; path = AllContactsVIewModel.swift; sourceTree = "<group>"; };
		49DB03852C567C3900F0052E /* Global.swift */ = {isa = PBXFileReference; lastKnownFileType = sourcecode.swift; path = Global.swift; sourceTree = "<group>"; };
		58B4408C593C4872A9E83AD3 /* AllContactsView.swift */ = {isa = PBXFileReference; lastKnownFileType = sourcecode.swift; path = AllContactsView.swift; sourceTree = "<group>"; };
		774151C32F07EC7900E2E854 /* AppearanceManager.swift */ = {isa = PBXFileReference; lastKnownFileType = sourcecode.swift; path = AppearanceManager.swift; sourceTree = "<group>"; };
		774151C42F07EC7900E2E854 /* AppState.swift */ = {isa = PBXFileReference; lastKnownFileType = sourcecode.swift; path = AppState.swift; sourceTree = "<group>"; };
		774151C62F07EC7900E2E854 /* CleanerApp.swift */ = {isa = PBXFileReference; lastKnownFileType = sourcecode.swift; path = CleanerApp.swift; sourceTree = "<group>"; };
		774151C72F07EC7900E2E854 /* TabBarView.swift */ = {isa = PBXFileReference; lastKnownFileType = sourcecode.swift; path = TabBarView.swift; sourceTree = "<group>"; };
		7DD70B3C769C4ED084BFBB15 /* SecretSpaceView.swift */ = {isa = PBXFileReference; lastKnownFileType = sourcecode.swift; path = SecretSpaceView.swift; sourceTree = "<group>"; };
		83BC808027F872DB65208EEF /* VideoCompressorView.swift */ = {isa = PBXFileReference; lastKnownFileType = sourcecode.swift; path = VideoCompressorView.swift; sourceTree = "<group>"; };
		8563D329FA02D7529B5EDD88 /* MediaGridView.swift */ = {isa = PBXFileReference; lastKnownFileType = sourcecode.swift; path = MediaGridView.swift; sourceTree = "<group>"; };
		938FE4A623834CE79D8FFEC4 /* ContactsHubView.swift */ = {isa = PBXFileReference; lastKnownFileType = sourcecode.swift; path = ContactsHubView.swift; sourceTree = "<group>"; };
		9A2CAF02463A47CC814E3939 /* LaunchView.swift */ = {isa = PBXFileReference; lastKnownFileType = sourcecode.swift; path = LaunchView.swift; sourceTree = "<group>"; };
		A5C7A9BA3F6A4D508E68F0F8 /* DuplicateContactsView.swift */ = {isa = PBXFileReference; lastKnownFileType = sourcecode.swift; path = DuplicateContactsView.swift; sourceTree = "<group>"; };
		A6448DF0DB854B8A9AE6DA87 /* RootView.swift */ = {isa = PBXFileReference; lastKnownFileType = sourcecode.swift; path = RootView.swift; sourceTree = "<group>"; };
		CD9DD6A26845F854618DF589 /* MediaHubView.swift */ = {isa = PBXFileReference; lastKnownFileType = sourcecode.swift; path = MediaHubView.swift; sourceTree = "<group>"; };
		D1E69117503A420F8409011C /* CalendarView.swift */ = {isa = PBXFileReference; lastKnownFileType = sourcecode.swift; path = CalendarView.swift; sourceTree = "<group>"; };
		DA45C51C2CA9AF45003C884B /* FeatureRequestViewModel.swift */ = {isa = PBXFileReference; lastKnownFileType = sourcecode.swift; path = FeatureRequestViewModel.swift; sourceTree = "<group>"; };
		DA6FD9112C98EE43006B1BF4 /* SettingModel.swift */ = {isa = PBXFileReference; lastKnownFileType = sourcecode.swift; path = SettingModel.swift; sourceTree = "<group>"; };
		DA6FD9132C996C0A006B1BF4 /* SettingView.swift */ = {isa = PBXFileReference; lastKnownFileType = sourcecode.swift; path = SettingView.swift; sourceTree = "<group>"; };
		DA6FD9152C99953E006B1BF4 /* SettingViewModel.swift */ = {isa = PBXFileReference; lastKnownFileType = sourcecode.swift; path = SettingViewModel.swift; sourceTree = "<group>"; };
		DA6FD9172C99C1E5006B1BF4 /* FeatureRequestView.swift */ = {isa = PBXFileReference; lastKnownFileType = sourcecode.swift; path = FeatureRequestView.swift; sourceTree = "<group>"; };
		DA78270A2C9A7EAB004BCB66 /* FeatureRequestModel.swift */ = {isa = PBXFileReference; lastKnownFileType = sourcecode.swift; path = FeatureRequestModel.swift; sourceTree = "<group>"; };
		DA78270C2C9A8072004BCB66 /* AddFeatureView.swift */ = {isa = PBXFileReference; lastKnownFileType = sourcecode.swift; path = AddFeatureView.swift; sourceTree = "<group>"; };
		DA78270E2C9A987B004BCB66 /* AddFeatureViewModel.swift */ = {isa = PBXFileReference; lastKnownFileType = sourcecode.swift; path = AddFeatureViewModel.swift; sourceTree = "<group>"; };
		E66EE681F21C607CD05E9B20 /* PrivacyPolicyView.swift */ = {isa = PBXFileReference; lastKnownFileType = sourcecode.swift; path = PrivacyPolicyView.swift; sourceTree = "<group>"; };
		EA9F54FA406C4FB6988452B5 /* IncompleteContactsView.swift */ = {isa = PBXFileReference; lastKnownFileType = sourcecode.swift; path = IncompleteContactsView.swift; sourceTree = "<group>"; };
		F4E50AEA6F9641E866274EBC /* HomeView.swift */ = {isa = PBXFileReference; lastKnownFileType = sourcecode.swift; path = HomeView.swift; sourceTree = "<group>"; };
/* End PBXFileReference section */

/* Begin PBXFileSystemSynchronizedRootGroup section */
		24D48CD72E46529C0014CDCA /* FireStore  */ = {isa = PBXFileSystemSynchronizedRootGroup; explicitFileTypes = {}; explicitFolders = (); path = "FireStore "; sourceTree = "<group>"; };
/* End PBXFileSystemSynchronizedRootGroup section */

/* Begin PBXFrameworksBuildPhase section */
		32E2E0D02AF80039009CA92E /* Frameworks */ = {
			isa = PBXFrameworksBuildPhase;
			buildActionMask = 2147483647;
			files = (
				327C25D32B79509100EA0E36 /* FirebaseDatabase in Frameworks */,
				49DB037E2C5661A600F0052E /* AlertToast in Frameworks */,
				327C25E12B79509100EA0E36 /* FirebaseFunctionsCombine-Community in Frameworks */,
				327C25D92B79509100EA0E36 /* FirebaseFirestore in Frameworks */,
				327C25C52B79509100EA0E36 /* FirebaseAnalyticsSwift in Frameworks */,
				327C25C12B79509100EA0E36 /* FirebaseAnalytics in Frameworks */,
				327C25C32B79509100EA0E36 /* FirebaseAnalyticsOnDeviceConversion in Frameworks */,
				327C25E92B79509100EA0E36 /* FirebaseMLModelDownloader in Frameworks */,
				327C25DD2B79509100EA0E36 /* FirebaseFirestoreSwift in Frameworks */,
				327C25C92B79509100EA0E36 /* FirebaseAppCheck in Frameworks */,
				327C25C72B79509100EA0E36 /* FirebaseAnalyticsWithoutAdIdSupport in Frameworks */,
				327C25CD2B79509100EA0E36 /* FirebaseAuth in Frameworks */,
				327C25D12B79509100EA0E36 /* FirebaseCrashlytics in Frameworks */,
				327C25F12B79509100EA0E36 /* FirebaseRemoteConfigSwift in Frameworks */,
				327C25E32B79509100EA0E36 /* FirebaseInAppMessaging-Beta in Frameworks */,
				327C25D52B79509100EA0E36 /* FirebaseDatabaseSwift in Frameworks */,
				327C25DF2B79509100EA0E36 /* FirebaseFunctions in Frameworks */,
				327C25F52B79509100EA0E36 /* FirebaseStorageCombine-Community in Frameworks */,
				327C25EF2B79509100EA0E36 /* FirebaseRemoteConfig in Frameworks */,
				327C25CB2B79509100EA0E36 /* FirebaseAppDistribution-Beta in Frameworks */,
				327C25CF2B79509100EA0E36 /* FirebaseAuthCombine-Community in Frameworks */,
				327C25ED2B79509100EA0E36 /* FirebasePerformance in Frameworks */,
				327C25E52B79509100EA0E36 /* FirebaseInAppMessagingSwift-Beta in Frameworks */,
				327C25F32B79509100EA0E36 /* FirebaseStorage in Frameworks */,
				327C25D72B79509100EA0E36 /* FirebaseDynamicLinks in Frameworks */,
				327C25DB2B79509100EA0E36 /* FirebaseFirestoreCombine-Community in Frameworks */,
				327C25EB2B79509100EA0E36 /* FirebaseMessaging in Frameworks */,
				327C25E72B79509100EA0E36 /* FirebaseInstallations in Frameworks */,
			);
			runOnlyForDeploymentPostprocessing = 0;
		};
/* End PBXFrameworksBuildPhase section */

/* Begin PBXGroup section */
		04284B092BF489190078B939 /* Setting Screen */ = {
			isa = PBXGroup;
			children = (
				24D48CCF2E4651FF0014CDCA /* Model */,
				24D48CD12E4652130014CDCA /* View */,
				24D48CD02E4652090014CDCA /* View Model */,
				DAAD0B5D2CAE58BE005FB4CC /* Report an Error  */,
				DA45C51E2CA9B94C003C884B /* Feature Request Screen */,
				DA45C51B2CA9AE89003C884B /* Add Feature Screen */,
				24D48CD72E46529C0014CDCA /* FireStore  */,
			);
			path = "Setting Screen";
			sourceTree = "<group>";
		};
		0A79B9855A2A4EA08C74B0D9 /* Calendar */ = {
			isa = PBXGroup;
			children = (
				D1E69117503A420F8409011C /* CalendarView.swift */,
			);
			path = Calendar;
			sourceTree = "<group>";
		};
		24D48CCF2E4651FF0014CDCA /* Model */ = {
			isa = PBXGroup;
			children = (
				DA6FD9112C98EE43006B1BF4 /* SettingModel.swift */,
			);
			path = Model;
			sourceTree = "<group>";
		};
		24D48CD02E4652090014CDCA /* View Model */ = {
			isa = PBXGroup;
			children = (
				DA6FD9152C99953E006B1BF4 /* SettingViewModel.swift */,
			);
			path = "View Model";
			sourceTree = "<group>";
		};
		24D48CD12E4652130014CDCA /* View */ = {
			isa = PBXGroup;
			children = (
				DA6FD9132C996C0A006B1BF4 /* SettingView.swift */,
				E66EE681F21C607CD05E9B20 /* PrivacyPolicyView.swift */,
			);
			path = View;
			sourceTree = "<group>";
		};
		24D48CD22E4652380014CDCA /* View */ = {
			isa = PBXGroup;
			children = (
				DA6FD9172C99C1E5006B1BF4 /* FeatureRequestView.swift */,
			);
			path = View;
			sourceTree = "<group>";
		};
		24D48CD32E46523F0014CDCA /* View Model */ = {
			isa = PBXGroup;
			children = (
				DA45C51C2CA9AF45003C884B /* FeatureRequestViewModel.swift */,
			);
			path = "View Model";
			sourceTree = "<group>";
		};
		24D48CD42E4652470014CDCA /* Model */ = {
			isa = PBXGroup;
			children = (
				DA78270A2C9A7EAB004BCB66 /* FeatureRequestModel.swift */,
			);
			path = Model;
			sourceTree = "<group>";
		};
		24D48CD52E46526D0014CDCA /* View */ = {
			isa = PBXGroup;
			children = (
				DA78270C2C9A8072004BCB66 /* AddFeatureView.swift */,
			);
			path = View;
			sourceTree = "<group>";
		};
		24D48CD62E4652770014CDCA /* ViewModel */ = {
			isa = PBXGroup;
			children = (
				DA78270E2C9A987B004BCB66 /* AddFeatureViewModel.swift */,
			);
			path = ViewModel;
			sourceTree = "<group>";
		};
		24D48CD82E465A390014CDCA /* Extensions */ = {
			isa = PBXGroup;
			children = (
				324A76BB2AFB243F00EE5AD5 /* Extension.swift */,
				24D48CD92E465A4E0014CDCA /* UIDevice + Extension.swift */,
			);
			path = Extensions;
			sourceTree = "<group>";
		};
		3201A26A2B38A739003DB928 /* Calendar Screen */ = {
			isa = PBXGroup;
			children = (
				3201A2772B394D1D003DB928 /* CustomEKEventModel.swift */,
				3201A26F2B38B023003DB928 /* CalendarViewModel.swift */,
				49A0B1172C70BD470079867A /* Calendar Cells */,
			);
			path = "Calendar Screen";
			sourceTree = "<group>";
		};
		32231B5B2B04B30A009AE1E0 /* Secret Space */ = {
			isa = PBXGroup;
			children = (
				50E51854A7B84CCF9610DD8F /* View */,
				32231B602B04B946009AE1E0 /* SecretSpaceModel.swift */,
			);
			path = "Secret Space";
			sourceTree = "<group>";
		};
		323A25E32B84B725006AD2FB /* OrganizeContactScreen */ = {
			isa = PBXGroup;
			children = (
				323A25E12B84A62E006AD2FB /* OrganizeContactViewModel.swift */,
				326BF4B82B983363003D8427 /* Incomplete Contact Screen */,
				326BF4B72B983321003D8427 /* Duplicate Screen */,
				49A0B1142C70BCAB0079867A /* All Contacts Screen */,
				49A0B1152C70BCD60079867A /* Contact View */,
			);
			path = OrganizeContactScreen;
			sourceTree = "<group>";
		};
		324A76B82AFB225200EE5AD5 /* Video Compress Screen */ = {
			isa = PBXGroup;
			children = (
				32B6C5AA2B01351800A691AE /* Video Compress  */,
				32B6C5AC2B01355900A691AE /* Compress Quality Selection */,
				321B0AB92B00BD7100E4300D /* VideoCompressor.swift */,
				32B6C5AB2B01353C00A691AE /* Compress CollectionView Cell */,
				324A76BD2AFB28E500EE5AD5 /* CompressVideoModel.swift */,
				ED3F4DCB4C835DAE7837F5EC /* View */,
			);
			path = "Video Compress Screen";
			sourceTree = "<group>";
		};
		32682CB32B36D7D300B9B7BD /* Home Cleaner Screen */ = {
			isa = PBXGroup;
			children = (
				326709512B374ECC003515D4 /* HomeViewModel.swift */,
				326709532B375D11003515D4 /* DeviceInfoManager.swift */,
				32BD2A802B493E020039E85E /* Media Screen */,
				323A25E32B84B725006AD2FB /* OrganizeContactScreen */,
				3201A26A2B38A739003DB928 /* Calendar Screen */,
				32BA06BB3196A91CEEA728A1 /* View */,
			);
			path = "Home Cleaner Screen";
			sourceTree = "<group>";
		};
		326BF4B72B983321003D8427 /* Duplicate Screen */ = {
			isa = PBXGroup;
			children = (
				323A25EE2B850173006AD2FB /* DuplicateContactsViewModel.swift */,
				49A0B1192C70BE520079867A /* Duplicate Contact Cells */,
			);
			path = "Duplicate Screen";
			sourceTree = "<group>";
		};
		326BF4B82B983363003D8427 /* Incomplete Contact Screen */ = {
			isa = PBXGroup;
			children = (
				326BF4BB2B9835B0003D8427 /* IncompleteContactViewModel.swift */,
				49A0B1182C70BD990079867A /* Incomplete Contact Cell */,
			);
			path = "Incomplete Contact Screen";
			sourceTree = "<group>";
		};
		32A2D08C2B3D339600C27BA0 /* Storage */ = {
			isa = PBXGroup;
			children = (
				32A2D08D2B3D33EC00C27BA0 /* DBAsset+CoreDataClass.swift */,
				32A2D08E2B3D33EC00C27BA0 /* DBAsset+CoreDataProperties.swift */,
				324AA8F62B34069D001DAF2E /* CoreDataManager.swift */,
			);
			path = Storage;
			sourceTree = "<group>";
		};
		32B3C1F52B496DFE000B0727 /* Helper */ = {
			isa = PBXGroup;
			children = (
				24D48CD82E465A390014CDCA /* Extensions */,
				327474C22B7AB8420034A587 /* EventsHandler.swift */,
				32A2D08A2B3C0FD700C27BA0 /* GalleryManager.swift */,
				4970EB722C70957D00B09C9A /* CustomClasses */,
				49DB03852C567C3900F0052E /* Global.swift */,
			);
			path = Helper;
			sourceTree = "<group>";
		};
		32B6C5AA2B01351800A691AE /* Video Compress  */ = {
			isa = PBXGroup;
			children = (
				324A76B92AFB229900EE5AD5 /* VideoCompressViewModel.swift */,
			);
			path = "Video Compress ";
			sourceTree = "<group>";
		};
		32B6C5AB2B01353C00A691AE /* Compress CollectionView Cell */ = {
			isa = PBXGroup;
			children = (
				32D336CC2AFE0494006C504E /* CompressVideosHeaderView.swift */,
			);
			path = "Compress CollectionView Cell";
			sourceTree = "<group>";
		};
		32B6C5AC2B01355900A691AE /* Compress Quality Selection */ = {
			isa = PBXGroup;
			children = (
				32B6C5AD2B01357600A691AE /* CompressQualitySelectionViewModel.swift */,
			);
			path = "Compress Quality Selection";
			sourceTree = "<group>";
		};
		32BA06BB3196A91CEEA728A1 /* View */ = {
			isa = PBXGroup;
			children = (
				F4E50AEA6F9641E866274EBC /* HomeView.swift */,
				4428F3706A414BED8CB49DFA /* Contacts */,
				0A79B9855A2A4EA08C74B0D9 /* Calendar */,
				6792A49EF2A39020869EC9C7 /* Media */,
			);
			path = View;
			sourceTree = "<group>";
		};
		32BD2A732B483A040039E85E /* CommonCells */ = {
			isa = PBXGroup;
			children = (
			);
			path = CommonCells;
			sourceTree = "<group>";
		};
		32BD2A792B483B6E0039E85E /* BaseScreen */ = {
			isa = PBXGroup;
			children = (
				32BD2A732B483A040039E85E /* CommonCells */,
				32BD2A7C2B483D010039E85E /* BaseViewModel.swift */,
			);
			path = BaseScreen;
			sourceTree = "<group>";
		};
		32BD2A802B493E020039E85E /* Media Screen */ = {
			isa = PBXGroup;
			children = (
				32B3C1F82B4974F4000B0727 /* MediaViewModel.swift */,
				32B3C1F62B497355000B0727 /* MediaModel.swift */,
				49A0B11E2C70FE420079867A /* MediaHeaderView */,
				49A0B11F2C70FE510079867A /* Media Cells */,
				32BD2A792B483B6E0039E85E /* BaseScreen */,
			);
			path = "Media Screen";
			sourceTree = "<group>";
		};
		32BF2C942AF94E1A00045343 /* Future Home Screen */ = {
			isa = PBXGroup;
			children = (
				32BF2C952AF94E3700045343 /* FutureHomeModel.swift */,
				32BF2C972AF94E4F00045343 /* FutureHomeViewModel.swift */,
			);
			path = "Future Home Screen";
			sourceTree = "<group>";
		};
		32E2E0CA2AF80039009CA92E = {
			isa = PBXGroup;
			children = (
				32E2E0D52AF80039009CA92E /* CleanerApp */,
				32E2E0D42AF80039009CA92E /* Products */,
			);
			sourceTree = "<group>";
		};
		32E2E0D42AF80039009CA92E /* Products */ = {
			isa = PBXGroup;
			children = (
				32E2E0D32AF80039009CA92E /* CleanerApp.app */,
			);
			name = Products;
			sourceTree = "<group>";
		};
		32E2E0D52AF80039009CA92E /* CleanerApp */ = {
			isa = PBXGroup;
			children = (
				774151C82F07EC7900E2E854 /* App */,
				4970EB742C70964500B09C9A /* Resources */,
				4970EB712C70949600B09C9A /* Modules */,
				32B3C1F52B496DFE000B0727 /* Helper */,
				32E2E0E72AF8003A009CA92E /* Info.plist */,
				327C25BD2B794F8C00EA0E36 /* GoogleService-Info.plist */,
			);
			path = CleanerApp;
			sourceTree = "<group>";
		};
		4428F3706A414BED8CB49DFA /* Contacts */ = {
			isa = PBXGroup;
			children = (
				938FE4A623834CE79D8FFEC4 /* ContactsHubView.swift */,
				58B4408C593C4872A9E83AD3 /* AllContactsView.swift */,
				A5C7A9BA3F6A4D508E68F0F8 /* DuplicateContactsView.swift */,
				EA9F54FA406C4FB6988452B5 /* IncompleteContactsView.swift */,
			);
			path = Contacts;
			sourceTree = "<group>";
		};
		4970EB712C70949600B09C9A /* Modules */ = {
			isa = PBXGroup;
			children = (
				32682CB32B36D7D300B9B7BD /* Home Cleaner Screen */,
				04284B092BF489190078B939 /* Setting Screen */,
				324A76B82AFB225200EE5AD5 /* Video Compress Screen */,
				32231B5B2B04B30A009AE1E0 /* Secret Space */,
				32BF2C942AF94E1A00045343 /* Future Home Screen */,
			);
			path = Modules;
			sourceTree = "<group>";
		};
		4970EB722C70957D00B09C9A /* CustomClasses */ = {
			isa = PBXGroup;
			children = (
				32D336CE2AFE152B006C504E /* GridCollectionViewFlowLayout.swift */,
				324943442B680C700035FE64 /* CircularProgressView.swift */,
				4970EB732C70958E00B09C9A /* Icon View */,
			);
			path = CustomClasses;
			sourceTree = "<group>";
		};
		4970EB732C70958E00B09C9A /* Icon View */ = {
			isa = PBXGroup;
			children = (
				32682CAF2B36D17800B9B7BD /* IconView.swift */,
			);
			path = "Icon View";
			sourceTree = "<group>";
		};
		4970EB742C70964500B09C9A /* Resources */ = {
			isa = PBXGroup;
			children = (
				32A2D08C2B3D339600C27BA0 /* Storage */,
				32E2E0D62AF80039009CA92E /* AppDelegate.swift */,
				32E2E0E22AF8003A009CA92E /* Assets.xcassets */,
				32E2E0E42AF8003A009CA92E /* LaunchScreen.storyboard */,
				32E2E0DF2AF80039009CA92E /* CleanerApp.xcdatamodeld */,
			);
			path = Resources;
			sourceTree = "<group>";
		};
		49A0B1142C70BCAB0079867A /* All Contacts Screen */ = {
			isa = PBXGroup;
			children = (
				49809DE02C019E5B00373865 /* AllContactsVIewModel.swift */,
				49A0B1162C70BCE40079867A /* All Contact Cell */,
			);
			path = "All Contacts Screen";
			sourceTree = "<group>";
		};
		49A0B1152C70BCD60079867A /* Contact View */ = {
			isa = PBXGroup;
			children = (
			);
			path = "Contact View";
			sourceTree = "<group>";
		};
		49A0B1162C70BCE40079867A /* All Contact Cell */ = {
			isa = PBXGroup;
			children = (
			);
			path = "All Contact Cell";
			sourceTree = "<group>";
		};
		49A0B1172C70BD470079867A /* Calendar Cells */ = {
			isa = PBXGroup;
			children = (
			);
			path = "Calendar Cells";
			sourceTree = "<group>";
		};
		49A0B1182C70BD990079867A /* Incomplete Contact Cell */ = {
			isa = PBXGroup;
			children = (
			);
			path = "Incomplete Contact Cell";
			sourceTree = "<group>";
		};
		49A0B1192C70BE520079867A /* Duplicate Contact Cells */ = {
			isa = PBXGroup;
			children = (
			);
			path = "Duplicate Contact Cells";
			sourceTree = "<group>";
		};
		49A0B11E2C70FE420079867A /* MediaHeaderView */ = {
			isa = PBXGroup;
			children = (
			);
			path = MediaHeaderView;
			sourceTree = "<group>";
		};
		49A0B11F2C70FE510079867A /* Media Cells */ = {
			isa = PBXGroup;
			children = (
			);
			path = "Media Cells";
			sourceTree = "<group>";
		};
		50E51854A7B84CCF9610DD8F /* View */ = {
			isa = PBXGroup;
			children = (
				7DD70B3C769C4ED084BFBB15 /* SecretSpaceView.swift */,
				2788693827F1404A960F0CFB /* SecretAlbumView.swift */,
			);
			path = View;
			sourceTree = "<group>";
		};
		6792A49EF2A39020869EC9C7 /* Media */ = {
			isa = PBXGroup;
			children = (
				CD9DD6A26845F854618DF589 /* MediaHubView.swift */,
				8563D329FA02D7529B5EDD88 /* MediaGridView.swift */,
			);
			path = Media;
			sourceTree = "<group>";
		};
		774151C52F07EC7900E2E854 /* State */ = {
			isa = PBXGroup;
			children = (
				774151C32F07EC7900E2E854 /* AppearanceManager.swift */,
				774151C42F07EC7900E2E854 /* AppState.swift */,
			);
			path = State;
			sourceTree = "<group>";
		};
		774151C82F07EC7900E2E854 /* App */ = {
			isa = PBXGroup;
			children = (
				E51868AD052C424EB929DE2C /* Launch */,
				774151C52F07EC7900E2E854 /* State */,
				774151C62F07EC7900E2E854 /* CleanerApp.swift */,
				774151C72F07EC7900E2E854 /* TabBarView.swift */,
				A6448DF0DB854B8A9AE6DA87 /* RootView.swift */,
			);
			path = App;
			sourceTree = "<group>";
		};
		DA45C51B2CA9AE89003C884B /* Add Feature Screen */ = {
			isa = PBXGroup;
			children = (
				24D48CD52E46526D0014CDCA /* View */,
				24D48CD62E4652770014CDCA /* ViewModel */,
			);
			path = "Add Feature Screen";
			sourceTree = "<group>";
		};
		DA45C51E2CA9B94C003C884B /* Feature Request Screen */ = {
			isa = PBXGroup;
			children = (
				24D48CD42E4652470014CDCA /* Model */,
				24D48CD22E4652380014CDCA /* View */,
				24D48CD32E46523F0014CDCA /* View Model */,
			);
			path = "Feature Request Screen";
			sourceTree = "<group>";
		};
		DAAD0B5D2CAE58BE005FB4CC /* Report an Error  */ = {
			isa = PBXGroup;
			children = (
			);
			path = "Report an Error ";
			sourceTree = "<group>";
		};
		E51868AD052C424EB929DE2C /* Launch */ = {
			isa = PBXGroup;
			children = (
				9A2CAF02463A47CC814E3939 /* LaunchView.swift */,
			);
			path = Launch;
			sourceTree = "<group>";
		};
		ED3F4DCB4C835DAE7837F5EC /* View */ = {
			isa = PBXGroup;
			children = (
				83BC808027F872DB65208EEF /* VideoCompressorView.swift */,
				28F0B7FE7D26280843C12733 /* CompressQualityView.swift */,
			);
			path = View;
			sourceTree = "<group>";
		};
/* End PBXGroup section */

/* Begin PBXNativeTarget section */
		32E2E0D22AF80039009CA92E /* CleanerApp */ = {
			isa = PBXNativeTarget;
			buildConfigurationList = 32E2E0EA2AF8003A009CA92E /* Build configuration list for PBXNativeTarget "CleanerApp" */;
			buildPhases = (
				32E2E0CF2AF80039009CA92E /* Sources */,
				32E2E0D02AF80039009CA92E /* Frameworks */,
				32E2E0D12AF80039009CA92E /* Resources */,
				327C25F62B79532400EA0E36 /* ShellScript */,
			);
			buildRules = (
			);
			dependencies = (
			);
			fileSystemSynchronizedGroups = (
				24D48CD72E46529C0014CDCA /* FireStore  */,
			);
			name = CleanerApp;
			packageProductDependencies = (
				327C25C02B79509100EA0E36 /* FirebaseAnalytics */,
				327C25C22B79509100EA0E36 /* FirebaseAnalyticsOnDeviceConversion */,
				327C25C42B79509100EA0E36 /* FirebaseAnalyticsSwift */,
				327C25C62B79509100EA0E36 /* FirebaseAnalyticsWithoutAdIdSupport */,
				327C25C82B79509100EA0E36 /* FirebaseAppCheck */,
				327C25CA2B79509100EA0E36 /* FirebaseAppDistribution-Beta */,
				327C25CC2B79509100EA0E36 /* FirebaseAuth */,
				327C25CE2B79509100EA0E36 /* FirebaseAuthCombine-Community */,
				327C25D02B79509100EA0E36 /* FirebaseCrashlytics */,
				327C25D22B79509100EA0E36 /* FirebaseDatabase */,
				327C25D42B79509100EA0E36 /* FirebaseDatabaseSwift */,
				327C25D62B79509100EA0E36 /* FirebaseDynamicLinks */,
				327C25D82B79509100EA0E36 /* FirebaseFirestore */,
				327C25DA2B79509100EA0E36 /* FirebaseFirestoreCombine-Community */,
				327C25DC2B79509100EA0E36 /* FirebaseFirestoreSwift */,
				327C25DE2B79509100EA0E36 /* FirebaseFunctions */,
				327C25E02B79509100EA0E36 /* FirebaseFunctionsCombine-Community */,
				327C25E22B79509100EA0E36 /* FirebaseInAppMessaging-Beta */,
				327C25E42B79509100EA0E36 /* FirebaseInAppMessagingSwift-Beta */,
				327C25E62B79509100EA0E36 /* FirebaseInstallations */,
				327C25E82B79509100EA0E36 /* FirebaseMLModelDownloader */,
				327C25EA2B79509100EA0E36 /* FirebaseMessaging */,
				327C25EC2B79509100EA0E36 /* FirebasePerformance */,
				327C25EE2B79509100EA0E36 /* FirebaseRemoteConfig */,
				327C25F02B79509100EA0E36 /* FirebaseRemoteConfigSwift */,
				327C25F22B79509100EA0E36 /* FirebaseStorage */,
				327C25F42B79509100EA0E36 /* FirebaseStorageCombine-Community */,
				49DB037D2C5661A600F0052E /* AlertToast */,
			);
			productName = CleanerApp;
			productReference = 32E2E0D32AF80039009CA92E /* CleanerApp.app */;
			productType = "com.apple.product-type.application";
		};
/* End PBXNativeTarget section */

/* Begin PBXProject section */
		32E2E0CB2AF80039009CA92E /* Project object */ = {
			isa = PBXProject;
			attributes = {
				BuildIndependentTargetsInParallel = 1;
				LastSwiftUpdateCheck = 1600;
				LastUpgradeCheck = 1500;
				TargetAttributes = {
					32E2E0D22AF80039009CA92E = {
						CreatedOnToolsVersion = 15.0;
					};
				};
			};
			buildConfigurationList = 32E2E0CE2AF80039009CA92E /* Build configuration list for PBXProject "CleanerApp" */;
			compatibilityVersion = "Xcode 13.0";
			developmentRegion = en;
			hasScannedForEncodings = 0;
			knownRegions = (
				en,
				Base,
			);
			mainGroup = 32E2E0CA2AF80039009CA92E;
			packageReferences = (
				327C25BF2B79509100EA0E36 /* XCRemoteSwiftPackageReference "firebase-ios-sdk" */,
				49DB037C2C5661A600F0052E /* XCRemoteSwiftPackageReference "AlertToast" */,
			);
			productRefGroup = 32E2E0D42AF80039009CA92E /* Products */;
			projectDirPath = "";
			projectRoot = "";
			targets = (
				32E2E0D22AF80039009CA92E /* CleanerApp */,
			);
		};
/* End PBXProject section */

/* Begin PBXResourcesBuildPhase section */
		32E2E0D12AF80039009CA92E /* Resources */ = {
			isa = PBXResourcesBuildPhase;
			buildActionMask = 2147483647;
			files = (
				32E2E0E62AF8003A009CA92E /* LaunchScreen.storyboard in Resources */,
				32E2E0E32AF8003A009CA92E /* Assets.xcassets in Resources */,
				327C25BE2B794F8C00EA0E36 /* GoogleService-Info.plist in Resources */,
			);
			runOnlyForDeploymentPostprocessing = 0;
		};
/* End PBXResourcesBuildPhase section */

/* Begin PBXShellScriptBuildPhase section */
		327C25F62B79532400EA0E36 /* ShellScript */ = {
			isa = PBXShellScriptBuildPhase;
			buildActionMask = 2147483647;
			files = (
			);
			inputFileListPaths = (
			);
			inputPaths = (
				"${DWARF_DSYM_FOLDER_PATH}/${DWARF_DSYM_FILE_NAME}",
				"${DWARF_DSYM_FOLDER_PATH}/${DWARF_DSYM_FILE_NAME}/Contents/Resources/DWARF/${PRODUCT_NAME}",
				"${DWARF_DSYM_FOLDER_PATH}/${DWARF_DSYM_FILE_NAME}/Contents/Info.plist",
				"$(TARGET_BUILD_DIR)/$(UNLOCALIZED_RESOURCES_FOLDER_PATH)/GoogleService-Info.plist",
				"$(TARGET_BUILD_DIR)/$(EXECUTABLE_PATH)",
			);
			outputFileListPaths = (
			);
			outputPaths = (
			);
			runOnlyForDeploymentPostprocessing = 0;
			shellPath = /bin/sh;
			shellScript = "# Type a script or drag a script file from your workspace to insert its path.\n\"${BUILD_DIR%/Build/*}/SourcePackages/checkouts/firebase-ios-sdk/Crashlytics/run\"\n";
		};
/* End PBXShellScriptBuildPhase section */

/* Begin PBXSourcesBuildPhase section */
		32E2E0CF2AF80039009CA92E /* Sources */ = {
			isa = PBXSourcesBuildPhase;
			buildActionMask = 2147483647;
			files = (
				9F042F254F1248D7B73A5D8B /* SecretSpaceView.swift in Sources */,
				246C71CE2F084D0484B7F660 /* SecretAlbumView.swift in Sources */,
				468A1B4BF2DC47E1B1B0B2BB /* ContactsHubView.swift in Sources */,
				35B127E23F754F088E08F741 /* AllContactsView.swift in Sources */,
				3B6C8E5661984AFC83C082F3 /* DuplicateContactsView.swift in Sources */,
				010837943DB44673A4A2056A /* IncompleteContactsView.swift in Sources */,
				047A31BE2755493DB7AD4458 /* CalendarView.swift in Sources */,
				DA6FD9162C99953E006B1BF4 /* SettingViewModel.swift in Sources */,
				32E2E0D72AF80039009CA92E /* AppDelegate.swift in Sources */,
				DA78270D2C9A8072004BCB66 /* AddFeatureView.swift in Sources */,
				DA6FD9182C99C1E5006B1BF4 /* FeatureRequestView.swift in Sources */,
				DA78270B2C9A7EAB004BCB66 /* FeatureRequestModel.swift in Sources */,
				24D48CDA2E465A4E0014CDCA /* UIDevice + Extension.swift in Sources */,
				324A76BE2AFB28E500EE5AD5 /* CompressVideoModel.swift in Sources */,
				49809DE12C019E5B00373865 /* AllContactsVIewModel.swift in Sources */,
				32BD2A7D2B483D010039E85E /* BaseViewModel.swift in Sources */,
				DA6FD9142C996C0A006B1BF4 /* SettingView.swift in Sources */,
				3201A2782B394D1D003DB928 /* CustomEKEventModel.swift in Sources */,
				32231B612B04B946009AE1E0 /* SecretSpaceModel.swift in Sources */,
				32682CB02B36D17800B9B7BD /* IconView.swift in Sources */,
				326709542B375D11003515D4 /* DeviceInfoManager.swift in Sources */,
				32BF2C982AF94E4F00045343 /* FutureHomeViewModel.swift in Sources */,
				32B6C5AE2B01357600A691AE /* CompressQualitySelectionViewModel.swift in Sources */,
				32A2D08B2B3C0FD700C27BA0 /* GalleryManager.swift in Sources */,
				326BF4BC2B9835B0003D8427 /* IncompleteContactViewModel.swift in Sources */,
				774151C92F07EC7900E2E854 /* AppState.swift in Sources */,
				774151CA2F07EC7900E2E854 /* CleanerApp.swift in Sources */,
				774151CB2F07EC7900E2E854 /* TabBarView.swift in Sources */,
				774151CC2F07EC7900E2E854 /* AppearanceManager.swift in Sources */,
				0E9BF6A4CDE743AD9981A561 /* LaunchView.swift in Sources */,
				43FE517B39B549E0977C5DC9 /* RootView.swift in Sources */,
				327474C32B7AB8420034A587 /* EventsHandler.swift in Sources */,
				32D336CF2AFE152B006C504E /* GridCollectionViewFlowLayout.swift in Sources */,
				DA45C51D2CA9AF45003C884B /* FeatureRequestViewModel.swift in Sources */,
				49DB03862C567C3900F0052E /* Global.swift in Sources */,
				324AA8F72B34069D001DAF2E /* CoreDataManager.swift in Sources */,
				324A76BA2AFB229A00EE5AD5 /* VideoCompressViewModel.swift in Sources */,
				321B0ABA2B00BD7100E4300D /* VideoCompressor.swift in Sources */,
				324A76BC2AFB243F00EE5AD5 /* Extension.swift in Sources */,
				DA6FD9122C98EE43006B1BF4 /* SettingModel.swift in Sources */,
				DA78270F2C9A987B004BCB66 /* AddFeatureViewModel.swift in Sources */,
				32E2E0E12AF80039009CA92E /* CleanerApp.xcdatamodeld in Sources */,
				32D336CD2AFE0494006C504E /* CompressVideosHeaderView.swift in Sources */,
				32B3C1F72B497355000B0727 /* MediaModel.swift in Sources */,
				324943452B680C700035FE64 /* CircularProgressView.swift in Sources */,
				3201A2702B38B023003DB928 /* CalendarViewModel.swift in Sources */,
				32A2D0902B3D33EC00C27BA0 /* DBAsset+CoreDataProperties.swift in Sources */,
				32A2D08F2B3D33EC00C27BA0 /* DBAsset+CoreDataClass.swift in Sources */,
				32BF2C962AF94E3700045343 /* FutureHomeModel.swift in Sources */,
				323A25EF2B850174006AD2FB /* DuplicateContactsViewModel.swift in Sources */,
				326709522B374ECC003515D4 /* HomeViewModel.swift in Sources */,
				32B3C1F92B4974F4000B0727 /* MediaViewModel.swift in Sources */,
				323A25E22B84A62E006AD2FB /* OrganizeContactViewModel.swift in Sources */,
				B829524DDCB207A3506DDA43 /* HomeView.swift in Sources */,
				54E7F424B5672E67B5821F17 /* VideoCompressorView.swift in Sources */,
				2E9CB0EF54936C640A34C2FB /* CompressQualityView.swift in Sources */,
				94DCCA2D9083E120DE04C86D /* PrivacyPolicyView.swift in Sources */,
				50297243B3501B3889A08C83 /* MediaHubView.swift in Sources */,
				79ACBE738127784EB1A4F533 /* MediaGridView.swift in Sources */,
			);
			runOnlyForDeploymentPostprocessing = 0;
		};
/* End PBXSourcesBuildPhase section */

/* Begin PBXVariantGroup section */
		32E2E0E42AF8003A009CA92E /* LaunchScreen.storyboard */ = {
			isa = PBXVariantGroup;
			children = (
				32E2E0E52AF8003A009CA92E /* Base */,
			);
			name = LaunchScreen.storyboard;
			sourceTree = "<group>";
		};
/* End PBXVariantGroup section */

/* Begin XCBuildConfiguration section */
		32E2E0E82AF8003A009CA92E /* Debug */ = {
			isa = XCBuildConfiguration;
			buildSettings = {
				ALWAYS_SEARCH_USER_PATHS = NO;
				ASSETCATALOG_COMPILER_GENERATE_SWIFT_ASSET_SYMBOL_EXTENSIONS = YES;
				CLANG_ANALYZER_NONNULL = YES;
				CLANG_ANALYZER_NUMBER_OBJECT_CONVERSION = YES_AGGRESSIVE;
				CLANG_CXX_LANGUAGE_STANDARD = "gnu++20";
				CLANG_ENABLE_MODULES = YES;
				CLANG_ENABLE_OBJC_ARC = YES;
				CLANG_ENABLE_OBJC_WEAK = YES;
				CLANG_WARN_BLOCK_CAPTURE_AUTORELEASING = YES;
				CLANG_WARN_BOOL_CONVERSION = YES;
				CLANG_WARN_COMMA = YES;
				CLANG_WARN_CONSTANT_CONVERSION = YES;
				CLANG_WARN_DEPRECATED_OBJC_IMPLEMENTATIONS = YES;
				CLANG_WARN_DIRECT_OBJC_ISA_USAGE = YES_ERROR;
				CLANG_WARN_DOCUMENTATION_COMMENTS = YES;
				CLANG_WARN_EMPTY_BODY = YES;
				CLANG_WARN_ENUM_CONVERSION = YES;
				CLANG_WARN_INFINITE_RECURSION = YES;
				CLANG_WARN_INT_CONVERSION = YES;
				CLANG_WARN_NON_LITERAL_NULL_CONVERSION = YES;
				CLANG_WARN_OBJC_IMPLICIT_RETAIN_SELF = YES;
				CLANG_WARN_OBJC_LITERAL_CONVERSION = YES;
				CLANG_WARN_OBJC_ROOT_CLASS = YES_ERROR;
				CLANG_WARN_QUOTED_INCLUDE_IN_FRAMEWORK_HEADER = YES;
				CLANG_WARN_RANGE_LOOP_ANALYSIS = YES;
				CLANG_WARN_STRICT_PROTOTYPES = YES;
				CLANG_WARN_SUSPICIOUS_MOVE = YES;
				CLANG_WARN_UNGUARDED_AVAILABILITY = YES_AGGRESSIVE;
				CLANG_WARN_UNREACHABLE_CODE = YES;
				CLANG_WARN__DUPLICATE_METHOD_MATCH = YES;
				COPY_PHASE_STRIP = NO;
				DEBUG_INFORMATION_FORMAT = dwarf;
				ENABLE_STRICT_OBJC_MSGSEND = YES;
				ENABLE_TESTABILITY = YES;
				ENABLE_USER_SCRIPT_SANDBOXING = YES;
				GCC_C_LANGUAGE_STANDARD = gnu17;
				GCC_DYNAMIC_NO_PIC = NO;
				GCC_NO_COMMON_BLOCKS = YES;
				GCC_OPTIMIZATION_LEVEL = 0;
				GCC_PREPROCESSOR_DEFINITIONS = (
					"DEBUG=1",
					"$(inherited)",
				);
				GCC_WARN_64_TO_32_BIT_CONVERSION = YES;
				GCC_WARN_ABOUT_RETURN_TYPE = YES_ERROR;
				GCC_WARN_UNDECLARED_SELECTOR = YES;
				GCC_WARN_UNINITIALIZED_AUTOS = YES_AGGRESSIVE;
				GCC_WARN_UNUSED_FUNCTION = YES;
				GCC_WARN_UNUSED_VARIABLE = YES;
				IPHONEOS_DEPLOYMENT_TARGET = 16.0;
				LOCALIZATION_PREFERS_STRING_CATALOGS = YES;
				MTL_ENABLE_DEBUG_INFO = INCLUDE_SOURCE;
				MTL_FAST_MATH = YES;
				ONLY_ACTIVE_ARCH = YES;
				SDKROOT = iphoneos;
				SWIFT_ACTIVE_COMPILATION_CONDITIONS = "DEBUG $(inherited)";
				SWIFT_OPTIMIZATION_LEVEL = "-Onone";
			};
			name = Debug;
		};
		32E2E0E92AF8003A009CA92E /* Release */ = {
			isa = XCBuildConfiguration;
			buildSettings = {
				ALWAYS_SEARCH_USER_PATHS = NO;
				ASSETCATALOG_COMPILER_GENERATE_SWIFT_ASSET_SYMBOL_EXTENSIONS = YES;
				CLANG_ANALYZER_NONNULL = YES;
				CLANG_ANALYZER_NUMBER_OBJECT_CONVERSION = YES_AGGRESSIVE;
				CLANG_CXX_LANGUAGE_STANDARD = "gnu++20";
				CLANG_ENABLE_MODULES = YES;
				CLANG_ENABLE_OBJC_ARC = YES;
				CLANG_ENABLE_OBJC_WEAK = YES;
				CLANG_WARN_BLOCK_CAPTURE_AUTORELEASING = YES;
				CLANG_WARN_BOOL_CONVERSION = YES;
				CLANG_WARN_COMMA = YES;
				CLANG_WARN_CONSTANT_CONVERSION = YES;
				CLANG_WARN_DEPRECATED_OBJC_IMPLEMENTATIONS = YES;
				CLANG_WARN_DIRECT_OBJC_ISA_USAGE = YES_ERROR;
				CLANG_WARN_DOCUMENTATION_COMMENTS = YES;
				CLANG_WARN_EMPTY_BODY = YES;
				CLANG_WARN_ENUM_CONVERSION = YES;
				CLANG_WARN_INFINITE_RECURSION = YES;
				CLANG_WARN_INT_CONVERSION = YES;
				CLANG_WARN_NON_LITERAL_NULL_CONVERSION = YES;
				CLANG_WARN_OBJC_IMPLICIT_RETAIN_SELF = YES;
				CLANG_WARN_OBJC_LITERAL_CONVERSION = YES;
				CLANG_WARN_OBJC_ROOT_CLASS = YES_ERROR;
				CLANG_WARN_QUOTED_INCLUDE_IN_FRAMEWORK_HEADER = YES;
				CLANG_WARN_RANGE_LOOP_ANALYSIS = YES;
				CLANG_WARN_STRICT_PROTOTYPES = YES;
				CLANG_WARN_SUSPICIOUS_MOVE = YES;
				CLANG_WARN_UNGUARDED_AVAILABILITY = YES_AGGRESSIVE;
				CLANG_WARN_UNREACHABLE_CODE = YES;
				CLANG_WARN__DUPLICATE_METHOD_MATCH = YES;
				COPY_PHASE_STRIP = NO;
				DEBUG_INFORMATION_FORMAT = "dwarf-with-dsym";
				ENABLE_NS_ASSERTIONS = NO;
				ENABLE_STRICT_OBJC_MSGSEND = YES;
				ENABLE_USER_SCRIPT_SANDBOXING = YES;
				GCC_C_LANGUAGE_STANDARD = gnu17;
				GCC_NO_COMMON_BLOCKS = YES;
				GCC_WARN_64_TO_32_BIT_CONVERSION = YES;
				GCC_WARN_ABOUT_RETURN_TYPE = YES_ERROR;
				GCC_WARN_UNDECLARED_SELECTOR = YES;
				GCC_WARN_UNINITIALIZED_AUTOS = YES_AGGRESSIVE;
				GCC_WARN_UNUSED_FUNCTION = YES;
				GCC_WARN_UNUSED_VARIABLE = YES;
				IPHONEOS_DEPLOYMENT_TARGET = 16.0;
				LOCALIZATION_PREFERS_STRING_CATALOGS = YES;
				MTL_ENABLE_DEBUG_INFO = NO;
				MTL_FAST_MATH = YES;
				SDKROOT = iphoneos;
				SWIFT_COMPILATION_MODE = wholemodule;
				VALIDATE_PRODUCT = YES;
			};
			name = Release;
		};
		32E2E0EB2AF8003A009CA92E /* Debug */ = {
			isa = XCBuildConfiguration;
			buildSettings = {
				ASSETCATALOG_COMPILER_APPICON_NAME = AppIcon;
				ASSETCATALOG_COMPILER_GLOBAL_ACCENT_COLOR_NAME = AccentColor;
				CODE_SIGN_IDENTITY = "Apple Development";
				CODE_SIGN_STYLE = Automatic;
				CURRENT_PROJECT_VERSION = 1;
				DEBUG_INFORMATION_FORMAT = "dwarf-with-dsym";
				DEVELOPMENT_TEAM = 8KLUKAU6B7;
				GENERATE_INFOPLIST_FILE = YES;
				INFOPLIST_FILE = CleanerApp/Info.plist;
				INFOPLIST_KEY_CFBundleDisplayName = "Space Cleaner";
				INFOPLIST_KEY_LSApplicationCategoryType = "public.app-category.utilities";
				INFOPLIST_KEY_NSCalendarsUsageDescription = "We need access to your calendar to fetch events.";
				INFOPLIST_KEY_NSCameraUsageDescription = "App need to use the camera";
				INFOPLIST_KEY_NSContactsUsageDescription = "Space cleaner needs access to your contacts to find and merge duplicate contacts. Your contacts will not be stored or used on any of our servers and will not be shared with third parties.";
				INFOPLIST_KEY_NSMicrophoneUsageDescription = "App need to use microphone";
				INFOPLIST_KEY_NSPhotoLibraryUsageDescription = "Access is needed to search for similar and duplicate photos. Your photos will NOT be stored or used on any of our servers and will not be shared with third parties.";
				INFOPLIST_KEY_NSRemindersUsageDescription = "Access is needed to search for old reminder events and remove them.";
				INFOPLIST_KEY_UIApplicationSupportsIndirectInputEvents = YES;
				INFOPLIST_KEY_UILaunchStoryboardName = LaunchScreen;
				INFOPLIST_KEY_UIMainStoryboardFile = Main;
				INFOPLIST_KEY_UISupportedInterfaceOrientations = UIInterfaceOrientationPortrait;
				IPHONEOS_DEPLOYMENT_TARGET = 17.0;
				LD_RUNPATH_SEARCH_PATHS = (
					"$(inherited)",
					"@executable_path/Frameworks",
				);
				MARKETING_VERSION = 1.1.1;
				PRODUCT_BUNDLE_IDENTIFIER = mac.CleanerApps;
				PRODUCT_NAME = "$(TARGET_NAME)";
				PROVISIONING_PROFILE_SPECIFIER = "";
				SUPPORTED_PLATFORMS = "iphoneos iphonesimulator";
				SUPPORTS_MACCATALYST = NO;
				SUPPORTS_MAC_DESIGNED_FOR_IPHONE_IPAD = NO;
				SUPPORTS_XR_DESIGNED_FOR_IPHONE_IPAD = NO;
				SWIFT_EMIT_LOC_STRINGS = YES;
				SWIFT_VERSION = 5.0;
				TARGETED_DEVICE_FAMILY = 1;
			};
			name = Debug;
		};
		32E2E0EC2AF8003A009CA92E /* Release */ = {
			isa = XCBuildConfiguration;
			buildSettings = {
				ASSETCATALOG_COMPILER_APPICON_NAME = AppIcon;
				ASSETCATALOG_COMPILER_GLOBAL_ACCENT_COLOR_NAME = AccentColor;
				CODE_SIGN_IDENTITY = "Apple Development";
				CODE_SIGN_STYLE = Automatic;
				CURRENT_PROJECT_VERSION = 1;
				DEVELOPMENT_TEAM = 8KLUKAU6B7;
				GENERATE_INFOPLIST_FILE = YES;
				INFOPLIST_FILE = CleanerApp/Info.plist;
				INFOPLIST_KEY_CFBundleDisplayName = "Space Cleaner";
				INFOPLIST_KEY_LSApplicationCategoryType = "public.app-category.utilities";
				INFOPLIST_KEY_NSCalendarsUsageDescription = "We need access to your calendar to fetch events.";
				INFOPLIST_KEY_NSCameraUsageDescription = "App need to use the camera";
				INFOPLIST_KEY_NSContactsUsageDescription = "Space cleaner needs access to your contacts to find and merge duplicate contacts. Your contacts will not be stored or used on any of our servers and will not be shared with third parties.";
				INFOPLIST_KEY_NSMicrophoneUsageDescription = "App need to use microphone";
				INFOPLIST_KEY_NSPhotoLibraryUsageDescription = "Access is needed to search for similar and duplicate photos. Your photos will NOT be stored or used on any of our servers and will not be shared with third parties.";
				INFOPLIST_KEY_NSRemindersUsageDescription = "Access is needed to search for old reminder events and remove them.";
				INFOPLIST_KEY_UIApplicationSupportsIndirectInputEvents = YES;
				INFOPLIST_KEY_UILaunchStoryboardName = LaunchScreen;
				INFOPLIST_KEY_UIMainStoryboardFile = Main;
				INFOPLIST_KEY_UISupportedInterfaceOrientations = UIInterfaceOrientationPortrait;
				IPHONEOS_DEPLOYMENT_TARGET = 17.0;
				LD_RUNPATH_SEARCH_PATHS = (
					"$(inherited)",
					"@executable_path/Frameworks",
				);
				MARKETING_VERSION = 1.1.1;
				PRODUCT_BUNDLE_IDENTIFIER = mac.CleanerApps;
				PRODUCT_NAME = "$(TARGET_NAME)";
				PROVISIONING_PROFILE_SPECIFIER = "";
				SUPPORTED_PLATFORMS = "iphoneos iphonesimulator";
				SUPPORTS_MACCATALYST = NO;
				SUPPORTS_MAC_DESIGNED_FOR_IPHONE_IPAD = NO;
				SUPPORTS_XR_DESIGNED_FOR_IPHONE_IPAD = NO;
				SWIFT_EMIT_LOC_STRINGS = YES;
				SWIFT_VERSION = 5.0;
				TARGETED_DEVICE_FAMILY = 1;
			};
			name = Release;
		};
/* End XCBuildConfiguration section */

/* Begin XCConfigurationList section */
		32E2E0CE2AF80039009CA92E /* Build configuration list for PBXProject "CleanerApp" */ = {
			isa = XCConfigurationList;
			buildConfigurations = (
				32E2E0E82AF8003A009CA92E /* Debug */,
				32E2E0E92AF8003A009CA92E /* Release */,
			);
			defaultConfigurationIsVisible = 0;
			defaultConfigurationName = Release;
		};
		32E2E0EA2AF8003A009CA92E /* Build configuration list for PBXNativeTarget "CleanerApp" */ = {
			isa = XCConfigurationList;
			buildConfigurations = (
				32E2E0EB2AF8003A009CA92E /* Debug */,
				32E2E0EC2AF8003A009CA92E /* Release */,
			);
			defaultConfigurationIsVisible = 0;
			defaultConfigurationName = Release;
		};
/* End XCConfigurationList section */

/* Begin XCRemoteSwiftPackageReference section */
		327C25BF2B79509100EA0E36 /* XCRemoteSwiftPackageReference "firebase-ios-sdk" */ = {
			isa = XCRemoteSwiftPackageReference;
			repositoryURL = "https://github.com/firebase/firebase-ios-sdk";
			requirement = {
				kind = upToNextMajorVersion;
				minimumVersion = 10.21.0;
			};
		};
		49DB037C2C5661A600F0052E /* XCRemoteSwiftPackageReference "AlertToast" */ = {
			isa = XCRemoteSwiftPackageReference;
			repositoryURL = "https://github.com/elai950/AlertToast.git";
			requirement = {
				kind = upToNextMajorVersion;
				minimumVersion = 1.3.9;
			};
		};
/* End XCRemoteSwiftPackageReference section */

/* Begin XCSwiftPackageProductDependency section */
		327C25C02B79509100EA0E36 /* FirebaseAnalytics */ = {
			isa = XCSwiftPackageProductDependency;
			package = 327C25BF2B79509100EA0E36 /* XCRemoteSwiftPackageReference "firebase-ios-sdk" */;
			productName = FirebaseAnalytics;
		};
		327C25C22B79509100EA0E36 /* FirebaseAnalyticsOnDeviceConversion */ = {
			isa = XCSwiftPackageProductDependency;
			package = 327C25BF2B79509100EA0E36 /* XCRemoteSwiftPackageReference "firebase-ios-sdk" */;
			productName = FirebaseAnalyticsOnDeviceConversion;
		};
		327C25C42B79509100EA0E36 /* FirebaseAnalyticsSwift */ = {
			isa = XCSwiftPackageProductDependency;
			package = 327C25BF2B79509100EA0E36 /* XCRemoteSwiftPackageReference "firebase-ios-sdk" */;
			productName = FirebaseAnalyticsSwift;
		};
		327C25C62B79509100EA0E36 /* FirebaseAnalyticsWithoutAdIdSupport */ = {
			isa = XCSwiftPackageProductDependency;
			package = 327C25BF2B79509100EA0E36 /* XCRemoteSwiftPackageReference "firebase-ios-sdk" */;
			productName = FirebaseAnalyticsWithoutAdIdSupport;
		};
		327C25C82B79509100EA0E36 /* FirebaseAppCheck */ = {
			isa = XCSwiftPackageProductDependency;
			package = 327C25BF2B79509100EA0E36 /* XCRemoteSwiftPackageReference "firebase-ios-sdk" */;
			productName = FirebaseAppCheck;
		};
		327C25CA2B79509100EA0E36 /* FirebaseAppDistribution-Beta */ = {
			isa = XCSwiftPackageProductDependency;
			package = 327C25BF2B79509100EA0E36 /* XCRemoteSwiftPackageReference "firebase-ios-sdk" */;
			productName = "FirebaseAppDistribution-Beta";
		};
		327C25CC2B79509100EA0E36 /* FirebaseAuth */ = {
			isa = XCSwiftPackageProductDependency;
			package = 327C25BF2B79509100EA0E36 /* XCRemoteSwiftPackageReference "firebase-ios-sdk" */;
			productName = FirebaseAuth;
		};
		327C25CE2B79509100EA0E36 /* FirebaseAuthCombine-Community */ = {
			isa = XCSwiftPackageProductDependency;
			package = 327C25BF2B79509100EA0E36 /* XCRemoteSwiftPackageReference "firebase-ios-sdk" */;
			productName = "FirebaseAuthCombine-Community";
		};
		327C25D02B79509100EA0E36 /* FirebaseCrashlytics */ = {
			isa = XCSwiftPackageProductDependency;
			package = 327C25BF2B79509100EA0E36 /* XCRemoteSwiftPackageReference "firebase-ios-sdk" */;
			productName = FirebaseCrashlytics;
		};
		327C25D22B79509100EA0E36 /* FirebaseDatabase */ = {
			isa = XCSwiftPackageProductDependency;
			package = 327C25BF2B79509100EA0E36 /* XCRemoteSwiftPackageReference "firebase-ios-sdk" */;
			productName = FirebaseDatabase;
		};
		327C25D42B79509100EA0E36 /* FirebaseDatabaseSwift */ = {
			isa = XCSwiftPackageProductDependency;
			package = 327C25BF2B79509100EA0E36 /* XCRemoteSwiftPackageReference "firebase-ios-sdk" */;
			productName = FirebaseDatabaseSwift;
		};
		327C25D62B79509100EA0E36 /* FirebaseDynamicLinks */ = {
			isa = XCSwiftPackageProductDependency;
			package = 327C25BF2B79509100EA0E36 /* XCRemoteSwiftPackageReference "firebase-ios-sdk" */;
			productName = FirebaseDynamicLinks;
		};
		327C25D82B79509100EA0E36 /* FirebaseFirestore */ = {
			isa = XCSwiftPackageProductDependency;
			package = 327C25BF2B79509100EA0E36 /* XCRemoteSwiftPackageReference "firebase-ios-sdk" */;
			productName = FirebaseFirestore;
		};
		327C25DA2B79509100EA0E36 /* FirebaseFirestoreCombine-Community */ = {
			isa = XCSwiftPackageProductDependency;
			package = 327C25BF2B79509100EA0E36 /* XCRemoteSwiftPackageReference "firebase-ios-sdk" */;
			productName = "FirebaseFirestoreCombine-Community";
		};
		327C25DC2B79509100EA0E36 /* FirebaseFirestoreSwift */ = {
			isa = XCSwiftPackageProductDependency;
			package = 327C25BF2B79509100EA0E36 /* XCRemoteSwiftPackageReference "firebase-ios-sdk" */;
			productName = FirebaseFirestoreSwift;
		};
		327C25DE2B79509100EA0E36 /* FirebaseFunctions */ = {
			isa = XCSwiftPackageProductDependency;
			package = 327C25BF2B79509100EA0E36 /* XCRemoteSwiftPackageReference "firebase-ios-sdk" */;
			productName = FirebaseFunctions;
		};
		327C25E02B79509100EA0E36 /* FirebaseFunctionsCombine-Community */ = {
			isa = XCSwiftPackageProductDependency;
			package = 327C25BF2B79509100EA0E36 /* XCRemoteSwiftPackageReference "firebase-ios-sdk" */;
			productName = "FirebaseFunctionsCombine-Community";
		};
		327C25E22B79509100EA0E36 /* FirebaseInAppMessaging-Beta */ = {
			isa = XCSwiftPackageProductDependency;
			package = 327C25BF2B79509100EA0E36 /* XCRemoteSwiftPackageReference "firebase-ios-sdk" */;
			productName = "FirebaseInAppMessaging-Beta";
		};
		327C25E42B79509100EA0E36 /* FirebaseInAppMessagingSwift-Beta */ = {
			isa = XCSwiftPackageProductDependency;
			package = 327C25BF2B79509100EA0E36 /* XCRemoteSwiftPackageReference "firebase-ios-sdk" */;
			productName = "FirebaseInAppMessagingSwift-Beta";
		};
		327C25E62B79509100EA0E36 /* FirebaseInstallations */ = {
			isa = XCSwiftPackageProductDependency;
			package = 327C25BF2B79509100EA0E36 /* XCRemoteSwiftPackageReference "firebase-ios-sdk" */;
			productName = FirebaseInstallations;
		};
		327C25E82B79509100EA0E36 /* FirebaseMLModelDownloader */ = {
			isa = XCSwiftPackageProductDependency;
			package = 327C25BF2B79509100EA0E36 /* XCRemoteSwiftPackageReference "firebase-ios-sdk" */;
			productName = FirebaseMLModelDownloader;
		};
		327C25EA2B79509100EA0E36 /* FirebaseMessaging */ = {
			isa = XCSwiftPackageProductDependency;
			package = 327C25BF2B79509100EA0E36 /* XCRemoteSwiftPackageReference "firebase-ios-sdk" */;
			productName = FirebaseMessaging;
		};
		327C25EC2B79509100EA0E36 /* FirebasePerformance */ = {
			isa = XCSwiftPackageProductDependency;
			package = 327C25BF2B79509100EA0E36 /* XCRemoteSwiftPackageReference "firebase-ios-sdk" */;
			productName = FirebasePerformance;
		};
		327C25EE2B79509100EA0E36 /* FirebaseRemoteConfig */ = {
			isa = XCSwiftPackageProductDependency;
			package = 327C25BF2B79509100EA0E36 /* XCRemoteSwiftPackageReference "firebase-ios-sdk" */;
			productName = FirebaseRemoteConfig;
		};
		327C25F02B79509100EA0E36 /* FirebaseRemoteConfigSwift */ = {
			isa = XCSwiftPackageProductDependency;
			package = 327C25BF2B79509100EA0E36 /* XCRemoteSwiftPackageReference "firebase-ios-sdk" */;
			productName = FirebaseRemoteConfigSwift;
		};
		327C25F22B79509100EA0E36 /* FirebaseStorage */ = {
			isa = XCSwiftPackageProductDependency;
			package = 327C25BF2B79509100EA0E36 /* XCRemoteSwiftPackageReference "firebase-ios-sdk" */;
			productName = FirebaseStorage;
		};
		327C25F42B79509100EA0E36 /* FirebaseStorageCombine-Community */ = {
			isa = XCSwiftPackageProductDependency;
			package = 327C25BF2B79509100EA0E36 /* XCRemoteSwiftPackageReference "firebase-ios-sdk" */;
			productName = "FirebaseStorageCombine-Community";
		};
		49DB037D2C5661A600F0052E /* AlertToast */ = {
			isa = XCSwiftPackageProductDependency;
			package = 49DB037C2C5661A600F0052E /* XCRemoteSwiftPackageReference "AlertToast" */;
			productName = AlertToast;
		};
/* End XCSwiftPackageProductDependency section */

/* Begin XCVersionGroup section */
		32E2E0DF2AF80039009CA92E /* CleanerApp.xcdatamodeld */ = {
			isa = XCVersionGroup;
			children = (
				32E2E0E02AF80039009CA92E /* CleanerApp.xcdatamodel */,
			);
			currentVersion = 32E2E0E02AF80039009CA92E /* CleanerApp.xcdatamodel */;
			path = CleanerApp.xcdatamodeld;
			sourceTree = "<group>";
			versionGroupType = wrapper.xcdatamodel;
		};
/* End XCVersionGroup section */
	};
	rootObject = 32E2E0CB2AF80039009CA92E /* Project object */;
}
